
Microsoft Visual Studio Solution File, Format Version 12.00
# Visual Studio 15
VisualStudioVersion = 15.0.26323.1
MinimumVisualStudioVersion = 10.0.40219.1
Project("{FAE04EC0-301F-11D3-BF4B-00C04F79EFBC}") = "BitChangeSetManager.Core", "BitChangeSetManager.Core\BitChangeSetManager.Core.csproj", "{8C59E96D-90D4-4EAC-8AEB-325595242A82}"
EndProject
Project("{FAE04EC0-301F-11D3-BF4B-00C04F79EFBC}") = "BitChangeSetManager", "..\BitChangeSetManager\BitChangeSetManager.csproj", "{C2319E3E-7670-492B-BA7F-67B095367461}"
EndProject
Global
	GlobalSection(SolutionConfigurationPlatforms) = preSolution
		Debug|Any CPU = Debug|Any CPU
		Release|Any CPU = Release|Any CPU
	EndGlobalSection
	GlobalSection(ProjectConfigurationPlatforms) = postSolution
		{8C59E96D-90D4-4EAC-8AEB-325595242A82}.Debug|Any CPU.ActiveCfg = Debug|Any CPU
		{8C59E96D-90D4-4EAC-8AEB-325595242A82}.Debug|Any CPU.Build.0 = Debug|Any CPU
		{8C59E96D-90D4-4EAC-8AEB-325595242A82}.Release|Any CPU.ActiveCfg = Release|Any CPU
		{8C59E96D-90D4-4EAC-8AEB-325595242A82}.Release|Any CPU.Build.0 = Release|Any CPU
		{C2319E3E-7670-492B-BA7F-67B095367461}.Debug|Any CPU.ActiveCfg = Debug|Any CPU
		{C2319E3E-7670-492B-BA7F-67B095367461}.Debug|Any CPU.Build.0 = Debug|Any CPU
		{C2319E3E-7670-492B-BA7F-67B095367461}.Release|Any CPU.ActiveCfg = Release|Any CPU
		{C2319E3E-7670-492B-BA7F-67B095367461}.Release|Any CPU.Build.0 = Release|Any CPU
	EndGlobalSection
	GlobalSection(SolutionProperties) = preSolution
		HideSolutionNode = FALSE
	EndGlobalSection
EndGlobal
