{
  "name": "bit-ng1-test",
  "version": "0.0.1",
  "lockfileVersion": 2,
  "requires": true,
  "packages": {
    "": {
      "name": "bit-ng1-test",
      "version": "0.0.1",
      "license": "MIT",
      "dependencies": {
        "jasmine": "^3.10.0",
        "jasmine-jquery": "^2.1.1"
      },
      "devDependencies": {
        "@types/jasmine": "^3.10.2",
        "@types/jasmine-jquery": "^1.5.34"
      }
    },
    "node_modules/@types/jasmine": {
      "version": "3.10.2",
      "resolved": "https://registry.npmjs.org/@types/jasmine/-/jasmine-3.10.2.tgz",
      "integrity": "sha512-qs4xjVm4V/XjM6owGm/x6TNmhGl5iKX8dkTdsgdgl9oFnqgzxLepnS7rN9Tdo7kDmnFD/VEqKrW57cGD2odbEg==",
      "dev": true
    },
    "node_modules/@types/jasmine-jquery": {
      "version": "1.5.34",
      "resolved": "https://registry.npmjs.org/@types/jasmine-jquery/-/jasmine-jquery-1.5.34.tgz",
      "integrity": "sha512-PQpKqgzQa3nAtJb/zlBpWjagMtQK7xiAy6DsOhSla5lDAeBCvqyHfzBeTJ7YPDto0fernTSycPif8msdWH3Nlg==",
      "dev": true,
      "dependencies": {
        "@types/jasmine": "*",
        "@types/jquery": "*"
      }
    },
    "node_modules/@types/jquery": {
      "version": "3.5.9",
      "resolved": "https://registry.npmjs.org/@types/jquery/-/jquery-3.5.9.tgz",
      "integrity": "sha512-B8pDk+sH/tSv/HKdx6EQER6BfUOb2GtKs0LOmozziS4h7cbe8u/eYySfUAeTwD+J09SqV3man7AMWIA5mgzCBA==",
      "dev": true,
      "dependencies": {
        "@types/sizzle": "*"
      }
    },
    "node_modules/@types/sizzle": {
      "version": "2.3.3",
      "resolved": "https://registry.npmjs.org/@types/sizzle/-/sizzle-2.3.3.tgz",
      "integrity": "sha512-JYM8x9EGF163bEyhdJBpR2QX1R5naCJHC8ucJylJ3w9/CVBaskdQ8WqBf8MmQrd1kRvp/a4TS8HJ+bxzR7ZJYQ==",
      "dev": true
    },
    "node_modules/balanced-match": {
      "version": "1.0.2",
      "resolved": "https://registry.npmjs.org/balanced-match/-/balanced-match-1.0.2.tgz",
      "integrity": "sha512-3oSeUO0TMV67hN1AmbXsK4yaqU7tjiHlbxRDZOpH0KW9+CeX4bRAaX0Anxt0tx2MrpRpWwQaPwIlISEJhYU5Pw=="
    },
    "node_modules/brace-expansion": {
      "version": "1.1.11",
      "resolved": "https://registry.npmjs.org/brace-expansion/-/brace-expansion-1.1.11.tgz",
      "integrity": "sha512-iCuPHDFgrHX7H2vEI/5xpz07zSHB00TpugqhmYtVmMO6518mCuRMoOYFldEBl0g187ufozdaHgWKcYFb61qGiA==",
      "dependencies": {
        "balanced-match": "^1.0.0",
        "concat-map": "0.0.1"
      }
    },
    "node_modules/concat-map": {
      "version": "0.0.1",
      "resolved": "https://registry.npmjs.org/concat-map/-/concat-map-0.0.1.tgz",
      "integrity": "sha1-2Klr13/Wjfd5OnMDajug1UBdR3s="
    },
    "node_modules/fs.realpath": {
      "version": "1.0.0",
      "resolved": "https://registry.npmjs.org/fs.realpath/-/fs.realpath-1.0.0.tgz",
      "integrity": "sha1-FQStJSMVjKpA20onh8sBQRmU6k8="
    },
    "node_modules/glob": {
      "version": "7.2.0",
      "resolved": "https://registry.npmjs.org/glob/-/glob-7.2.0.tgz",
      "integrity": "sha512-lmLf6gtyrPq8tTjSmrO94wBeQbFR3HbLHbuyD69wuyQkImp2hWqMGB47OX65FBkPffO641IP9jWa1z4ivqG26Q==",
      "dependencies": {
        "fs.realpath": "^1.0.0",
        "inflight": "^1.0.4",
        "inherits": "2",
        "minimatch": "^3.0.4",
        "once": "^1.3.0",
        "path-is-absolute": "^1.0.0"
      },
      "engines": {
        "node": "*"
      },
      "funding": {
        "url": "https://github.com/sponsors/isaacs"
      }
    },
    "node_modules/inflight": {
      "version": "1.0.6",
      "resolved": "https://registry.npmjs.org/inflight/-/inflight-1.0.6.tgz",
      "integrity": "sha1-Sb1jMdfQLQwJvJEKEHW6gWW1bfk=",
      "dependencies": {
        "once": "^1.3.0",
        "wrappy": "1"
      }
    },
    "node_modules/inherits": {
      "version": "2.0.4",
      "resolved": "https://registry.npmjs.org/inherits/-/inherits-2.0.4.tgz",
      "integrity": "sha512-k/vGaX4/Yla3WzyMCvTQOXYeIHvqOKtnqBduzTHpzpQZzAskKMhZ2K+EnBiSM9zGSoIFeMpXKxa4dYeZIQqewQ=="
    },
    "node_modules/jasmine": {
      "version": "3.10.0",
      "resolved": "https://registry.npmjs.org/jasmine/-/jasmine-3.10.0.tgz",
      "integrity": "sha512-2Y42VsC+3CQCTzTwJezOvji4qLORmKIE0kwowWC+934Krn6ZXNQYljiwK5st9V3PVx96BSiDYXSB60VVah3IlQ==",
      "dependencies": {
        "glob": "^7.1.6",
        "jasmine-core": "~3.10.0"
      },
      "bin": {
        "jasmine": "bin/jasmine.js"
      }
    },
    "node_modules/jasmine-core": {
      "version": "3.10.1",
      "resolved": "https://registry.npmjs.org/jasmine-core/-/jasmine-core-3.10.1.tgz",
      "integrity": "sha512-ooZWSDVAdh79Rrj4/nnfklL3NQVra0BcuhcuWoAwwi+znLDoUeH87AFfeX8s+YeYi6xlv5nveRyaA1v7CintfA=="
    },
    "node_modules/jasmine-jquery": {
      "version": "2.1.1",
      "resolved": "https://registry.npmjs.org/jasmine-jquery/-/jasmine-jquery-2.1.1.tgz",
      "integrity": "sha1-1AleZGlEomdjI1dpqwGNnzDw1Hs="
    },
    "node_modules/minimatch": {
      "version": "3.0.4",
      "resolved": "https://registry.npmjs.org/minimatch/-/minimatch-3.0.4.tgz",
      "integrity": "sha512-yJHVQEhyqPLUTgt9B83PXu6W3rx4MvvHvSUvToogpwoGDOUQ+yDrR0HRot+yOCdCO7u4hX3pWft6kWBBcqh0UA==",
      "dependencies": {
        "brace-expansion": "^1.1.7"
      },
      "engines": {
        "node": "*"
      }
    },
    "node_modules/once": {
      "version": "1.4.0",
      "resolved": "https://registry.npmjs.org/once/-/once-1.4.0.tgz",
      "integrity": "sha1-WDsap3WWHUsROsF9nFC6753Xa9E=",
      "dependencies": {
        "wrappy": "1"
      }
    },
    "node_modules/path-is-absolute": {
      "version": "1.0.1",
      "resolved": "https://registry.npmjs.org/path-is-absolute/-/path-is-absolute-1.0.1.tgz",
      "integrity": "sha1-F0uSaHNVNP+8es5r9TpanhtcX18=",
      "engines": {
        "node": ">=0.10.0"
      }
    },
    "node_modules/wrappy": {
      "version": "1.0.2",
      "resolved": "https://registry.npmjs.org/wrappy/-/wrappy-1.0.2.tgz",
      "integrity": "sha1-tSQ9jz7BqjXxNkYFvA0QNuMKtp8="
    }
  },
  "dependencies": {
    "@types/jasmine": {
      "version": "3.10.2",
      "resolved": "https://registry.npmjs.org/@types/jasmine/-/jasmine-3.10.2.tgz",
      "integrity": "sha512-qs4xjVm4V/XjM6owGm/x6TNmhGl5iKX8dkTdsgdgl9oFnqgzxLepnS7rN9Tdo7kDmnFD/VEqKrW57cGD2odbEg==",
      "dev": true
    },
    "@types/jasmine-jquery": {
      "version": "1.5.34",
      "resolved": "https://registry.npmjs.org/@types/jasmine-jquery/-/jasmine-jquery-1.5.34.tgz",
      "integrity": "sha512-PQpKqgzQa3nAtJb/zlBpWjagMtQK7xiAy6DsOhSla5lDAeBCvqyHfzBeTJ7YPDto0fernTSycPif8msdWH3Nlg==",
      "dev": true,
      "requires": {
        "@types/jasmine": "*",
        "@types/jquery": "*"
      }
    },
    "@types/jquery": {
      "version": "3.5.9",
      "resolved": "https://registry.npmjs.org/@types/jquery/-/jquery-3.5.9.tgz",
      "integrity": "sha512-B8pDk+sH/tSv/HKdx6EQER6BfUOb2GtKs0LOmozziS4h7cbe8u/eYySfUAeTwD+J09SqV3man7AMWIA5mgzCBA==",
      "dev": true,
      "requires": {
        "@types/sizzle": "*"
      }
    },
    "@types/sizzle": {
      "version": "2.3.3",
      "resolved": "https://registry.npmjs.org/@types/sizzle/-/sizzle-2.3.3.tgz",
      "integrity": "sha512-JYM8x9EGF163bEyhdJBpR2QX1R5naCJHC8ucJylJ3w9/CVBaskdQ8WqBf8MmQrd1kRvp/a4TS8HJ+bxzR7ZJYQ==",
      "dev": true
    },
    "balanced-match": {
      "version": "1.0.2",
      "resolved": "https://registry.npmjs.org/balanced-match/-/balanced-match-1.0.2.tgz",
      "integrity": "sha512-3oSeUO0TMV67hN1AmbXsK4yaqU7tjiHlbxRDZOpH0KW9+CeX4bRAaX0Anxt0tx2MrpRpWwQaPwIlISEJhYU5Pw=="
    },
    "brace-expansion": {
      "version": "1.1.11",
      "resolved": "https://registry.npmjs.org/brace-expansion/-/brace-expansion-1.1.11.tgz",
      "integrity": "sha512-iCuPHDFgrHX7H2vEI/5xpz07zSHB00TpugqhmYtVmMO6518mCuRMoOYFldEBl0g187ufozdaHgWKcYFb61qGiA==",
      "requires": {
        "balanced-match": "^1.0.0",
        "concat-map": "0.0.1"
      }
    },
    "concat-map": {
      "version": "0.0.1",
      "resolved": "https://registry.npmjs.org/concat-map/-/concat-map-0.0.1.tgz",
      "integrity": "sha1-2Klr13/Wjfd5OnMDajug1UBdR3s="
    },
    "fs.realpath": {
      "version": "1.0.0",
      "resolved": "https://registry.npmjs.org/fs.realpath/-/fs.realpath-1.0.0.tgz",
      "integrity": "sha1-FQStJSMVjKpA20onh8sBQRmU6k8="
    },
    "glob": {
      "version": "7.2.0",
      "resolved": "https://registry.npmjs.org/glob/-/glob-7.2.0.tgz",
      "integrity": "sha512-lmLf6gtyrPq8tTjSmrO94wBeQbFR3HbLHbuyD69wuyQkImp2hWqMGB47OX65FBkPffO641IP9jWa1z4ivqG26Q==",
      "requires": {
        "fs.realpath": "^1.0.0",
        "inflight": "^1.0.4",
        "inherits": "2",
        "minimatch": "^3.0.4",
        "once": "^1.3.0",
        "path-is-absolute": "^1.0.0"
      }
    },
    "inflight": {
      "version": "1.0.6",
      "resolved": "https://registry.npmjs.org/inflight/-/inflight-1.0.6.tgz",
      "integrity": "sha1-Sb1jMdfQLQwJvJEKEHW6gWW1bfk=",
      "requires": {
        "once": "^1.3.0",
        "wrappy": "1"
      }
    },
    "inherits": {
      "version": "2.0.4",
      "resolved": "https://registry.npmjs.org/inherits/-/inherits-2.0.4.tgz",
      "integrity": "sha512-k/vGaX4/Yla3WzyMCvTQOXYeIHvqOKtnqBduzTHpzpQZzAskKMhZ2K+EnBiSM9zGSoIFeMpXKxa4dYeZIQqewQ=="
    },
    "jasmine": {
      "version": "3.10.0",
      "resolved": "https://registry.npmjs.org/jasmine/-/jasmine-3.10.0.tgz",
      "integrity": "sha512-2Y42VsC+3CQCTzTwJezOvji4qLORmKIE0kwowWC+934Krn6ZXNQYljiwK5st9V3PVx96BSiDYXSB60VVah3IlQ==",
      "requires": {
        "glob": "^7.1.6",
        "jasmine-core": "~3.10.0"
      }
    },
    "jasmine-core": {
      "version": "3.10.1",
      "resolved": "https://registry.npmjs.org/jasmine-core/-/jasmine-core-3.10.1.tgz",
      "integrity": "sha512-ooZWSDVAdh79Rrj4/nnfklL3NQVra0BcuhcuWoAwwi+znLDoUeH87AFfeX8s+YeYi6xlv5nveRyaA1v7CintfA=="
    },
    "jasmine-jquery": {
      "version": "2.1.1",
      "resolved": "https://registry.npmjs.org/jasmine-jquery/-/jasmine-jquery-2.1.1.tgz",
      "integrity": "sha1-1AleZGlEomdjI1dpqwGNnzDw1Hs="
    },
    "minimatch": {
      "version": "3.0.4",
      "resolved": "https://registry.npmjs.org/minimatch/-/minimatch-3.0.4.tgz",
      "integrity": "sha512-yJHVQEhyqPLUTgt9B83PXu6W3rx4MvvHvSUvToogpwoGDOUQ+yDrR0HRot+yOCdCO7u4hX3pWft6kWBBcqh0UA==",
      "requires": {
        "brace-expansion": "^1.1.7"
      }
    },
    "once": {
      "version": "1.4.0",
      "resolved": "https://registry.npmjs.org/once/-/once-1.4.0.tgz",
      "integrity": "sha1-WDsap3WWHUsROsF9nFC6753Xa9E=",
      "requires": {
        "wrappy": "1"
      }
    },
    "path-is-absolute": {
      "version": "1.0.1",
      "resolved": "https://registry.npmjs.org/path-is-absolute/-/path-is-absolute-1.0.1.tgz",
      "integrity": "sha1-F0uSaHNVNP+8es5r9TpanhtcX18="
    },
    "wrappy": {
      "version": "1.0.2",
      "resolved": "https://registry.npmjs.org/wrappy/-/wrappy-1.0.2.tgz",
      "integrity": "sha1-tSQ9jz7BqjXxNkYFvA0QNuMKtp8="
    }
  }
}
