{
  "name": "bit.ng.test",
  "requires": true,
  "lockfileVersion": 1,
  "dependencies": {
    "@types/angular": {
      "version": "1.6.49",
      "resolved": "https://registry.npmjs.org/@types/angular/-/angular-1.6.49.tgz",
      "integrity": "sha512-XR9i6dygixVFqMRIQCJAMdPNAJJXExSBapFiAdzyPfiGhmalDaqh/yo1VFOgFicuqlcKa6PEkNxEnUjsrxjqLQ==",
      "dev": true
    },
    "@types/angular-ui-router": {
      "version": "1.1.40",
      "resolved": "https://registry.npmjs.org/@types/angular-ui-router/-/angular-ui-router-1.1.40.tgz",
      "integrity": "sha512-4xMwNeSNrRHj2uaLAbeACVjgTCLCDHqwMQOKE0lq6MIXngVuvc0zucGKg2WYd4i+goxl9R3agH3w4qnEseIbxw==",
      "dev": true,
      "requires": {
        "@types/angular": "*"
      }
    },
    "@uirouter/angularjs": {
      "version": "1.0.28",
      "resolved": "https://registry.npmjs.org/@uirouter/angularjs/-/angularjs-1.0.28.tgz",
      "integrity": "sha512-PI9kgUjQu5ItRVUMvdp9j613IT6nCmFRlahTP2MiD4k1RJjY/RwIGzHI9pjuz7PAfdHvxAqGOZEOl6EjVmchyw==",
      "requires": {
        "@uirouter/core": "6.0.6"
      }
    },
    "@uirouter/core": {
      "version": "6.0.6",
      "resolved": "https://registry.npmjs.org/@uirouter/core/-/core-6.0.6.tgz",
      "integrity": "sha512-+i1iNaPQRp1JoEnxi4EsTX30bSvkWtPEenENWdvdIzX615Q3WCWwnbW9DtrwX9gSD5qmWEaQEtGMU0uF3qJ+1g=="
    }
  }
}
