{
  "name": "bit.ng.test",
  "requires": true,
  "lockfileVersion": 1,
  "dependencies": {
    "@types/angular": {
      "version": "1.6.49",
      "resolved": "https://registry.npmjs.org/@types/angular/-/angular-1.6.49.tgz",
      "integrity": "sha512-XR9i6dygixVFqMRIQCJAMdPNAJJXExSBapFiAdzyPfiGhmalDaqh/yo1VFOgFicuqlcKa6PEkNxEnUjsrxjqLQ==",
      "dev": true
    },
    "@types/angular-ui-router": {
      "version": "1.1.40",
      "resolved": "https://registry.npmjs.org/@types/angular-ui-router/-/angular-ui-router-1.1.40.tgz",
      "integrity": "sha512-4xMwNeSNrRHj2uaLAbeACVjgTCLCDHqwMQOKE0lq6MIXngVuvc0zucGKg2WYd4i+goxl9R3agH3w4qnEseIbxw==",
      "dev": true,
      "requires": {
        "@types/angular": "*"
      }
    },
    "@uirouter/angularjs": {
      "version": "1.0.25",
      "resolved": "https://registry.npmjs.org/@uirouter/angularjs/-/angularjs-1.0.25.tgz",
      "integrity": "sha512-kf9bxBhqa1ZUw0aDlz4H17VqAD30MVJY6HM7J628vDeNN9yZt7SDYpwqSrR3y6NBadZUPjaKsDoKsyQQSWArNA==",
      "requires": {
        "@uirouter/core": "6.0.4"
      }
    },
    "@uirouter/core": {
      "version": "6.0.4",
      "resolved": "https://registry.npmjs.org/@uirouter/core/-/core-6.0.4.tgz",
      "integrity": "sha512-TQ9XOzZY+jmWKkU4993MAEBIy7Bs3kijDzj+A6RHR8gq/3UoQm3Q/l1igfao5GZyBjid7eRVeipPK14ovCYQ3g=="
    }
  }
}
