{
  "name": "bit.ng.test",
  "requires": true,
  "lockfileVersion": 1,
  "dependencies": {
    "@types/angular": {
      "version": "1.6.49",
      "resolved": "https://registry.npmjs.org/@types/angular/-/angular-1.6.49.tgz",
      "integrity": "sha512-XR9i6dygixVFqMRIQCJAMdPNAJJXExSBapFiAdzyPfiGhmalDaqh/yo1VFOgFicuqlcKa6PEkNxEnUjsrxjqLQ==",
      "dev": true
    },
    "@types/angular-ui-router": {
      "version": "1.1.40",
      "resolved": "https://registry.npmjs.org/@types/angular-ui-router/-/angular-ui-router-1.1.40.tgz",
      "integrity": "sha512-4xMwNeSNrRHj2uaLAbeACVjgTCLCDHqwMQOKE0lq6MIXngVuvc0zucGKg2WYd4i+goxl9R3agH3w4qnEseIbxw==",
      "dev": true,
      "requires": {
        "@types/angular": "*"
      }
    },
    "@uirouter/angularjs": {
      "version": "1.0.26",
      "resolved": "https://registry.npmjs.org/@uirouter/angularjs/-/angularjs-1.0.26.tgz",
      "integrity": "sha512-90kS4j0cBk1rpipE/CFC+/cNpc32WHI5536oHsJzAOIDY1NoSmb5TMOISrJslg7sBGF56NEtGoRVf42gaACrfA==",
      "requires": {
        "@uirouter/core": "6.0.5"
      }
    },
    "@uirouter/core": {
      "version": "6.0.5",
      "resolved": "https://registry.npmjs.org/@uirouter/core/-/core-6.0.5.tgz",
      "integrity": "sha512-WN2HyELsxvqLaCMYCWojGW/QLRBgFBfwyERp5jC3Vn1njo/FLI5hplVqWMu6LIGp6Hpz3pbdtSaiFb1iY7iTVw=="
    }
  }
}
