
Microsoft Visual Studio Solution File, Format Version 12.00
# Visual Studio 15
VisualStudioVersion = 15.0.26430.6
MinimumVisualStudioVersion = 10.0.40219.1
Project("{2150E333-8FDC-42A3-9474-1A3956D46DE8}") = "HtmlClient", "HtmlClient", "{49DAF47E-EB5F-46D9-B242-B4BB6E88458A}"
EndProject
Project("{2150E333-8FDC-42A3-9474-1A3956D46DE8}") = "Server", "Server", "{C4390E9A-3483-45A8-9A3F-D8DBFF3A38DB}"
EndProject
Project("{2150E333-8FDC-42A3-9474-1A3956D46DE8}") = "Foundation", "Foundation", "{9F894310-8457-4102-9757-5D87B5D28568}"
EndProject
Project("{2150E333-8FDC-42A3-9474-1A3956D46DE8}") = "Other", "Other", "{3B9BD8FE-95D6-4720-9FA9-ACBED0C6363F}"
	ProjectSection(SolutionItems) = preProject
		BitConfigV1.json = BitConfigV1.json
	EndProjectSection
EndProject
Project("{2150E333-8FDC-42A3-9474-1A3956D46DE8}") = "IdentityServer", "IdentityServer", "{9B4F2346-8010-48FE-BC0E-90EC484B6785}"
EndProject
Project("{2150E333-8FDC-42A3-9474-1A3956D46DE8}") = "HtmlClient", "HtmlClient", "{D5D8F19D-195F-4542-B622-F8095EFFE7EA}"
EndProject
Project("{2150E333-8FDC-42A3-9474-1A3956D46DE8}") = "Server", "Server", "{94DC7011-6213-47E9-9B71-F6E02D3FEF8D}"
EndProject
Project("{FAE04EC0-301F-11D3-BF4B-00C04F79EFBC}") = "Foundation.Core.HtmlClient", "Foundation\HtmlClient\Foundation.Core.HtmlClient\Foundation.Core.HtmlClient.csproj", "{D20B6C94-EC2F-411E-A9C9-94EDBE707386}"
EndProject
Project("{FAE04EC0-301F-11D3-BF4B-00C04F79EFBC}") = "Foundation.View.HtmlClient", "Foundation\HtmlClient\Foundation.View.HtmlClient\Foundation.View.HtmlClient.csproj", "{AE47809D-E3CD-4D41-95CA-21013DFA26D5}"
EndProject
Project("{FAE04EC0-301F-11D3-BF4B-00C04F79EFBC}") = "Foundation.ViewModel.HtmlClient", "Foundation\HtmlClient\Foundation.ViewModel.HtmlClient\Foundation.ViewModel.HtmlClient.csproj", "{01A5615C-93C5-4F3E-9DCB-00145970B0F8}"
EndProject
Project("{FAE04EC0-301F-11D3-BF4B-00C04F79EFBC}") = "Foundation.Test", "Foundation\Server\Foundation.Test\Foundation.Test.csproj", "{94B6AC28-3FE0-4126-9397-B7158C92D35C}"
EndProject
Project("{FAE04EC0-301F-11D3-BF4B-00C04F79EFBC}") = "Foundation.Test.HtmlClient", "Foundation\HtmlClient\Foundation.Test.HtmlClient\Foundation.Test.HtmlClient.csproj", "{374B1FA9-E2F6-4393-9926-89E6D6AEC0FD}"
EndProject
Project("{FAE04EC0-301F-11D3-BF4B-00C04F79EFBC}") = "Foundation.Test.Core.HtmlClient", "Foundation\HtmlClient\Foundation.Test.Core.HtmlClient\Foundation.Test.Core.HtmlClient.csproj", "{7DF0F6FB-4D09-49DE-B821-E67EEE985476}"
EndProject
Project("{9A19103F-16F7-4668-BE54-9A1E7A4F7556}") = "Foundation.AspNetCore.Test", "Foundation\Server\Foundation.AspNetCore.Test\Foundation.AspNetCore.Test.csproj", "{CF58298B-7A2C-4F88-9FC4-F97B13EA150C}"
EndProject
Project("{FAE04EC0-301F-11D3-BF4B-00C04F79EFBC}") = "Foundation.Test.Core", "Foundation\Server\Foundation.Test.Core\Foundation.Test.Core.csproj", "{B0CCC9C9-822D-480B-AD8E-2C9B0A892C64}"
EndProject
Project("{FAE04EC0-301F-11D3-BF4B-00C04F79EFBC}") = "Bit.Core", "Foundation\Server\Bit.Core\Bit.Core.csproj", "{FCDA72A2-D377-4AA1-A8C5-E6C6805BCB64}"
EndProject
Project("{FAE04EC0-301F-11D3-BF4B-00C04F79EFBC}") = "Bit.Model", "Foundation\Server\Bit.Model\Bit.Model.csproj", "{5FAC42F7-1179-440D-8BE0-FFD364639943}"
EndProject
Project("{FAE04EC0-301F-11D3-BF4B-00C04F79EFBC}") = "Bit.Data", "Foundation\Server\Bit.Data\Bit.Data.csproj", "{722D443E-450D-4C7B-94CF-AC8C553DD8FF}"
EndProject
Project("{FAE04EC0-301F-11D3-BF4B-00C04F79EFBC}") = "Bit.Data.EntityFrameworkCore", "Foundation\Server\Bit.Data.EntityFrameworkCore\Bit.Data.EntityFrameworkCore.csproj", "{795411D0-0471-47EA-B461-5A5235752C5A}"
EndProject
Project("{FAE04EC0-301F-11D3-BF4B-00C04F79EFBC}") = "Bit.Data.EntityFramework", "Foundation\Server\Bit.Data.EntityFramework\Bit.Data.EntityFramework.csproj", "{86A1F761-36F3-4038-977D-1EA0ACE29D7C}"
EndProject
Project("{FAE04EC0-301F-11D3-BF4B-00C04F79EFBC}") = "IdentityServer.HtmlClient", "IdentityServer\HtmlClient\IdentityServer.HtmlClient\IdentityServer.HtmlClient.csproj", "{E710AF9C-6DE6-4ADE-8B11-4B793880BFA9}"
EndProject
Project("{FAE04EC0-301F-11D3-BF4B-00C04F79EFBC}") = "IdentityServer.HtmlClient.Tests", "IdentityServer\HtmlClient\IdentityServer.HtmlClient.Tests\IdentityServer.HtmlClient.Tests.csproj", "{37D069D0-CB84-46FE-928C-900AB533E35D}"
EndProject
Project("{FAE04EC0-301F-11D3-BF4B-00C04F79EFBC}") = "IdentityServer.Test", "IdentityServer\Server\IdentityServer.Test\IdentityServer.Test.csproj", "{1F25DB73-28D3-4493-BEC1-DF69813B224A}"
EndProject
Project("{FAE04EC0-301F-11D3-BF4B-00C04F79EFBC}") = "Bit.Owin", "Foundation\Server\Bit.Owin\Bit.Owin.csproj", "{3556C2A2-58BB-4BF6-938B-CAD6A8F053F7}"
EndProject
Project("{FAE04EC0-301F-11D3-BF4B-00C04F79EFBC}") = "Bit.Signalr", "Foundation\Server\Bit.Signalr\Bit.Signalr.csproj", "{6F4EA6B3-BCC9-4137-8ABE-2B4847C530BE}"
EndProject
Project("{FAE04EC0-301F-11D3-BF4B-00C04F79EFBC}") = "Bit.Api", "Foundation\Server\Bit.Api\Bit.Api.csproj", "{05A90AF8-A22C-480C-865F-DB46B3A65699}"
EndProject
Project("{FAE04EC0-301F-11D3-BF4B-00C04F79EFBC}") = "Bit.Hangfire", "Foundation\Server\Bit.Hangfire\Bit.Hangfire.csproj", "{91908A6F-D4F7-4AC0-B7DD-81546F421D16}"
EndProject
Project("{FAE04EC0-301F-11D3-BF4B-00C04F79EFBC}") = "Bit.IdentityServer", "Foundation\Server\Bit.IdentityServer\Bit.IdentityServer.csproj", "{69C7E331-607C-447C-8029-778A11901ABA}"
EndProject
Project("{FAE04EC0-301F-11D3-BF4B-00C04F79EFBC}") = "Bit.OwinCore", "Foundation\Server\Bit.OwinCore\Bit.OwinCore.csproj", "{54059991-4B49-46AB-90FC-33C145860FC4}"
EndProject
Global
	GlobalSection(SolutionConfigurationPlatforms) = preSolution
		Debug|Any CPU = Debug|Any CPU
		Debug|x64 = Debug|x64
		Release|Any CPU = Release|Any CPU
		Release|x64 = Release|x64
	EndGlobalSection
	GlobalSection(ProjectConfigurationPlatforms) = postSolution
		{D20B6C94-EC2F-411E-A9C9-94EDBE707386}.Debug|Any CPU.ActiveCfg = Debug|Any CPU
		{D20B6C94-EC2F-411E-A9C9-94EDBE707386}.Debug|Any CPU.Build.0 = Debug|Any CPU
		{D20B6C94-EC2F-411E-A9C9-94EDBE707386}.Debug|x64.ActiveCfg = Debug|Any CPU
		{D20B6C94-EC2F-411E-A9C9-94EDBE707386}.Debug|x64.Build.0 = Debug|Any CPU
		{D20B6C94-EC2F-411E-A9C9-94EDBE707386}.Release|Any CPU.ActiveCfg = Release|Any CPU
		{D20B6C94-EC2F-411E-A9C9-94EDBE707386}.Release|Any CPU.Build.0 = Release|Any CPU
		{D20B6C94-EC2F-411E-A9C9-94EDBE707386}.Release|x64.ActiveCfg = Release|Any CPU
		{D20B6C94-EC2F-411E-A9C9-94EDBE707386}.Release|x64.Build.0 = Release|Any CPU
		{AE47809D-E3CD-4D41-95CA-21013DFA26D5}.Debug|Any CPU.ActiveCfg = Debug|Any CPU
		{AE47809D-E3CD-4D41-95CA-21013DFA26D5}.Debug|Any CPU.Build.0 = Debug|Any CPU
		{AE47809D-E3CD-4D41-95CA-21013DFA26D5}.Debug|x64.ActiveCfg = Debug|Any CPU
		{AE47809D-E3CD-4D41-95CA-21013DFA26D5}.Debug|x64.Build.0 = Debug|Any CPU
		{AE47809D-E3CD-4D41-95CA-21013DFA26D5}.Release|Any CPU.ActiveCfg = Release|Any CPU
		{AE47809D-E3CD-4D41-95CA-21013DFA26D5}.Release|Any CPU.Build.0 = Release|Any CPU
		{AE47809D-E3CD-4D41-95CA-21013DFA26D5}.Release|x64.ActiveCfg = Release|Any CPU
		{AE47809D-E3CD-4D41-95CA-21013DFA26D5}.Release|x64.Build.0 = Release|Any CPU
		{01A5615C-93C5-4F3E-9DCB-00145970B0F8}.Debug|Any CPU.ActiveCfg = Debug|Any CPU
		{01A5615C-93C5-4F3E-9DCB-00145970B0F8}.Debug|Any CPU.Build.0 = Debug|Any CPU
		{01A5615C-93C5-4F3E-9DCB-00145970B0F8}.Debug|x64.ActiveCfg = Debug|Any CPU
		{01A5615C-93C5-4F3E-9DCB-00145970B0F8}.Debug|x64.Build.0 = Debug|Any CPU
		{01A5615C-93C5-4F3E-9DCB-00145970B0F8}.Release|Any CPU.ActiveCfg = Release|Any CPU
		{01A5615C-93C5-4F3E-9DCB-00145970B0F8}.Release|Any CPU.Build.0 = Release|Any CPU
		{01A5615C-93C5-4F3E-9DCB-00145970B0F8}.Release|x64.ActiveCfg = Release|Any CPU
		{01A5615C-93C5-4F3E-9DCB-00145970B0F8}.Release|x64.Build.0 = Release|Any CPU
		{94B6AC28-3FE0-4126-9397-B7158C92D35C}.Debug|Any CPU.ActiveCfg = Debug|Any CPU
		{94B6AC28-3FE0-4126-9397-B7158C92D35C}.Debug|Any CPU.Build.0 = Debug|Any CPU
		{94B6AC28-3FE0-4126-9397-B7158C92D35C}.Debug|x64.ActiveCfg = Debug|x64
		{94B6AC28-3FE0-4126-9397-B7158C92D35C}.Debug|x64.Build.0 = Debug|x64
		{94B6AC28-3FE0-4126-9397-B7158C92D35C}.Release|Any CPU.ActiveCfg = Release|Any CPU
		{94B6AC28-3FE0-4126-9397-B7158C92D35C}.Release|Any CPU.Build.0 = Release|Any CPU
		{94B6AC28-3FE0-4126-9397-B7158C92D35C}.Release|x64.ActiveCfg = Release|x64
		{94B6AC28-3FE0-4126-9397-B7158C92D35C}.Release|x64.Build.0 = Release|x64
		{374B1FA9-E2F6-4393-9926-89E6D6AEC0FD}.Debug|Any CPU.ActiveCfg = Debug|Any CPU
		{374B1FA9-E2F6-4393-9926-89E6D6AEC0FD}.Debug|Any CPU.Build.0 = Debug|Any CPU
		{374B1FA9-E2F6-4393-9926-89E6D6AEC0FD}.Debug|x64.ActiveCfg = Debug|Any CPU
		{374B1FA9-E2F6-4393-9926-89E6D6AEC0FD}.Debug|x64.Build.0 = Debug|Any CPU
		{374B1FA9-E2F6-4393-9926-89E6D6AEC0FD}.Release|Any CPU.ActiveCfg = Release|Any CPU
		{374B1FA9-E2F6-4393-9926-89E6D6AEC0FD}.Release|Any CPU.Build.0 = Release|Any CPU
		{374B1FA9-E2F6-4393-9926-89E6D6AEC0FD}.Release|x64.ActiveCfg = Release|Any CPU
		{374B1FA9-E2F6-4393-9926-89E6D6AEC0FD}.Release|x64.Build.0 = Release|Any CPU
		{7DF0F6FB-4D09-49DE-B821-E67EEE985476}.Debug|Any CPU.ActiveCfg = Debug|Any CPU
		{7DF0F6FB-4D09-49DE-B821-E67EEE985476}.Debug|Any CPU.Build.0 = Debug|Any CPU
		{7DF0F6FB-4D09-49DE-B821-E67EEE985476}.Debug|x64.ActiveCfg = Debug|Any CPU
		{7DF0F6FB-4D09-49DE-B821-E67EEE985476}.Debug|x64.Build.0 = Debug|Any CPU
		{7DF0F6FB-4D09-49DE-B821-E67EEE985476}.Release|Any CPU.ActiveCfg = Release|Any CPU
		{7DF0F6FB-4D09-49DE-B821-E67EEE985476}.Release|Any CPU.Build.0 = Release|Any CPU
		{7DF0F6FB-4D09-49DE-B821-E67EEE985476}.Release|x64.ActiveCfg = Release|Any CPU
		{7DF0F6FB-4D09-49DE-B821-E67EEE985476}.Release|x64.Build.0 = Release|Any CPU
		{CF58298B-7A2C-4F88-9FC4-F97B13EA150C}.Debug|Any CPU.ActiveCfg = Debug|Any CPU
		{CF58298B-7A2C-4F88-9FC4-F97B13EA150C}.Debug|Any CPU.Build.0 = Debug|Any CPU
		{CF58298B-7A2C-4F88-9FC4-F97B13EA150C}.Debug|x64.ActiveCfg = Debug|Any CPU
		{CF58298B-7A2C-4F88-9FC4-F97B13EA150C}.Debug|x64.Build.0 = Debug|Any CPU
		{CF58298B-7A2C-4F88-9FC4-F97B13EA150C}.Release|Any CPU.ActiveCfg = Release|Any CPU
		{CF58298B-7A2C-4F88-9FC4-F97B13EA150C}.Release|Any CPU.Build.0 = Release|Any CPU
		{CF58298B-7A2C-4F88-9FC4-F97B13EA150C}.Release|x64.ActiveCfg = Release|Any CPU
		{CF58298B-7A2C-4F88-9FC4-F97B13EA150C}.Release|x64.Build.0 = Release|Any CPU
		{B0CCC9C9-822D-480B-AD8E-2C9B0A892C64}.Debug|Any CPU.ActiveCfg = Debug|Any CPU
		{B0CCC9C9-822D-480B-AD8E-2C9B0A892C64}.Debug|Any CPU.Build.0 = Debug|Any CPU
		{B0CCC9C9-822D-480B-AD8E-2C9B0A892C64}.Debug|x64.ActiveCfg = Debug|Any CPU
		{B0CCC9C9-822D-480B-AD8E-2C9B0A892C64}.Debug|x64.Build.0 = Debug|Any CPU
		{B0CCC9C9-822D-480B-AD8E-2C9B0A892C64}.Release|Any CPU.ActiveCfg = Release|Any CPU
		{B0CCC9C9-822D-480B-AD8E-2C9B0A892C64}.Release|Any CPU.Build.0 = Release|Any CPU
		{B0CCC9C9-822D-480B-AD8E-2C9B0A892C64}.Release|x64.ActiveCfg = Release|Any CPU
		{B0CCC9C9-822D-480B-AD8E-2C9B0A892C64}.Release|x64.Build.0 = Release|Any CPU
		{FCDA72A2-D377-4AA1-A8C5-E6C6805BCB64}.Debug|Any CPU.ActiveCfg = Debug|Any CPU
		{FCDA72A2-D377-4AA1-A8C5-E6C6805BCB64}.Debug|Any CPU.Build.0 = Debug|Any CPU
		{FCDA72A2-D377-4AA1-A8C5-E6C6805BCB64}.Debug|x64.ActiveCfg = Debug|Any CPU
		{FCDA72A2-D377-4AA1-A8C5-E6C6805BCB64}.Debug|x64.Build.0 = Debug|Any CPU
		{FCDA72A2-D377-4AA1-A8C5-E6C6805BCB64}.Release|Any CPU.ActiveCfg = Release|Any CPU
		{FCDA72A2-D377-4AA1-A8C5-E6C6805BCB64}.Release|Any CPU.Build.0 = Release|Any CPU
		{FCDA72A2-D377-4AA1-A8C5-E6C6805BCB64}.Release|x64.ActiveCfg = Release|Any CPU
		{FCDA72A2-D377-4AA1-A8C5-E6C6805BCB64}.Release|x64.Build.0 = Release|Any CPU
		{5FAC42F7-1179-440D-8BE0-FFD364639943}.Debug|Any CPU.ActiveCfg = Debug|Any CPU
		{5FAC42F7-1179-440D-8BE0-FFD364639943}.Debug|Any CPU.Build.0 = Debug|Any CPU
		{5FAC42F7-1179-440D-8BE0-FFD364639943}.Debug|x64.ActiveCfg = Debug|Any CPU
		{5FAC42F7-1179-440D-8BE0-FFD364639943}.Debug|x64.Build.0 = Debug|Any CPU
		{5FAC42F7-1179-440D-8BE0-FFD364639943}.Release|Any CPU.ActiveCfg = Release|Any CPU
		{5FAC42F7-1179-440D-8BE0-FFD364639943}.Release|Any CPU.Build.0 = Release|Any CPU
		{5FAC42F7-1179-440D-8BE0-FFD364639943}.Release|x64.ActiveCfg = Release|Any CPU
		{5FAC42F7-1179-440D-8BE0-FFD364639943}.Release|x64.Build.0 = Release|Any CPU
		{722D443E-450D-4C7B-94CF-AC8C553DD8FF}.Debug|Any CPU.ActiveCfg = Debug|Any CPU
		{722D443E-450D-4C7B-94CF-AC8C553DD8FF}.Debug|Any CPU.Build.0 = Debug|Any CPU
		{722D443E-450D-4C7B-94CF-AC8C553DD8FF}.Debug|x64.ActiveCfg = Debug|Any CPU
		{722D443E-450D-4C7B-94CF-AC8C553DD8FF}.Debug|x64.Build.0 = Debug|Any CPU
		{722D443E-450D-4C7B-94CF-AC8C553DD8FF}.Release|Any CPU.ActiveCfg = Release|Any CPU
		{722D443E-450D-4C7B-94CF-AC8C553DD8FF}.Release|Any CPU.Build.0 = Release|Any CPU
		{722D443E-450D-4C7B-94CF-AC8C553DD8FF}.Release|x64.ActiveCfg = Release|Any CPU
		{722D443E-450D-4C7B-94CF-AC8C553DD8FF}.Release|x64.Build.0 = Release|Any CPU
		{795411D0-0471-47EA-B461-5A5235752C5A}.Debug|Any CPU.ActiveCfg = Debug|Any CPU
		{795411D0-0471-47EA-B461-5A5235752C5A}.Debug|Any CPU.Build.0 = Debug|Any CPU
		{795411D0-0471-47EA-B461-5A5235752C5A}.Debug|x64.ActiveCfg = Debug|Any CPU
		{795411D0-0471-47EA-B461-5A5235752C5A}.Debug|x64.Build.0 = Debug|Any CPU
		{795411D0-0471-47EA-B461-5A5235752C5A}.Release|Any CPU.ActiveCfg = Release|Any CPU
		{795411D0-0471-47EA-B461-5A5235752C5A}.Release|Any CPU.Build.0 = Release|Any CPU
		{795411D0-0471-47EA-B461-5A5235752C5A}.Release|x64.ActiveCfg = Release|Any CPU
		{795411D0-0471-47EA-B461-5A5235752C5A}.Release|x64.Build.0 = Release|Any CPU
		{86A1F761-36F3-4038-977D-1EA0ACE29D7C}.Debug|Any CPU.ActiveCfg = Debug|Any CPU
		{86A1F761-36F3-4038-977D-1EA0ACE29D7C}.Debug|Any CPU.Build.0 = Debug|Any CPU
		{86A1F761-36F3-4038-977D-1EA0ACE29D7C}.Debug|x64.ActiveCfg = Debug|Any CPU
		{86A1F761-36F3-4038-977D-1EA0ACE29D7C}.Debug|x64.Build.0 = Debug|Any CPU
		{86A1F761-36F3-4038-977D-1EA0ACE29D7C}.Release|Any CPU.ActiveCfg = Release|Any CPU
		{86A1F761-36F3-4038-977D-1EA0ACE29D7C}.Release|Any CPU.Build.0 = Release|Any CPU
		{86A1F761-36F3-4038-977D-1EA0ACE29D7C}.Release|x64.ActiveCfg = Release|Any CPU
		{86A1F761-36F3-4038-977D-1EA0ACE29D7C}.Release|x64.Build.0 = Release|Any CPU
		{E710AF9C-6DE6-4ADE-8B11-4B793880BFA9}.Debug|Any CPU.ActiveCfg = Debug|Any CPU
		{E710AF9C-6DE6-4ADE-8B11-4B793880BFA9}.Debug|Any CPU.Build.0 = Debug|Any CPU
		{E710AF9C-6DE6-4ADE-8B11-4B793880BFA9}.Debug|x64.ActiveCfg = Debug|Any CPU
		{E710AF9C-6DE6-4ADE-8B11-4B793880BFA9}.Debug|x64.Build.0 = Debug|Any CPU
		{E710AF9C-6DE6-4ADE-8B11-4B793880BFA9}.Release|Any CPU.ActiveCfg = Release|Any CPU
		{E710AF9C-6DE6-4ADE-8B11-4B793880BFA9}.Release|Any CPU.Build.0 = Release|Any CPU
		{E710AF9C-6DE6-4ADE-8B11-4B793880BFA9}.Release|x64.ActiveCfg = Release|Any CPU
		{E710AF9C-6DE6-4ADE-8B11-4B793880BFA9}.Release|x64.Build.0 = Release|Any CPU
		{37D069D0-CB84-46FE-928C-900AB533E35D}.Debug|Any CPU.ActiveCfg = Debug|Any CPU
		{37D069D0-CB84-46FE-928C-900AB533E35D}.Debug|Any CPU.Build.0 = Debug|Any CPU
		{37D069D0-CB84-46FE-928C-900AB533E35D}.Debug|x64.ActiveCfg = Debug|Any CPU
		{37D069D0-CB84-46FE-928C-900AB533E35D}.Debug|x64.Build.0 = Debug|Any CPU
		{37D069D0-CB84-46FE-928C-900AB533E35D}.Release|Any CPU.ActiveCfg = Release|Any CPU
		{37D069D0-CB84-46FE-928C-900AB533E35D}.Release|Any CPU.Build.0 = Release|Any CPU
		{37D069D0-CB84-46FE-928C-900AB533E35D}.Release|x64.ActiveCfg = Release|Any CPU
		{37D069D0-CB84-46FE-928C-900AB533E35D}.Release|x64.Build.0 = Release|Any CPU
		{1F25DB73-28D3-4493-BEC1-DF69813B224A}.Debug|Any CPU.ActiveCfg = Debug|Any CPU
		{1F25DB73-28D3-4493-BEC1-DF69813B224A}.Debug|Any CPU.Build.0 = Debug|Any CPU
		{1F25DB73-28D3-4493-BEC1-DF69813B224A}.Debug|x64.ActiveCfg = Debug|x64
		{1F25DB73-28D3-4493-BEC1-DF69813B224A}.Debug|x64.Build.0 = Debug|x64
		{1F25DB73-28D3-4493-BEC1-DF69813B224A}.Release|Any CPU.ActiveCfg = Release|Any CPU
		{1F25DB73-28D3-4493-BEC1-DF69813B224A}.Release|Any CPU.Build.0 = Release|Any CPU
		{1F25DB73-28D3-4493-BEC1-DF69813B224A}.Release|x64.ActiveCfg = Release|x64
		{1F25DB73-28D3-4493-BEC1-DF69813B224A}.Release|x64.Build.0 = Release|x64
		{3556C2A2-58BB-4BF6-938B-CAD6A8F053F7}.Debug|Any CPU.ActiveCfg = Debug|Any CPU
		{3556C2A2-58BB-4BF6-938B-CAD6A8F053F7}.Debug|Any CPU.Build.0 = Debug|Any CPU
		{3556C2A2-58BB-4BF6-938B-CAD6A8F053F7}.Debug|x64.ActiveCfg = Debug|Any CPU
		{3556C2A2-58BB-4BF6-938B-CAD6A8F053F7}.Debug|x64.Build.0 = Debug|Any CPU
		{3556C2A2-58BB-4BF6-938B-CAD6A8F053F7}.Release|Any CPU.ActiveCfg = Release|Any CPU
		{3556C2A2-58BB-4BF6-938B-CAD6A8F053F7}.Release|Any CPU.Build.0 = Release|Any CPU
		{3556C2A2-58BB-4BF6-938B-CAD6A8F053F7}.Release|x64.ActiveCfg = Release|Any CPU
		{3556C2A2-58BB-4BF6-938B-CAD6A8F053F7}.Release|x64.Build.0 = Release|Any CPU
		{6F4EA6B3-BCC9-4137-8ABE-2B4847C530BE}.Debug|Any CPU.ActiveCfg = Debug|Any CPU
		{6F4EA6B3-BCC9-4137-8ABE-2B4847C530BE}.Debug|Any CPU.Build.0 = Debug|Any CPU
		{6F4EA6B3-BCC9-4137-8ABE-2B4847C530BE}.Debug|x64.ActiveCfg = Debug|Any CPU
		{6F4EA6B3-BCC9-4137-8ABE-2B4847C530BE}.Debug|x64.Build.0 = Debug|Any CPU
		{6F4EA6B3-BCC9-4137-8ABE-2B4847C530BE}.Release|Any CPU.ActiveCfg = Release|Any CPU
		{6F4EA6B3-BCC9-4137-8ABE-2B4847C530BE}.Release|Any CPU.Build.0 = Release|Any CPU
		{6F4EA6B3-BCC9-4137-8ABE-2B4847C530BE}.Release|x64.ActiveCfg = Release|Any CPU
		{6F4EA6B3-BCC9-4137-8ABE-2B4847C530BE}.Release|x64.Build.0 = Release|Any CPU
		{05A90AF8-A22C-480C-865F-DB46B3A65699}.Debug|Any CPU.ActiveCfg = Debug|Any CPU
		{05A90AF8-A22C-480C-865F-DB46B3A65699}.Debug|Any CPU.Build.0 = Debug|Any CPU
		{05A90AF8-A22C-480C-865F-DB46B3A65699}.Debug|x64.ActiveCfg = Debug|Any CPU
		{05A90AF8-A22C-480C-865F-DB46B3A65699}.Debug|x64.Build.0 = Debug|Any CPU
		{05A90AF8-A22C-480C-865F-DB46B3A65699}.Release|Any CPU.ActiveCfg = Release|Any CPU
		{05A90AF8-A22C-480C-865F-DB46B3A65699}.Release|Any CPU.Build.0 = Release|Any CPU
		{05A90AF8-A22C-480C-865F-DB46B3A65699}.Release|x64.ActiveCfg = Release|Any CPU
		{05A90AF8-A22C-480C-865F-DB46B3A65699}.Release|x64.Build.0 = Release|Any CPU
		{91908A6F-D4F7-4AC0-B7DD-81546F421D16}.Debug|Any CPU.ActiveCfg = Debug|Any CPU
		{91908A6F-D4F7-4AC0-B7DD-81546F421D16}.Debug|Any CPU.Build.0 = Debug|Any CPU
		{91908A6F-D4F7-4AC0-B7DD-81546F421D16}.Debug|x64.ActiveCfg = Debug|Any CPU
		{91908A6F-D4F7-4AC0-B7DD-81546F421D16}.Debug|x64.Build.0 = Debug|Any CPU
		{91908A6F-D4F7-4AC0-B7DD-81546F421D16}.Release|Any CPU.ActiveCfg = Release|Any CPU
		{91908A6F-D4F7-4AC0-B7DD-81546F421D16}.Release|Any CPU.Build.0 = Release|Any CPU
		{91908A6F-D4F7-4AC0-B7DD-81546F421D16}.Release|x64.ActiveCfg = Release|Any CPU
		{91908A6F-D4F7-4AC0-B7DD-81546F421D16}.Release|x64.Build.0 = Release|Any CPU
		{69C7E331-607C-447C-8029-778A11901ABA}.Debug|Any CPU.ActiveCfg = Debug|Any CPU
		{69C7E331-607C-447C-8029-778A11901ABA}.Debug|Any CPU.Build.0 = Debug|Any CPU
		{69C7E331-607C-447C-8029-778A11901ABA}.Debug|x64.ActiveCfg = Debug|Any CPU
		{69C7E331-607C-447C-8029-778A11901ABA}.Debug|x64.Build.0 = Debug|Any CPU
		{69C7E331-607C-447C-8029-778A11901ABA}.Release|Any CPU.ActiveCfg = Release|Any CPU
		{69C7E331-607C-447C-8029-778A11901ABA}.Release|Any CPU.Build.0 = Release|Any CPU
		{69C7E331-607C-447C-8029-778A11901ABA}.Release|x64.ActiveCfg = Release|Any CPU
		{69C7E331-607C-447C-8029-778A11901ABA}.Release|x64.Build.0 = Release|Any CPU
		{54059991-4B49-46AB-90FC-33C145860FC4}.Debug|Any CPU.ActiveCfg = Debug|Any CPU
		{54059991-4B49-46AB-90FC-33C145860FC4}.Debug|Any CPU.Build.0 = Debug|Any CPU
		{54059991-4B49-46AB-90FC-33C145860FC4}.Debug|x64.ActiveCfg = Debug|Any CPU
		{54059991-4B49-46AB-90FC-33C145860FC4}.Debug|x64.Build.0 = Debug|Any CPU
		{54059991-4B49-46AB-90FC-33C145860FC4}.Release|Any CPU.ActiveCfg = Release|Any CPU
		{54059991-4B49-46AB-90FC-33C145860FC4}.Release|Any CPU.Build.0 = Release|Any CPU
		{54059991-4B49-46AB-90FC-33C145860FC4}.Release|x64.ActiveCfg = Release|Any CPU
		{54059991-4B49-46AB-90FC-33C145860FC4}.Release|x64.Build.0 = Release|Any CPU
	EndGlobalSection
	GlobalSection(SolutionProperties) = preSolution
		HideSolutionNode = FALSE
	EndGlobalSection
	GlobalSection(NestedProjects) = preSolution
		{49DAF47E-EB5F-46D9-B242-B4BB6E88458A} = {9F894310-8457-4102-9757-5D87B5D28568}
		{C4390E9A-3483-45A8-9A3F-D8DBFF3A38DB} = {9F894310-8457-4102-9757-5D87B5D28568}
		{D5D8F19D-195F-4542-B622-F8095EFFE7EA} = {9B4F2346-8010-48FE-BC0E-90EC484B6785}
		{94DC7011-6213-47E9-9B71-F6E02D3FEF8D} = {9B4F2346-8010-48FE-BC0E-90EC484B6785}
		{D20B6C94-EC2F-411E-A9C9-94EDBE707386} = {49DAF47E-EB5F-46D9-B242-B4BB6E88458A}
		{AE47809D-E3CD-4D41-95CA-21013DFA26D5} = {49DAF47E-EB5F-46D9-B242-B4BB6E88458A}
		{01A5615C-93C5-4F3E-9DCB-00145970B0F8} = {49DAF47E-EB5F-46D9-B242-B4BB6E88458A}
		{94B6AC28-3FE0-4126-9397-B7158C92D35C} = {C4390E9A-3483-45A8-9A3F-D8DBFF3A38DB}
		{374B1FA9-E2F6-4393-9926-89E6D6AEC0FD} = {49DAF47E-EB5F-46D9-B242-B4BB6E88458A}
		{7DF0F6FB-4D09-49DE-B821-E67EEE985476} = {49DAF47E-EB5F-46D9-B242-B4BB6E88458A}
		{CF58298B-7A2C-4F88-9FC4-F97B13EA150C} = {C4390E9A-3483-45A8-9A3F-D8DBFF3A38DB}
		{B0CCC9C9-822D-480B-AD8E-2C9B0A892C64} = {C4390E9A-3483-45A8-9A3F-D8DBFF3A38DB}
		{FCDA72A2-D377-4AA1-A8C5-E6C6805BCB64} = {C4390E9A-3483-45A8-9A3F-D8DBFF3A38DB}
		{5FAC42F7-1179-440D-8BE0-FFD364639943} = {C4390E9A-3483-45A8-9A3F-D8DBFF3A38DB}
		{722D443E-450D-4C7B-94CF-AC8C553DD8FF} = {C4390E9A-3483-45A8-9A3F-D8DBFF3A38DB}
		{795411D0-0471-47EA-B461-5A5235752C5A} = {C4390E9A-3483-45A8-9A3F-D8DBFF3A38DB}
		{86A1F761-36F3-4038-977D-1EA0ACE29D7C} = {C4390E9A-3483-45A8-9A3F-D8DBFF3A38DB}
		{E710AF9C-6DE6-4ADE-8B11-4B793880BFA9} = {D5D8F19D-195F-4542-B622-F8095EFFE7EA}
		{37D069D0-CB84-46FE-928C-900AB533E35D} = {D5D8F19D-195F-4542-B622-F8095EFFE7EA}
		{1F25DB73-28D3-4493-BEC1-DF69813B224A} = {94DC7011-6213-47E9-9B71-F6E02D3FEF8D}
		{3556C2A2-58BB-4BF6-938B-CAD6A8F053F7} = {C4390E9A-3483-45A8-9A3F-D8DBFF3A38DB}
		{6F4EA6B3-BCC9-4137-8ABE-2B4847C530BE} = {C4390E9A-3483-45A8-9A3F-D8DBFF3A38DB}
		{05A90AF8-A22C-480C-865F-DB46B3A65699} = {C4390E9A-3483-45A8-9A3F-D8DBFF3A38DB}
		{91908A6F-D4F7-4AC0-B7DD-81546F421D16} = {C4390E9A-3483-45A8-9A3F-D8DBFF3A38DB}
		{69C7E331-607C-447C-8029-778A11901ABA} = {C4390E9A-3483-45A8-9A3F-D8DBFF3A38DB}
		{54059991-4B49-46AB-90FC-33C145860FC4} = {C4390E9A-3483-45A8-9A3F-D8DBFF3A38DB}
	EndGlobalSection
EndGlobal
