<Solution>
  <Folder Name="/.Solution Items/">
    <File Path="../../.gitignore" />
    <File Path="../.editorconfig" />
    <File Path="../Bit.Build.props" />
    <File Path="../global.json" />
    <File Path="README.md" />
  </Folder>
  <Folder Name="/Bit.Bmotion.Demo/">
    <Project Path="Bit.Bmotion.Demo/Client/Bit.Bmotion.Demo.Client.csproj" />
    <Project Path="Bit.Bmotion.Demo/Server/Bit.Bmotion.Demo.Server.csproj" />
  </Folder>
  <Folder Name="/Tests/">
    <Project Path="Tests/Bit.Bmotion.Tests/Bit.Bmotion.Tests.csproj" />
  </Folder>
  <Project Path="Bit.Bmotion/Bit.Bmotion.csproj" />
</Solution>
