
Microsoft Visual Studio Solution File, Format Version 12.00
# Visual Studio 14
VisualStudioVersion = 14.0.25420.1
MinimumVisualStudioVersion = 10.0.40219.1
Project("{FAE04EC0-301F-11D3-BF4B-00C04F79EFBC}") = "BitChangeSetManager", "BitChangeSetManager.csproj", "{C2319E3E-7670-492B-BA7F-67B095367461}"
EndProject
Project("{2150E333-8FDC-42A3-9474-1A3956D46DE8}") = "Other", "Other", "{D646476C-4764-4146-AABE-B3F37FA099A6}"
	ProjectSection(SolutionItems) = preProject
		BitConfigV1.json = BitConfigV1.json
	EndProjectSection
EndProject
Global
	GlobalSection(SolutionConfigurationPlatforms) = preSolution
		Debug|Any CPU = Debug|Any CPU
		Debug|x64 = Debug|x64
		Release|Any CPU = Release|Any CPU
		Release|x64 = Release|x64
	EndGlobalSection
	GlobalSection(ProjectConfigurationPlatforms) = postSolution
		{C2319E3E-7670-492B-BA7F-67B095367461}.Debug|Any CPU.ActiveCfg = Debug|Any CPU
		{C2319E3E-7670-492B-BA7F-67B095367461}.Debug|Any CPU.Build.0 = Debug|Any CPU
		{C2319E3E-7670-492B-BA7F-67B095367461}.Debug|x64.ActiveCfg = Debug|Any CPU
		{C2319E3E-7670-492B-BA7F-67B095367461}.Debug|x64.Build.0 = Debug|Any CPU
		{C2319E3E-7670-492B-BA7F-67B095367461}.Release|Any CPU.ActiveCfg = Release|Any CPU
		{C2319E3E-7670-492B-BA7F-67B095367461}.Release|Any CPU.Build.0 = Release|Any CPU
		{C2319E3E-7670-492B-BA7F-67B095367461}.Release|x64.ActiveCfg = Release|Any CPU
		{C2319E3E-7670-492B-BA7F-67B095367461}.Release|x64.Build.0 = Release|Any CPU
	EndGlobalSection
	GlobalSection(SolutionProperties) = preSolution
		HideSolutionNode = FALSE
	EndGlobalSection
EndGlobal
