
Microsoft Visual Studio Solution File, Format Version 12.00
# Visual Studio Version 17
VisualStudioVersion = 17.0.31808.319
MinimumVisualStudioVersion = 10.0.40219.1
Project("{FAE04EC0-301F-11D3-BF4B-00C04F79EFBC}") = "Samples.Android", "Samples.Android\Samples.Android.csproj", "{CA551241-8239-43B3-B6B1-2EA7A4AD9C0E}"
EndProject
Project("{FAE04EC0-301F-11D3-BF4B-00C04F79EFBC}") = "Samples.iOS", "Samples.iOS\Samples.iOS.csproj", "{3F7B9E38-1948-4DB9-9421-22E699D5979D}"
EndProject
Project("{FAE04EC0-301F-11D3-BF4B-00C04F79EFBC}") = "Samples.UWP", "Samples.UWP\Samples.UWP.csproj", "{BE1871CF-1852-4E26-B656-B8A2A8403823}"
EndProject
Project("{9A19103F-16F7-4668-BE54-9A1E7A4F7556}") = "Samples", "Samples\Samples.csproj", "{66B83B3F-E4D5-4D5B-9288-296C147DCE41}"
EndProject
Global
	GlobalSection(SolutionConfigurationPlatforms) = preSolution
		Debug|Any CPU = Debug|Any CPU
		Debug|iPhone = Debug|iPhone
		Debug|iPhoneSimulator = Debug|iPhoneSimulator
		Debug|x64 = Debug|x64
		Debug|x86 = Debug|x86
		Release|Any CPU = Release|Any CPU
		Release|iPhone = Release|iPhone
		Release|iPhoneSimulator = Release|iPhoneSimulator
		Release|x64 = Release|x64
		Release|x86 = Release|x86
	EndGlobalSection
	GlobalSection(ProjectConfigurationPlatforms) = postSolution
		{CA551241-8239-43B3-B6B1-2EA7A4AD9C0E}.Debug|Any CPU.ActiveCfg = Debug|Any CPU
		{CA551241-8239-43B3-B6B1-2EA7A4AD9C0E}.Debug|Any CPU.Build.0 = Debug|Any CPU
		{CA551241-8239-43B3-B6B1-2EA7A4AD9C0E}.Debug|Any CPU.Deploy.0 = Debug|Any CPU
		{CA551241-8239-43B3-B6B1-2EA7A4AD9C0E}.Debug|iPhone.ActiveCfg = Debug|Any CPU
		{CA551241-8239-43B3-B6B1-2EA7A4AD9C0E}.Debug|iPhone.Build.0 = Debug|Any CPU
		{CA551241-8239-43B3-B6B1-2EA7A4AD9C0E}.Debug|iPhone.Deploy.0 = Debug|Any CPU
		{CA551241-8239-43B3-B6B1-2EA7A4AD9C0E}.Debug|iPhoneSimulator.ActiveCfg = Debug|Any CPU
		{CA551241-8239-43B3-B6B1-2EA7A4AD9C0E}.Debug|iPhoneSimulator.Build.0 = Debug|Any CPU
		{CA551241-8239-43B3-B6B1-2EA7A4AD9C0E}.Debug|iPhoneSimulator.Deploy.0 = Debug|Any CPU
		{CA551241-8239-43B3-B6B1-2EA7A4AD9C0E}.Debug|x64.ActiveCfg = Debug|Any CPU
		{CA551241-8239-43B3-B6B1-2EA7A4AD9C0E}.Debug|x64.Build.0 = Debug|Any CPU
		{CA551241-8239-43B3-B6B1-2EA7A4AD9C0E}.Debug|x64.Deploy.0 = Debug|Any CPU
		{CA551241-8239-43B3-B6B1-2EA7A4AD9C0E}.Debug|x86.ActiveCfg = Debug|Any CPU
		{CA551241-8239-43B3-B6B1-2EA7A4AD9C0E}.Debug|x86.Build.0 = Debug|Any CPU
		{CA551241-8239-43B3-B6B1-2EA7A4AD9C0E}.Debug|x86.Deploy.0 = Debug|Any CPU
		{CA551241-8239-43B3-B6B1-2EA7A4AD9C0E}.Release|Any CPU.ActiveCfg = Release|Any CPU
		{CA551241-8239-43B3-B6B1-2EA7A4AD9C0E}.Release|Any CPU.Build.0 = Release|Any CPU
		{CA551241-8239-43B3-B6B1-2EA7A4AD9C0E}.Release|Any CPU.Deploy.0 = Release|Any CPU
		{CA551241-8239-43B3-B6B1-2EA7A4AD9C0E}.Release|iPhone.ActiveCfg = Release|Any CPU
		{CA551241-8239-43B3-B6B1-2EA7A4AD9C0E}.Release|iPhone.Build.0 = Release|Any CPU
		{CA551241-8239-43B3-B6B1-2EA7A4AD9C0E}.Release|iPhone.Deploy.0 = Release|Any CPU
		{CA551241-8239-43B3-B6B1-2EA7A4AD9C0E}.Release|iPhoneSimulator.ActiveCfg = Release|Any CPU
		{CA551241-8239-43B3-B6B1-2EA7A4AD9C0E}.Release|iPhoneSimulator.Build.0 = Release|Any CPU
		{CA551241-8239-43B3-B6B1-2EA7A4AD9C0E}.Release|iPhoneSimulator.Deploy.0 = Release|Any CPU
		{CA551241-8239-43B3-B6B1-2EA7A4AD9C0E}.Release|x64.ActiveCfg = Release|Any CPU
		{CA551241-8239-43B3-B6B1-2EA7A4AD9C0E}.Release|x64.Build.0 = Release|Any CPU
		{CA551241-8239-43B3-B6B1-2EA7A4AD9C0E}.Release|x64.Deploy.0 = Release|Any CPU
		{CA551241-8239-43B3-B6B1-2EA7A4AD9C0E}.Release|x86.ActiveCfg = Release|Any CPU
		{CA551241-8239-43B3-B6B1-2EA7A4AD9C0E}.Release|x86.Build.0 = Release|Any CPU
		{CA551241-8239-43B3-B6B1-2EA7A4AD9C0E}.Release|x86.Deploy.0 = Release|Any CPU
		{3F7B9E38-1948-4DB9-9421-22E699D5979D}.Debug|Any CPU.ActiveCfg = Debug|iPhone
		{3F7B9E38-1948-4DB9-9421-22E699D5979D}.Debug|Any CPU.Build.0 = Debug|iPhone
		{3F7B9E38-1948-4DB9-9421-22E699D5979D}.Debug|iPhone.ActiveCfg = Debug|iPhone
		{3F7B9E38-1948-4DB9-9421-22E699D5979D}.Debug|iPhone.Build.0 = Debug|iPhone
		{3F7B9E38-1948-4DB9-9421-22E699D5979D}.Debug|iPhone.Deploy.0 = Debug|iPhone
		{3F7B9E38-1948-4DB9-9421-22E699D5979D}.Debug|iPhoneSimulator.ActiveCfg = Debug|iPhoneSimulator
		{3F7B9E38-1948-4DB9-9421-22E699D5979D}.Debug|iPhoneSimulator.Build.0 = Debug|iPhoneSimulator
		{3F7B9E38-1948-4DB9-9421-22E699D5979D}.Debug|x64.ActiveCfg = Debug|iPhone
		{3F7B9E38-1948-4DB9-9421-22E699D5979D}.Debug|x86.ActiveCfg = Debug|iPhone
		{3F7B9E38-1948-4DB9-9421-22E699D5979D}.Release|Any CPU.ActiveCfg = Release|iPhone
		{3F7B9E38-1948-4DB9-9421-22E699D5979D}.Release|iPhone.ActiveCfg = Release|iPhone
		{3F7B9E38-1948-4DB9-9421-22E699D5979D}.Release|iPhone.Build.0 = Release|iPhone
		{3F7B9E38-1948-4DB9-9421-22E699D5979D}.Release|iPhoneSimulator.ActiveCfg = Release|iPhoneSimulator
		{3F7B9E38-1948-4DB9-9421-22E699D5979D}.Release|iPhoneSimulator.Build.0 = Release|iPhoneSimulator
		{3F7B9E38-1948-4DB9-9421-22E699D5979D}.Release|x64.ActiveCfg = Release|iPhone
		{3F7B9E38-1948-4DB9-9421-22E699D5979D}.Release|x86.ActiveCfg = Release|iPhone
		{BE1871CF-1852-4E26-B656-B8A2A8403823}.Debug|Any CPU.ActiveCfg = Debug|x86
		{BE1871CF-1852-4E26-B656-B8A2A8403823}.Debug|Any CPU.Build.0 = Debug|x86
		{BE1871CF-1852-4E26-B656-B8A2A8403823}.Debug|Any CPU.Deploy.0 = Debug|x86
		{BE1871CF-1852-4E26-B656-B8A2A8403823}.Debug|iPhone.ActiveCfg = Debug|x86
		{BE1871CF-1852-4E26-B656-B8A2A8403823}.Debug|iPhoneSimulator.ActiveCfg = Debug|x86
		{BE1871CF-1852-4E26-B656-B8A2A8403823}.Debug|iPhoneSimulator.Build.0 = Debug|x86
		{BE1871CF-1852-4E26-B656-B8A2A8403823}.Debug|iPhoneSimulator.Deploy.0 = Debug|x86
		{BE1871CF-1852-4E26-B656-B8A2A8403823}.Debug|x64.ActiveCfg = Debug|x64
		{BE1871CF-1852-4E26-B656-B8A2A8403823}.Debug|x64.Build.0 = Debug|x64
		{BE1871CF-1852-4E26-B656-B8A2A8403823}.Debug|x64.Deploy.0 = Debug|x64
		{BE1871CF-1852-4E26-B656-B8A2A8403823}.Debug|x86.ActiveCfg = Debug|x86
		{BE1871CF-1852-4E26-B656-B8A2A8403823}.Debug|x86.Build.0 = Debug|x86
		{BE1871CF-1852-4E26-B656-B8A2A8403823}.Debug|x86.Deploy.0 = Debug|x86
		{BE1871CF-1852-4E26-B656-B8A2A8403823}.Release|Any CPU.ActiveCfg = Release|x86
		{BE1871CF-1852-4E26-B656-B8A2A8403823}.Release|iPhone.ActiveCfg = Release|x86
		{BE1871CF-1852-4E26-B656-B8A2A8403823}.Release|iPhoneSimulator.ActiveCfg = Release|x86
		{BE1871CF-1852-4E26-B656-B8A2A8403823}.Release|x64.ActiveCfg = Release|x64
		{BE1871CF-1852-4E26-B656-B8A2A8403823}.Release|x64.Build.0 = Release|x64
		{BE1871CF-1852-4E26-B656-B8A2A8403823}.Release|x64.Deploy.0 = Release|x64
		{BE1871CF-1852-4E26-B656-B8A2A8403823}.Release|x86.ActiveCfg = Release|x86
		{BE1871CF-1852-4E26-B656-B8A2A8403823}.Release|x86.Build.0 = Release|x86
		{BE1871CF-1852-4E26-B656-B8A2A8403823}.Release|x86.Deploy.0 = Release|x86
		{66B83B3F-E4D5-4D5B-9288-296C147DCE41}.Debug|Any CPU.ActiveCfg = Debug|Any CPU
		{66B83B3F-E4D5-4D5B-9288-296C147DCE41}.Debug|Any CPU.Build.0 = Debug|Any CPU
		{66B83B3F-E4D5-4D5B-9288-296C147DCE41}.Debug|iPhone.ActiveCfg = Debug|Any CPU
		{66B83B3F-E4D5-4D5B-9288-296C147DCE41}.Debug|iPhone.Build.0 = Debug|Any CPU
		{66B83B3F-E4D5-4D5B-9288-296C147DCE41}.Debug|iPhoneSimulator.ActiveCfg = Debug|Any CPU
		{66B83B3F-E4D5-4D5B-9288-296C147DCE41}.Debug|iPhoneSimulator.Build.0 = Debug|Any CPU
		{66B83B3F-E4D5-4D5B-9288-296C147DCE41}.Debug|x64.ActiveCfg = Debug|Any CPU
		{66B83B3F-E4D5-4D5B-9288-296C147DCE41}.Debug|x64.Build.0 = Debug|Any CPU
		{66B83B3F-E4D5-4D5B-9288-296C147DCE41}.Debug|x86.ActiveCfg = Debug|Any CPU
		{66B83B3F-E4D5-4D5B-9288-296C147DCE41}.Debug|x86.Build.0 = Debug|Any CPU
		{66B83B3F-E4D5-4D5B-9288-296C147DCE41}.Release|Any CPU.ActiveCfg = Release|Any CPU
		{66B83B3F-E4D5-4D5B-9288-296C147DCE41}.Release|Any CPU.Build.0 = Release|Any CPU
		{66B83B3F-E4D5-4D5B-9288-296C147DCE41}.Release|iPhone.ActiveCfg = Release|Any CPU
		{66B83B3F-E4D5-4D5B-9288-296C147DCE41}.Release|iPhone.Build.0 = Release|Any CPU
		{66B83B3F-E4D5-4D5B-9288-296C147DCE41}.Release|iPhoneSimulator.ActiveCfg = Release|Any CPU
		{66B83B3F-E4D5-4D5B-9288-296C147DCE41}.Release|iPhoneSimulator.Build.0 = Release|Any CPU
		{66B83B3F-E4D5-4D5B-9288-296C147DCE41}.Release|x64.ActiveCfg = Release|Any CPU
		{66B83B3F-E4D5-4D5B-9288-296C147DCE41}.Release|x64.Build.0 = Release|Any CPU
		{66B83B3F-E4D5-4D5B-9288-296C147DCE41}.Release|x86.ActiveCfg = Release|Any CPU
		{66B83B3F-E4D5-4D5B-9288-296C147DCE41}.Release|x86.Build.0 = Release|Any CPU
	EndGlobalSection
	GlobalSection(SolutionProperties) = preSolution
		HideSolutionNode = FALSE
	EndGlobalSection
	GlobalSection(ExtensibilityGlobals) = postSolution
		SolutionGuid = {C5221EAC-E96E-4EB0-A781-6ECD8C51FCFE}
	EndGlobalSection
EndGlobal
