
Microsoft Visual Studio Solution File, Format Version 12.00
# Visual Studio Version 17
VisualStudioVersion = 17.1.32120.378
MinimumVisualStudioVersion = 10.0.40219.1
Project("{2150E333-8FDC-42A3-9474-1A3956D46DE8}") = ".Solution Items", ".Solution Items", "{2983E1DE-C69B-4355-A832-A13D3346AD3A}"
	ProjectSection(SolutionItems) = preProject
		..\.editorconfig = ..\.editorconfig
		..\..\.gitignore = ..\..\.gitignore
		..\Bit.Build.props = ..\Bit.Build.props
		..\global.json = ..\global.json
		README.md = README.md
	EndProjectSection
EndProject
Project("{2150E333-8FDC-42A3-9474-1A3956D46DE8}") = ".github", ".github", "{4E161D50-92DD-4C12-B284-E1EB62406F15}"
	ProjectSection(SolutionItems) = preProject
		..\..\.github\workflows\nuget.org.yml = ..\..\.github\workflows\nuget.org.yml
		..\..\.github\workflows\Prerelease.nuget.org.yml = ..\..\.github\workflows\Prerelease.nuget.org.yml
	EndProjectSection
EndProject
Project("{2150E333-8FDC-42A3-9474-1A3956D46DE8}") = "Full Demo", "Full Demo", "{264F406E-4839-4FC0-997B-325DFF0049E9}"
EndProject
Project("{9A19103F-16F7-4668-BE54-9A1E7A4F7556}") = "Bit.Bup", "Bit.Bup\Bit.Bup.csproj", "{8A02B000-7C7F-4ACC-9B69-4395ADB87C40}"
EndProject
Project("{9A19103F-16F7-4668-BE54-9A1E7A4F7556}") = "Bit.Bup.Demo", "Bit.Bup.Demo\Bit.Bup.Demo.csproj", "{AA11F19A-EC94-46DF-8786-E035C4658D8C}"
EndProject
Project("{9A19103F-16F7-4668-BE54-9A1E7A4F7556}") = "Bit.Bup.Demo.Client", "FullDemo\Client\Bit.Bup.Demo.Client.csproj", "{58D8CA4D-D48C-43E6-BDC9-8E8D68823519}"
EndProject
Project("{9A19103F-16F7-4668-BE54-9A1E7A4F7556}") = "Bit.Bup.Demo.Server", "FullDemo\Server\Bit.Bup.Demo.Server.csproj", "{D0C63B4A-B809-4E2F-8608-7C762889C3EC}"
EndProject
Global
	GlobalSection(SolutionConfigurationPlatforms) = preSolution
		Debug|Any CPU = Debug|Any CPU
		Release|Any CPU = Release|Any CPU
	EndGlobalSection
	GlobalSection(ProjectConfigurationPlatforms) = postSolution
		{8A02B000-7C7F-4ACC-9B69-4395ADB87C40}.Debug|Any CPU.ActiveCfg = Debug|Any CPU
		{8A02B000-7C7F-4ACC-9B69-4395ADB87C40}.Debug|Any CPU.Build.0 = Debug|Any CPU
		{8A02B000-7C7F-4ACC-9B69-4395ADB87C40}.Release|Any CPU.ActiveCfg = Release|Any CPU
		{8A02B000-7C7F-4ACC-9B69-4395ADB87C40}.Release|Any CPU.Build.0 = Release|Any CPU
		{AA11F19A-EC94-46DF-8786-E035C4658D8C}.Debug|Any CPU.ActiveCfg = Debug|Any CPU
		{AA11F19A-EC94-46DF-8786-E035C4658D8C}.Debug|Any CPU.Build.0 = Debug|Any CPU
		{AA11F19A-EC94-46DF-8786-E035C4658D8C}.Release|Any CPU.ActiveCfg = Release|Any CPU
		{AA11F19A-EC94-46DF-8786-E035C4658D8C}.Release|Any CPU.Build.0 = Release|Any CPU
		{58D8CA4D-D48C-43E6-BDC9-8E8D68823519}.Debug|Any CPU.ActiveCfg = Debug|Any CPU
		{58D8CA4D-D48C-43E6-BDC9-8E8D68823519}.Debug|Any CPU.Build.0 = Debug|Any CPU
		{58D8CA4D-D48C-43E6-BDC9-8E8D68823519}.Release|Any CPU.ActiveCfg = Release|Any CPU
		{58D8CA4D-D48C-43E6-BDC9-8E8D68823519}.Release|Any CPU.Build.0 = Release|Any CPU
		{D0C63B4A-B809-4E2F-8608-7C762889C3EC}.Debug|Any CPU.ActiveCfg = Debug|Any CPU
		{D0C63B4A-B809-4E2F-8608-7C762889C3EC}.Debug|Any CPU.Build.0 = Debug|Any CPU
		{D0C63B4A-B809-4E2F-8608-7C762889C3EC}.Release|Any CPU.ActiveCfg = Release|Any CPU
		{D0C63B4A-B809-4E2F-8608-7C762889C3EC}.Release|Any CPU.Build.0 = Release|Any CPU
	EndGlobalSection
	GlobalSection(SolutionProperties) = preSolution
		HideSolutionNode = FALSE
	EndGlobalSection
	GlobalSection(NestedProjects) = preSolution
		{4E161D50-92DD-4C12-B284-E1EB62406F15} = {2983E1DE-C69B-4355-A832-A13D3346AD3A}
		{58D8CA4D-D48C-43E6-BDC9-8E8D68823519} = {264F406E-4839-4FC0-997B-325DFF0049E9}
		{D0C63B4A-B809-4E2F-8608-7C762889C3EC} = {264F406E-4839-4FC0-997B-325DFF0049E9}
	EndGlobalSection
	GlobalSection(ExtensibilityGlobals) = postSolution
		SolutionGuid = {5A288AF8-225C-409E-AC91-ECD57E712204}
	EndGlobalSection
EndGlobal
