
Microsoft Visual Studio Solution File, Format Version 12.00
# Visual Studio Version 17
VisualStudioVersion = 17.2.32602.215
MinimumVisualStudioVersion = 10.0.40219.1
Project("{9A19103F-16F7-4668-BE54-9A1E7A4F7556}") = "Bit.SourceGenerators", "Bit.SourceGenerators\Bit.SourceGenerators.csproj", "{E8A15AD5-0CF2-4418-9919-7FBBF9773A26}"
EndProject
Project("{2150E333-8FDC-42A3-9474-1A3956D46DE8}") = "Solution Items", "Solution Items", "{46E6E519-3471-4D6A-BDBB-AB23D84417DD}"
	ProjectSection(SolutionItems) = preProject
		..\.editorconfig = ..\.editorconfig
		..\Bit.Build.props = ..\Bit.Build.props
		..\global.json = ..\global.json
	EndProjectSection
EndProject
Project("{2150E333-8FDC-42A3-9474-1A3956D46DE8}") = ".github", ".github", "{27EEDAEE-78D1-49E8-9D7D-620E1C7C9F28}"
	ProjectSection(SolutionItems) = preProject
		..\..\.github\workflows\nuget.org.yml = ..\..\.github\workflows\nuget.org.yml
		..\..\.github\workflows\Prerelease.nuget.org.yml = ..\..\.github\workflows\Prerelease.nuget.org.yml
	EndProjectSection
EndProject
Global
	GlobalSection(SolutionConfigurationPlatforms) = preSolution
		Debug|Any CPU = Debug|Any CPU
		Release|Any CPU = Release|Any CPU
	EndGlobalSection
	GlobalSection(ProjectConfigurationPlatforms) = postSolution
		{E8A15AD5-0CF2-4418-9919-7FBBF9773A26}.Debug|Any CPU.ActiveCfg = Debug|Any CPU
		{E8A15AD5-0CF2-4418-9919-7FBBF9773A26}.Debug|Any CPU.Build.0 = Debug|Any CPU
		{E8A15AD5-0CF2-4418-9919-7FBBF9773A26}.Release|Any CPU.ActiveCfg = Release|Any CPU
		{E8A15AD5-0CF2-4418-9919-7FBBF9773A26}.Release|Any CPU.Build.0 = Release|Any CPU
	EndGlobalSection
	GlobalSection(SolutionProperties) = preSolution
		HideSolutionNode = FALSE
	EndGlobalSection
	GlobalSection(NestedProjects) = preSolution
		{27EEDAEE-78D1-49E8-9D7D-620E1C7C9F28} = {46E6E519-3471-4D6A-BDBB-AB23D84417DD}
	EndGlobalSection
	GlobalSection(ExtensibilityGlobals) = postSolution
		SolutionGuid = {BD255DEA-B1FD-464B-AE4F-FBDFC022B06E}
	EndGlobalSection
EndGlobal
