{
  "name": "bit-core",
  "version": "0.0.1",
  "lockfileVersion": 2,
  "requires": true,
  "packages": {
    "": {
      "name": "bit-core",
      "version": "0.0.1",
      "license": "MIT",
      "dependencies": {
        "@bit/jaydata": "^1.5.22"
      },
      "devDependencies": {
        "@types/node": "^16.11.10",
        "@types/pubsub-js": "^1.8.3",
        "@types/signalr": "^2.2.37"
      },
      "optionalDependencies": {
        "core-js": "^2.6.12",
        "decimal.js": "^10.2.1",
        "event-source-polyfill": "^1.0.25",
        "pubsub-js": "^1.9.4",
        "signalr": "^2.4.2"
      }
    },
    "node_modules/@bit/jaydata": {
      "version": "1.5.22",
      "resolved": "https://www.myget.org/F/bitfoundation/npm/@bit/jaydata/-/@bit/jaydata-1.5.22.tgz",
      "integrity": "sha1-6xXQRLq9hIoN/jsQg6uuZowU+6s=",
      "license": "MIT"
    },
    "node_modules/@types/jquery": {
      "version": "3.5.9",
      "resolved": "https://registry.npmjs.org/@types/jquery/-/jquery-3.5.9.tgz",
      "integrity": "sha512-B8pDk+sH/tSv/HKdx6EQER6BfUOb2GtKs0LOmozziS4h7cbe8u/eYySfUAeTwD+J09SqV3man7AMWIA5mgzCBA==",
      "dev": true,
      "dependencies": {
        "@types/sizzle": "*"
      }
    },
    "node_modules/@types/node": {
      "version": "16.11.10",
      "resolved": "https://registry.npmjs.org/@types/node/-/node-16.11.10.tgz",
      "integrity": "sha512-3aRnHa1KlOEEhJ6+CvyHKK5vE9BcLGjtUpwvqYLRvYNQKMfabu3BwfJaA/SLW8dxe28LsNDjtHwePTuzn3gmOA==",
      "dev": true
    },
    "node_modules/@types/pubsub-js": {
      "version": "1.8.3",
      "resolved": "https://registry.npmjs.org/@types/pubsub-js/-/pubsub-js-1.8.3.tgz",
      "integrity": "sha512-6BqY04dh2UV1dNV690tyJVJYQ0U6qBH4tU+FCwY1Mhl8jOPOP9qiIvgLnB59cVik/E6/R002oXZpGiDm+2C8eA==",
      "dev": true
    },
    "node_modules/@types/signalr": {
      "version": "2.2.37",
      "resolved": "https://registry.npmjs.org/@types/signalr/-/signalr-2.2.37.tgz",
      "integrity": "sha512-Oay9I3cevxwfQlc8y60FPdtskRqYCPmDMZYamObcD+kr1uDC/EmfOT/2AmrKh/4JQ148yWbTkadnd8ZLM5tOFA==",
      "dev": true,
      "dependencies": {
        "@types/jquery": "*"
      }
    },
    "node_modules/@types/sizzle": {
      "version": "2.3.3",
      "resolved": "https://registry.npmjs.org/@types/sizzle/-/sizzle-2.3.3.tgz",
      "integrity": "sha512-JYM8x9EGF163bEyhdJBpR2QX1R5naCJHC8ucJylJ3w9/CVBaskdQ8WqBf8MmQrd1kRvp/a4TS8HJ+bxzR7ZJYQ==",
      "dev": true
    },
    "node_modules/core-js": {
      "version": "2.6.12",
      "resolved": "https://registry.npmjs.org/core-js/-/core-js-2.6.12.tgz",
      "integrity": "sha512-Kb2wC0fvsWfQrgk8HU5lW6U/Lcs8+9aaYcy4ZFc6DDlo4nZ7n70dEgE5rtR0oG6ufKDUnrwfWL1mXR5ljDatrQ==",
      "deprecated": "core-js@<3.4 is no longer maintained and not recommended for usage due to the number of issues. Because of the V8 engine whims, feature detection in old core-js versions could cause a slowdown up to 100x even if nothing is polyfilled. Please, upgrade your dependencies to the actual version of core-js.",
      "hasInstallScript": true,
      "optional": true
    },
    "node_modules/decimal.js": {
      "version": "10.3.1",
      "resolved": "https://registry.npmjs.org/decimal.js/-/decimal.js-10.3.1.tgz",
      "integrity": "sha512-V0pfhfr8suzyPGOx3nmq4aHqabehUZn6Ch9kyFpV79TGDTWFmHqUqXdabR7QHqxzrYolF4+tVmJhUG4OURg5dQ==",
      "optional": true
    },
    "node_modules/event-source-polyfill": {
      "version": "1.0.25",
      "resolved": "https://registry.npmjs.org/event-source-polyfill/-/event-source-polyfill-1.0.25.tgz",
      "integrity": "sha512-hQxu6sN1Eq4JjoI7ITdQeGGUN193A2ra83qC0Ltm9I2UJVAten3OFVN6k5RX4YWeCS0BoC8xg/5czOCIHVosQg==",
      "optional": true
    },
    "node_modules/jquery": {
      "version": "3.6.0",
      "resolved": "https://registry.npmjs.org/jquery/-/jquery-3.6.0.tgz",
      "integrity": "sha512-JVzAR/AjBvVt2BmYhxRCSYysDsPcssdmTFnzyLEts9qNwmjmu4JTAMYubEfwVOSwpQ1I1sKKFcxhZCI2buerfw==",
      "optional": true
    },
    "node_modules/pubsub-js": {
      "version": "1.9.4",
      "resolved": "https://registry.npmjs.org/pubsub-js/-/pubsub-js-1.9.4.tgz",
      "integrity": "sha512-hJYpaDvPH4w8ZX/0Fdf9ma1AwRgU353GfbaVfPjfJQf1KxZ2iHaHl3fAUw1qlJIR5dr4F3RzjGaWohYUEyoh7A==",
      "optional": true
    },
    "node_modules/signalr": {
      "version": "2.4.2",
      "resolved": "https://registry.npmjs.org/signalr/-/signalr-2.4.2.tgz",
      "integrity": "sha512-XqFRQRbRr8Ce1GYq3/aWwnQKPHWEOTjmRT32196sZEmZQmsEEpu5LzjvxrpxxedUoI/oWu9YlqkqK8KrbSYw/w==",
      "optional": true,
      "dependencies": {
        "jquery": ">=1.6.4"
      }
    }
  },
  "dependencies": {
    "@bit/jaydata": {
      "version": "1.5.22",
      "resolved": "https://www.myget.org/F/bitfoundation/npm/@bit/jaydata/-/@bit/jaydata-1.5.22.tgz",
      "integrity": "sha1-6xXQRLq9hIoN/jsQg6uuZowU+6s="
    },
    "@types/jquery": {
      "version": "3.5.9",
      "resolved": "https://registry.npmjs.org/@types/jquery/-/jquery-3.5.9.tgz",
      "integrity": "sha512-B8pDk+sH/tSv/HKdx6EQER6BfUOb2GtKs0LOmozziS4h7cbe8u/eYySfUAeTwD+J09SqV3man7AMWIA5mgzCBA==",
      "dev": true,
      "requires": {
        "@types/sizzle": "*"
      }
    },
    "@types/node": {
      "version": "16.11.10",
      "resolved": "https://registry.npmjs.org/@types/node/-/node-16.11.10.tgz",
      "integrity": "sha512-3aRnHa1KlOEEhJ6+CvyHKK5vE9BcLGjtUpwvqYLRvYNQKMfabu3BwfJaA/SLW8dxe28LsNDjtHwePTuzn3gmOA==",
      "dev": true
    },
    "@types/pubsub-js": {
      "version": "1.8.3",
      "resolved": "https://registry.npmjs.org/@types/pubsub-js/-/pubsub-js-1.8.3.tgz",
      "integrity": "sha512-6BqY04dh2UV1dNV690tyJVJYQ0U6qBH4tU+FCwY1Mhl8jOPOP9qiIvgLnB59cVik/E6/R002oXZpGiDm+2C8eA==",
      "dev": true
    },
    "@types/signalr": {
      "version": "2.2.37",
      "resolved": "https://registry.npmjs.org/@types/signalr/-/signalr-2.2.37.tgz",
      "integrity": "sha512-Oay9I3cevxwfQlc8y60FPdtskRqYCPmDMZYamObcD+kr1uDC/EmfOT/2AmrKh/4JQ148yWbTkadnd8ZLM5tOFA==",
      "dev": true,
      "requires": {
        "@types/jquery": "*"
      }
    },
    "@types/sizzle": {
      "version": "2.3.3",
      "resolved": "https://registry.npmjs.org/@types/sizzle/-/sizzle-2.3.3.tgz",
      "integrity": "sha512-JYM8x9EGF163bEyhdJBpR2QX1R5naCJHC8ucJylJ3w9/CVBaskdQ8WqBf8MmQrd1kRvp/a4TS8HJ+bxzR7ZJYQ==",
      "dev": true
    },
    "core-js": {
      "version": "2.6.12",
      "resolved": "https://registry.npmjs.org/core-js/-/core-js-2.6.12.tgz",
      "integrity": "sha512-Kb2wC0fvsWfQrgk8HU5lW6U/Lcs8+9aaYcy4ZFc6DDlo4nZ7n70dEgE5rtR0oG6ufKDUnrwfWL1mXR5ljDatrQ==",
      "optional": true
    },
    "decimal.js": {
      "version": "10.3.1",
      "resolved": "https://registry.npmjs.org/decimal.js/-/decimal.js-10.3.1.tgz",
      "integrity": "sha512-V0pfhfr8suzyPGOx3nmq4aHqabehUZn6Ch9kyFpV79TGDTWFmHqUqXdabR7QHqxzrYolF4+tVmJhUG4OURg5dQ==",
      "optional": true
    },
    "event-source-polyfill": {
      "version": "1.0.25",
      "resolved": "https://registry.npmjs.org/event-source-polyfill/-/event-source-polyfill-1.0.25.tgz",
      "integrity": "sha512-hQxu6sN1Eq4JjoI7ITdQeGGUN193A2ra83qC0Ltm9I2UJVAten3OFVN6k5RX4YWeCS0BoC8xg/5czOCIHVosQg==",
      "optional": true
    },
    "jquery": {
      "version": "3.6.0",
      "resolved": "https://registry.npmjs.org/jquery/-/jquery-3.6.0.tgz",
      "integrity": "sha512-JVzAR/AjBvVt2BmYhxRCSYysDsPcssdmTFnzyLEts9qNwmjmu4JTAMYubEfwVOSwpQ1I1sKKFcxhZCI2buerfw==",
      "optional": true
    },
    "pubsub-js": {
      "version": "1.9.4",
      "resolved": "https://registry.npmjs.org/pubsub-js/-/pubsub-js-1.9.4.tgz",
      "integrity": "sha512-hJYpaDvPH4w8ZX/0Fdf9ma1AwRgU353GfbaVfPjfJQf1KxZ2iHaHl3fAUw1qlJIR5dr4F3RzjGaWohYUEyoh7A==",
      "optional": true
    },
    "signalr": {
      "version": "2.4.2",
      "resolved": "https://registry.npmjs.org/signalr/-/signalr-2.4.2.tgz",
      "integrity": "sha512-XqFRQRbRr8Ce1GYq3/aWwnQKPHWEOTjmRT32196sZEmZQmsEEpu5LzjvxrpxxedUoI/oWu9YlqkqK8KrbSYw/w==",
      "optional": true,
      "requires": {
        "jquery": ">=1.6.4"
      }
    }
  }
}
