
Microsoft Visual Studio Solution File, Format Version 12.00
# Visual Studio Version 17
VisualStudioVersion = 17.0.31808.319
MinimumVisualStudioVersion = 10.0.40219.1
Project("{2150E333-8FDC-42A3-9474-1A3956D46DE8}") = ".Solution Items", ".Solution Items", "{7B24BEC3-93BA-4789-B009-71A778ADA56F}"
	ProjectSection(SolutionItems) = preProject
		..\.editorconfig = ..\.editorconfig
		..\..\.gitignore = ..\..\.gitignore
		..\Bit.Build.props = ..\Bit.Build.props
		..\global.json = ..\global.json
		README.md = README.md
	EndProjectSection
EndProject
Project("{9A19103F-16F7-4668-BE54-9A1E7A4F7556}") = "Bit.BlazorUI", "Bit.BlazorUI\Bit.BlazorUI.csproj", "{F37D7E88-89A9-4D4D-A551-86F04E75F92A}"
EndProject
Project("{9A19103F-16F7-4668-BE54-9A1E7A4F7556}") = "Bit.BlazorUI.Tests", "Bit.BlazorUI.Tests\Bit.BlazorUI.Tests.csproj", "{E7688DE8-19F7-42A4-BCE4-C5FBA0D53626}"
EndProject
Project("{9A19103F-16F7-4668-BE54-9A1E7A4F7556}") = "Bit.BlazorUI.SourceGenerators", "Bit.BlazorUI.SourceGenerators\Bit.BlazorUI.SourceGenerators.csproj", "{050CE6DE-ECAF-4C7E-A7C8-DB8D977C98C8}"
EndProject
Project("{2150E333-8FDC-42A3-9474-1A3956D46DE8}") = "Demo", "Demo", "{0EB8B659-FE79-46B6-A87A-3EAC7A5AE321}"
	ProjectSection(SolutionItems) = preProject
		Demo\.gitignore = Demo\.gitignore
		Demo\Directory.Build.props = Demo\Directory.Build.props
		Demo\README.md = Demo\README.md
	EndProjectSection
EndProject
Project("{2150E333-8FDC-42A3-9474-1A3956D46DE8}") = "Client", "Client", "{90459635-8633-482F-9A01-AD07AC033B99}"
EndProject
Project("{9A19103F-16F7-4668-BE54-9A1E7A4F7556}") = "Bit.BlazorUI.Extras", "Bit.BlazorUI.Extras\Bit.BlazorUI.Extras.csproj", "{E2D0BBB0-9317-47EF-83F6-F50F452C6A26}"
EndProject
Project("{9A19103F-16F7-4668-BE54-9A1E7A4F7556}") = "Bit.BlazorUI.Assets", "Bit.BlazorUI.Assets\Bit.BlazorUI.Assets.csproj", "{3F41403F-A9A3-45CE-81E2-3FAFCEDD9509}"
EndProject
Project("{9A19103F-16F7-4668-BE54-9A1E7A4F7556}") = "Bit.BlazorUI.Icons", "Bit.BlazorUI.Icons\Bit.BlazorUI.Icons.csproj", "{605C139C-D6F4-446A-AB28-A5C713A07043}"
EndProject
Project("{9A19103F-16F7-4668-BE54-9A1E7A4F7556}") = "Bit.BlazorUI.Demo.Client.Core", "Demo\Client\Bit.BlazorUI.Demo.Client.Core\Bit.BlazorUI.Demo.Client.Core.csproj", "{F23B7419-BFD6-4DD5-98EB-B5240978D94D}"
EndProject
Project("{9A19103F-16F7-4668-BE54-9A1E7A4F7556}") = "Bit.BlazorUI.Demo.Client.Maui", "Demo\Client\Bit.BlazorUI.Demo.Client.Maui\Bit.BlazorUI.Demo.Client.Maui.csproj", "{BCBD77AD-74D1-4F5F-9673-C68D593B4DDD}"
EndProject
Project("{9A19103F-16F7-4668-BE54-9A1E7A4F7556}") = "Bit.BlazorUI.Demo.Client.Web", "Demo\Client\Bit.BlazorUI.Demo.Client.Web\Bit.BlazorUI.Demo.Client.Web.csproj", "{8312F98B-4B14-40C2-BDC7-BD217B96EC67}"
EndProject
Project("{9A19103F-16F7-4668-BE54-9A1E7A4F7556}") = "Bit.BlazorUI.Demo.Server", "Demo\Bit.BlazorUI.Demo.Server\Bit.BlazorUI.Demo.Server.csproj", "{894136EE-5383-42CC-AE46-345418A474F2}"
EndProject
Project("{9A19103F-16F7-4668-BE54-9A1E7A4F7556}") = "Bit.BlazorUI.Demo.Shared", "Demo\Bit.BlazorUI.Demo.Shared\Bit.BlazorUI.Demo.Shared.csproj", "{820024D2-10D8-4CD7-9C4A-42F38EEBCC55}"
EndProject
Project("{9A19103F-16F7-4668-BE54-9A1E7A4F7556}") = "Bit.BlazorUI.Demo.Client.Windows", "Demo\Client\Bit.BlazorUI.Demo.Client.Windows\Bit.BlazorUI.Demo.Client.Windows.csproj", "{14FC5792-4F56-483B-A575-637CC74069FD}"
EndProject
Global
	GlobalSection(SolutionConfigurationPlatforms) = preSolution
		Debug|Any CPU = Debug|Any CPU
		Debug|iPhone = Debug|iPhone
		Debug|iPhoneSimulator = Debug|iPhoneSimulator
		Debug|x64 = Debug|x64
		Debug|x86 = Debug|x86
		Release|Any CPU = Release|Any CPU
		Release|iPhone = Release|iPhone
		Release|iPhoneSimulator = Release|iPhoneSimulator
		Release|x64 = Release|x64
		Release|x86 = Release|x86
	EndGlobalSection
	GlobalSection(ProjectConfigurationPlatforms) = postSolution
		{F37D7E88-89A9-4D4D-A551-86F04E75F92A}.Debug|Any CPU.ActiveCfg = Debug|Any CPU
		{F37D7E88-89A9-4D4D-A551-86F04E75F92A}.Debug|Any CPU.Build.0 = Debug|Any CPU
		{F37D7E88-89A9-4D4D-A551-86F04E75F92A}.Debug|iPhone.ActiveCfg = Debug|Any CPU
		{F37D7E88-89A9-4D4D-A551-86F04E75F92A}.Debug|iPhone.Build.0 = Debug|Any CPU
		{F37D7E88-89A9-4D4D-A551-86F04E75F92A}.Debug|iPhoneSimulator.ActiveCfg = Debug|Any CPU
		{F37D7E88-89A9-4D4D-A551-86F04E75F92A}.Debug|iPhoneSimulator.Build.0 = Debug|Any CPU
		{F37D7E88-89A9-4D4D-A551-86F04E75F92A}.Debug|x64.ActiveCfg = Debug|Any CPU
		{F37D7E88-89A9-4D4D-A551-86F04E75F92A}.Debug|x64.Build.0 = Debug|Any CPU
		{F37D7E88-89A9-4D4D-A551-86F04E75F92A}.Debug|x86.ActiveCfg = Debug|Any CPU
		{F37D7E88-89A9-4D4D-A551-86F04E75F92A}.Debug|x86.Build.0 = Debug|Any CPU
		{F37D7E88-89A9-4D4D-A551-86F04E75F92A}.Release|Any CPU.ActiveCfg = Release|Any CPU
		{F37D7E88-89A9-4D4D-A551-86F04E75F92A}.Release|Any CPU.Build.0 = Release|Any CPU
		{F37D7E88-89A9-4D4D-A551-86F04E75F92A}.Release|iPhone.ActiveCfg = Release|Any CPU
		{F37D7E88-89A9-4D4D-A551-86F04E75F92A}.Release|iPhone.Build.0 = Release|Any CPU
		{F37D7E88-89A9-4D4D-A551-86F04E75F92A}.Release|iPhoneSimulator.ActiveCfg = Release|Any CPU
		{F37D7E88-89A9-4D4D-A551-86F04E75F92A}.Release|iPhoneSimulator.Build.0 = Release|Any CPU
		{F37D7E88-89A9-4D4D-A551-86F04E75F92A}.Release|x64.ActiveCfg = Release|Any CPU
		{F37D7E88-89A9-4D4D-A551-86F04E75F92A}.Release|x64.Build.0 = Release|Any CPU
		{F37D7E88-89A9-4D4D-A551-86F04E75F92A}.Release|x86.ActiveCfg = Release|Any CPU
		{F37D7E88-89A9-4D4D-A551-86F04E75F92A}.Release|x86.Build.0 = Release|Any CPU
		{E7688DE8-19F7-42A4-BCE4-C5FBA0D53626}.Debug|Any CPU.ActiveCfg = Debug|Any CPU
		{E7688DE8-19F7-42A4-BCE4-C5FBA0D53626}.Debug|Any CPU.Build.0 = Debug|Any CPU
		{E7688DE8-19F7-42A4-BCE4-C5FBA0D53626}.Debug|iPhone.ActiveCfg = Debug|Any CPU
		{E7688DE8-19F7-42A4-BCE4-C5FBA0D53626}.Debug|iPhone.Build.0 = Debug|Any CPU
		{E7688DE8-19F7-42A4-BCE4-C5FBA0D53626}.Debug|iPhoneSimulator.ActiveCfg = Debug|Any CPU
		{E7688DE8-19F7-42A4-BCE4-C5FBA0D53626}.Debug|iPhoneSimulator.Build.0 = Debug|Any CPU
		{E7688DE8-19F7-42A4-BCE4-C5FBA0D53626}.Debug|x64.ActiveCfg = Debug|Any CPU
		{E7688DE8-19F7-42A4-BCE4-C5FBA0D53626}.Debug|x64.Build.0 = Debug|Any CPU
		{E7688DE8-19F7-42A4-BCE4-C5FBA0D53626}.Debug|x86.ActiveCfg = Debug|Any CPU
		{E7688DE8-19F7-42A4-BCE4-C5FBA0D53626}.Debug|x86.Build.0 = Debug|Any CPU
		{E7688DE8-19F7-42A4-BCE4-C5FBA0D53626}.Release|Any CPU.ActiveCfg = Release|Any CPU
		{E7688DE8-19F7-42A4-BCE4-C5FBA0D53626}.Release|Any CPU.Build.0 = Release|Any CPU
		{E7688DE8-19F7-42A4-BCE4-C5FBA0D53626}.Release|iPhone.ActiveCfg = Release|Any CPU
		{E7688DE8-19F7-42A4-BCE4-C5FBA0D53626}.Release|iPhone.Build.0 = Release|Any CPU
		{E7688DE8-19F7-42A4-BCE4-C5FBA0D53626}.Release|iPhoneSimulator.ActiveCfg = Release|Any CPU
		{E7688DE8-19F7-42A4-BCE4-C5FBA0D53626}.Release|iPhoneSimulator.Build.0 = Release|Any CPU
		{E7688DE8-19F7-42A4-BCE4-C5FBA0D53626}.Release|x64.ActiveCfg = Release|Any CPU
		{E7688DE8-19F7-42A4-BCE4-C5FBA0D53626}.Release|x64.Build.0 = Release|Any CPU
		{E7688DE8-19F7-42A4-BCE4-C5FBA0D53626}.Release|x86.ActiveCfg = Release|Any CPU
		{E7688DE8-19F7-42A4-BCE4-C5FBA0D53626}.Release|x86.Build.0 = Release|Any CPU
		{050CE6DE-ECAF-4C7E-A7C8-DB8D977C98C8}.Debug|Any CPU.ActiveCfg = Debug|Any CPU
		{050CE6DE-ECAF-4C7E-A7C8-DB8D977C98C8}.Debug|Any CPU.Build.0 = Debug|Any CPU
		{050CE6DE-ECAF-4C7E-A7C8-DB8D977C98C8}.Debug|iPhone.ActiveCfg = Debug|Any CPU
		{050CE6DE-ECAF-4C7E-A7C8-DB8D977C98C8}.Debug|iPhone.Build.0 = Debug|Any CPU
		{050CE6DE-ECAF-4C7E-A7C8-DB8D977C98C8}.Debug|iPhoneSimulator.ActiveCfg = Debug|Any CPU
		{050CE6DE-ECAF-4C7E-A7C8-DB8D977C98C8}.Debug|iPhoneSimulator.Build.0 = Debug|Any CPU
		{050CE6DE-ECAF-4C7E-A7C8-DB8D977C98C8}.Debug|x64.ActiveCfg = Debug|Any CPU
		{050CE6DE-ECAF-4C7E-A7C8-DB8D977C98C8}.Debug|x64.Build.0 = Debug|Any CPU
		{050CE6DE-ECAF-4C7E-A7C8-DB8D977C98C8}.Debug|x86.ActiveCfg = Debug|Any CPU
		{050CE6DE-ECAF-4C7E-A7C8-DB8D977C98C8}.Debug|x86.Build.0 = Debug|Any CPU
		{050CE6DE-ECAF-4C7E-A7C8-DB8D977C98C8}.Release|Any CPU.ActiveCfg = Release|Any CPU
		{050CE6DE-ECAF-4C7E-A7C8-DB8D977C98C8}.Release|Any CPU.Build.0 = Release|Any CPU
		{050CE6DE-ECAF-4C7E-A7C8-DB8D977C98C8}.Release|iPhone.ActiveCfg = Release|Any CPU
		{050CE6DE-ECAF-4C7E-A7C8-DB8D977C98C8}.Release|iPhone.Build.0 = Release|Any CPU
		{050CE6DE-ECAF-4C7E-A7C8-DB8D977C98C8}.Release|iPhoneSimulator.ActiveCfg = Release|Any CPU
		{050CE6DE-ECAF-4C7E-A7C8-DB8D977C98C8}.Release|iPhoneSimulator.Build.0 = Release|Any CPU
		{050CE6DE-ECAF-4C7E-A7C8-DB8D977C98C8}.Release|x64.ActiveCfg = Release|Any CPU
		{050CE6DE-ECAF-4C7E-A7C8-DB8D977C98C8}.Release|x64.Build.0 = Release|Any CPU
		{050CE6DE-ECAF-4C7E-A7C8-DB8D977C98C8}.Release|x86.ActiveCfg = Release|Any CPU
		{050CE6DE-ECAF-4C7E-A7C8-DB8D977C98C8}.Release|x86.Build.0 = Release|Any CPU
		{E2D0BBB0-9317-47EF-83F6-F50F452C6A26}.Debug|Any CPU.ActiveCfg = Debug|Any CPU
		{E2D0BBB0-9317-47EF-83F6-F50F452C6A26}.Debug|Any CPU.Build.0 = Debug|Any CPU
		{E2D0BBB0-9317-47EF-83F6-F50F452C6A26}.Debug|iPhone.ActiveCfg = Debug|Any CPU
		{E2D0BBB0-9317-47EF-83F6-F50F452C6A26}.Debug|iPhone.Build.0 = Debug|Any CPU
		{E2D0BBB0-9317-47EF-83F6-F50F452C6A26}.Debug|iPhoneSimulator.ActiveCfg = Debug|Any CPU
		{E2D0BBB0-9317-47EF-83F6-F50F452C6A26}.Debug|iPhoneSimulator.Build.0 = Debug|Any CPU
		{E2D0BBB0-9317-47EF-83F6-F50F452C6A26}.Debug|x64.ActiveCfg = Debug|Any CPU
		{E2D0BBB0-9317-47EF-83F6-F50F452C6A26}.Debug|x64.Build.0 = Debug|Any CPU
		{E2D0BBB0-9317-47EF-83F6-F50F452C6A26}.Debug|x86.ActiveCfg = Debug|Any CPU
		{E2D0BBB0-9317-47EF-83F6-F50F452C6A26}.Debug|x86.Build.0 = Debug|Any CPU
		{E2D0BBB0-9317-47EF-83F6-F50F452C6A26}.Release|Any CPU.ActiveCfg = Release|Any CPU
		{E2D0BBB0-9317-47EF-83F6-F50F452C6A26}.Release|Any CPU.Build.0 = Release|Any CPU
		{E2D0BBB0-9317-47EF-83F6-F50F452C6A26}.Release|iPhone.ActiveCfg = Release|Any CPU
		{E2D0BBB0-9317-47EF-83F6-F50F452C6A26}.Release|iPhone.Build.0 = Release|Any CPU
		{E2D0BBB0-9317-47EF-83F6-F50F452C6A26}.Release|iPhoneSimulator.ActiveCfg = Release|Any CPU
		{E2D0BBB0-9317-47EF-83F6-F50F452C6A26}.Release|iPhoneSimulator.Build.0 = Release|Any CPU
		{E2D0BBB0-9317-47EF-83F6-F50F452C6A26}.Release|x64.ActiveCfg = Release|Any CPU
		{E2D0BBB0-9317-47EF-83F6-F50F452C6A26}.Release|x64.Build.0 = Release|Any CPU
		{E2D0BBB0-9317-47EF-83F6-F50F452C6A26}.Release|x86.ActiveCfg = Release|Any CPU
		{E2D0BBB0-9317-47EF-83F6-F50F452C6A26}.Release|x86.Build.0 = Release|Any CPU
		{3F41403F-A9A3-45CE-81E2-3FAFCEDD9509}.Debug|Any CPU.ActiveCfg = Debug|Any CPU
		{3F41403F-A9A3-45CE-81E2-3FAFCEDD9509}.Debug|Any CPU.Build.0 = Debug|Any CPU
		{3F41403F-A9A3-45CE-81E2-3FAFCEDD9509}.Debug|iPhone.ActiveCfg = Debug|Any CPU
		{3F41403F-A9A3-45CE-81E2-3FAFCEDD9509}.Debug|iPhone.Build.0 = Debug|Any CPU
		{3F41403F-A9A3-45CE-81E2-3FAFCEDD9509}.Debug|iPhoneSimulator.ActiveCfg = Debug|Any CPU
		{3F41403F-A9A3-45CE-81E2-3FAFCEDD9509}.Debug|iPhoneSimulator.Build.0 = Debug|Any CPU
		{3F41403F-A9A3-45CE-81E2-3FAFCEDD9509}.Debug|x64.ActiveCfg = Debug|Any CPU
		{3F41403F-A9A3-45CE-81E2-3FAFCEDD9509}.Debug|x64.Build.0 = Debug|Any CPU
		{3F41403F-A9A3-45CE-81E2-3FAFCEDD9509}.Debug|x86.ActiveCfg = Debug|Any CPU
		{3F41403F-A9A3-45CE-81E2-3FAFCEDD9509}.Debug|x86.Build.0 = Debug|Any CPU
		{3F41403F-A9A3-45CE-81E2-3FAFCEDD9509}.Release|Any CPU.ActiveCfg = Release|Any CPU
		{3F41403F-A9A3-45CE-81E2-3FAFCEDD9509}.Release|Any CPU.Build.0 = Release|Any CPU
		{3F41403F-A9A3-45CE-81E2-3FAFCEDD9509}.Release|iPhone.ActiveCfg = Release|Any CPU
		{3F41403F-A9A3-45CE-81E2-3FAFCEDD9509}.Release|iPhone.Build.0 = Release|Any CPU
		{3F41403F-A9A3-45CE-81E2-3FAFCEDD9509}.Release|iPhoneSimulator.ActiveCfg = Release|Any CPU
		{3F41403F-A9A3-45CE-81E2-3FAFCEDD9509}.Release|iPhoneSimulator.Build.0 = Release|Any CPU
		{3F41403F-A9A3-45CE-81E2-3FAFCEDD9509}.Release|x64.ActiveCfg = Release|Any CPU
		{3F41403F-A9A3-45CE-81E2-3FAFCEDD9509}.Release|x64.Build.0 = Release|Any CPU
		{3F41403F-A9A3-45CE-81E2-3FAFCEDD9509}.Release|x86.ActiveCfg = Release|Any CPU
		{3F41403F-A9A3-45CE-81E2-3FAFCEDD9509}.Release|x86.Build.0 = Release|Any CPU
		{605C139C-D6F4-446A-AB28-A5C713A07043}.Debug|Any CPU.ActiveCfg = Debug|Any CPU
		{605C139C-D6F4-446A-AB28-A5C713A07043}.Debug|Any CPU.Build.0 = Debug|Any CPU
		{605C139C-D6F4-446A-AB28-A5C713A07043}.Debug|iPhone.ActiveCfg = Debug|Any CPU
		{605C139C-D6F4-446A-AB28-A5C713A07043}.Debug|iPhone.Build.0 = Debug|Any CPU
		{605C139C-D6F4-446A-AB28-A5C713A07043}.Debug|iPhoneSimulator.ActiveCfg = Debug|Any CPU
		{605C139C-D6F4-446A-AB28-A5C713A07043}.Debug|iPhoneSimulator.Build.0 = Debug|Any CPU
		{605C139C-D6F4-446A-AB28-A5C713A07043}.Debug|x64.ActiveCfg = Debug|Any CPU
		{605C139C-D6F4-446A-AB28-A5C713A07043}.Debug|x64.Build.0 = Debug|Any CPU
		{605C139C-D6F4-446A-AB28-A5C713A07043}.Debug|x86.ActiveCfg = Debug|Any CPU
		{605C139C-D6F4-446A-AB28-A5C713A07043}.Debug|x86.Build.0 = Debug|Any CPU
		{605C139C-D6F4-446A-AB28-A5C713A07043}.Release|Any CPU.ActiveCfg = Release|Any CPU
		{605C139C-D6F4-446A-AB28-A5C713A07043}.Release|Any CPU.Build.0 = Release|Any CPU
		{605C139C-D6F4-446A-AB28-A5C713A07043}.Release|iPhone.ActiveCfg = Release|Any CPU
		{605C139C-D6F4-446A-AB28-A5C713A07043}.Release|iPhone.Build.0 = Release|Any CPU
		{605C139C-D6F4-446A-AB28-A5C713A07043}.Release|iPhoneSimulator.ActiveCfg = Release|Any CPU
		{605C139C-D6F4-446A-AB28-A5C713A07043}.Release|iPhoneSimulator.Build.0 = Release|Any CPU
		{605C139C-D6F4-446A-AB28-A5C713A07043}.Release|x64.ActiveCfg = Release|Any CPU
		{605C139C-D6F4-446A-AB28-A5C713A07043}.Release|x64.Build.0 = Release|Any CPU
		{605C139C-D6F4-446A-AB28-A5C713A07043}.Release|x86.ActiveCfg = Release|Any CPU
		{605C139C-D6F4-446A-AB28-A5C713A07043}.Release|x86.Build.0 = Release|Any CPU
		{F23B7419-BFD6-4DD5-98EB-B5240978D94D}.Debug|Any CPU.ActiveCfg = Debug|Any CPU
		{F23B7419-BFD6-4DD5-98EB-B5240978D94D}.Debug|Any CPU.Build.0 = Debug|Any CPU
		{F23B7419-BFD6-4DD5-98EB-B5240978D94D}.Debug|iPhone.ActiveCfg = Debug|Any CPU
		{F23B7419-BFD6-4DD5-98EB-B5240978D94D}.Debug|iPhone.Build.0 = Debug|Any CPU
		{F23B7419-BFD6-4DD5-98EB-B5240978D94D}.Debug|iPhoneSimulator.ActiveCfg = Debug|Any CPU
		{F23B7419-BFD6-4DD5-98EB-B5240978D94D}.Debug|iPhoneSimulator.Build.0 = Debug|Any CPU
		{F23B7419-BFD6-4DD5-98EB-B5240978D94D}.Debug|x64.ActiveCfg = Debug|Any CPU
		{F23B7419-BFD6-4DD5-98EB-B5240978D94D}.Debug|x64.Build.0 = Debug|Any CPU
		{F23B7419-BFD6-4DD5-98EB-B5240978D94D}.Debug|x86.ActiveCfg = Debug|Any CPU
		{F23B7419-BFD6-4DD5-98EB-B5240978D94D}.Debug|x86.Build.0 = Debug|Any CPU
		{F23B7419-BFD6-4DD5-98EB-B5240978D94D}.Release|Any CPU.ActiveCfg = Release|Any CPU
		{F23B7419-BFD6-4DD5-98EB-B5240978D94D}.Release|Any CPU.Build.0 = Release|Any CPU
		{F23B7419-BFD6-4DD5-98EB-B5240978D94D}.Release|iPhone.ActiveCfg = Release|Any CPU
		{F23B7419-BFD6-4DD5-98EB-B5240978D94D}.Release|iPhone.Build.0 = Release|Any CPU
		{F23B7419-BFD6-4DD5-98EB-B5240978D94D}.Release|iPhoneSimulator.ActiveCfg = Release|Any CPU
		{F23B7419-BFD6-4DD5-98EB-B5240978D94D}.Release|iPhoneSimulator.Build.0 = Release|Any CPU
		{F23B7419-BFD6-4DD5-98EB-B5240978D94D}.Release|x64.ActiveCfg = Release|Any CPU
		{F23B7419-BFD6-4DD5-98EB-B5240978D94D}.Release|x64.Build.0 = Release|Any CPU
		{F23B7419-BFD6-4DD5-98EB-B5240978D94D}.Release|x86.ActiveCfg = Release|Any CPU
		{F23B7419-BFD6-4DD5-98EB-B5240978D94D}.Release|x86.Build.0 = Release|Any CPU
		{BCBD77AD-74D1-4F5F-9673-C68D593B4DDD}.Debug|Any CPU.ActiveCfg = Debug|Any CPU
		{BCBD77AD-74D1-4F5F-9673-C68D593B4DDD}.Debug|Any CPU.Build.0 = Debug|Any CPU
		{BCBD77AD-74D1-4F5F-9673-C68D593B4DDD}.Debug|Any CPU.Deploy.0 = Debug|Any CPU
		{BCBD77AD-74D1-4F5F-9673-C68D593B4DDD}.Debug|iPhone.ActiveCfg = Debug|Any CPU
		{BCBD77AD-74D1-4F5F-9673-C68D593B4DDD}.Debug|iPhone.Build.0 = Debug|Any CPU
		{BCBD77AD-74D1-4F5F-9673-C68D593B4DDD}.Debug|iPhone.Deploy.0 = Debug|Any CPU
		{BCBD77AD-74D1-4F5F-9673-C68D593B4DDD}.Debug|iPhoneSimulator.ActiveCfg = Debug|Any CPU
		{BCBD77AD-74D1-4F5F-9673-C68D593B4DDD}.Debug|iPhoneSimulator.Build.0 = Debug|Any CPU
		{BCBD77AD-74D1-4F5F-9673-C68D593B4DDD}.Debug|iPhoneSimulator.Deploy.0 = Debug|Any CPU
		{BCBD77AD-74D1-4F5F-9673-C68D593B4DDD}.Debug|x64.ActiveCfg = Debug|Any CPU
		{BCBD77AD-74D1-4F5F-9673-C68D593B4DDD}.Debug|x64.Build.0 = Debug|Any CPU
		{BCBD77AD-74D1-4F5F-9673-C68D593B4DDD}.Debug|x64.Deploy.0 = Debug|Any CPU
		{BCBD77AD-74D1-4F5F-9673-C68D593B4DDD}.Debug|x86.ActiveCfg = Debug|Any CPU
		{BCBD77AD-74D1-4F5F-9673-C68D593B4DDD}.Debug|x86.Build.0 = Debug|Any CPU
		{BCBD77AD-74D1-4F5F-9673-C68D593B4DDD}.Debug|x86.Deploy.0 = Debug|Any CPU
		{BCBD77AD-74D1-4F5F-9673-C68D593B4DDD}.Release|Any CPU.ActiveCfg = Release|Any CPU
		{BCBD77AD-74D1-4F5F-9673-C68D593B4DDD}.Release|Any CPU.Build.0 = Release|Any CPU
		{BCBD77AD-74D1-4F5F-9673-C68D593B4DDD}.Release|Any CPU.Deploy.0 = Release|Any CPU
		{BCBD77AD-74D1-4F5F-9673-C68D593B4DDD}.Release|iPhone.ActiveCfg = Release|Any CPU
		{BCBD77AD-74D1-4F5F-9673-C68D593B4DDD}.Release|iPhone.Build.0 = Release|Any CPU
		{BCBD77AD-74D1-4F5F-9673-C68D593B4DDD}.Release|iPhone.Deploy.0 = Release|Any CPU
		{BCBD77AD-74D1-4F5F-9673-C68D593B4DDD}.Release|iPhoneSimulator.ActiveCfg = Release|Any CPU
		{BCBD77AD-74D1-4F5F-9673-C68D593B4DDD}.Release|iPhoneSimulator.Build.0 = Release|Any CPU
		{BCBD77AD-74D1-4F5F-9673-C68D593B4DDD}.Release|iPhoneSimulator.Deploy.0 = Release|Any CPU
		{BCBD77AD-74D1-4F5F-9673-C68D593B4DDD}.Release|x64.ActiveCfg = Release|Any CPU
		{BCBD77AD-74D1-4F5F-9673-C68D593B4DDD}.Release|x64.Build.0 = Release|Any CPU
		{BCBD77AD-74D1-4F5F-9673-C68D593B4DDD}.Release|x64.Deploy.0 = Release|Any CPU
		{BCBD77AD-74D1-4F5F-9673-C68D593B4DDD}.Release|x86.ActiveCfg = Release|Any CPU
		{BCBD77AD-74D1-4F5F-9673-C68D593B4DDD}.Release|x86.Build.0 = Release|Any CPU
		{BCBD77AD-74D1-4F5F-9673-C68D593B4DDD}.Release|x86.Deploy.0 = Release|Any CPU
		{8312F98B-4B14-40C2-BDC7-BD217B96EC67}.Debug|Any CPU.ActiveCfg = Debug|Any CPU
		{8312F98B-4B14-40C2-BDC7-BD217B96EC67}.Debug|Any CPU.Build.0 = Debug|Any CPU
		{8312F98B-4B14-40C2-BDC7-BD217B96EC67}.Debug|iPhone.ActiveCfg = Debug|Any CPU
		{8312F98B-4B14-40C2-BDC7-BD217B96EC67}.Debug|iPhone.Build.0 = Debug|Any CPU
		{8312F98B-4B14-40C2-BDC7-BD217B96EC67}.Debug|iPhoneSimulator.ActiveCfg = Debug|Any CPU
		{8312F98B-4B14-40C2-BDC7-BD217B96EC67}.Debug|iPhoneSimulator.Build.0 = Debug|Any CPU
		{8312F98B-4B14-40C2-BDC7-BD217B96EC67}.Debug|x64.ActiveCfg = Debug|Any CPU
		{8312F98B-4B14-40C2-BDC7-BD217B96EC67}.Debug|x64.Build.0 = Debug|Any CPU
		{8312F98B-4B14-40C2-BDC7-BD217B96EC67}.Debug|x86.ActiveCfg = Debug|Any CPU
		{8312F98B-4B14-40C2-BDC7-BD217B96EC67}.Debug|x86.Build.0 = Debug|Any CPU
		{8312F98B-4B14-40C2-BDC7-BD217B96EC67}.Release|Any CPU.ActiveCfg = Release|Any CPU
		{8312F98B-4B14-40C2-BDC7-BD217B96EC67}.Release|Any CPU.Build.0 = Release|Any CPU
		{8312F98B-4B14-40C2-BDC7-BD217B96EC67}.Release|iPhone.ActiveCfg = Release|Any CPU
		{8312F98B-4B14-40C2-BDC7-BD217B96EC67}.Release|iPhone.Build.0 = Release|Any CPU
		{8312F98B-4B14-40C2-BDC7-BD217B96EC67}.Release|iPhoneSimulator.ActiveCfg = Release|Any CPU
		{8312F98B-4B14-40C2-BDC7-BD217B96EC67}.Release|iPhoneSimulator.Build.0 = Release|Any CPU
		{8312F98B-4B14-40C2-BDC7-BD217B96EC67}.Release|x64.ActiveCfg = Release|Any CPU
		{8312F98B-4B14-40C2-BDC7-BD217B96EC67}.Release|x64.Build.0 = Release|Any CPU
		{8312F98B-4B14-40C2-BDC7-BD217B96EC67}.Release|x86.ActiveCfg = Release|Any CPU
		{8312F98B-4B14-40C2-BDC7-BD217B96EC67}.Release|x86.Build.0 = Release|Any CPU
		{894136EE-5383-42CC-AE46-345418A474F2}.Debug|Any CPU.ActiveCfg = Debug|Any CPU
		{894136EE-5383-42CC-AE46-345418A474F2}.Debug|Any CPU.Build.0 = Debug|Any CPU
		{894136EE-5383-42CC-AE46-345418A474F2}.Debug|iPhone.ActiveCfg = Debug|Any CPU
		{894136EE-5383-42CC-AE46-345418A474F2}.Debug|iPhone.Build.0 = Debug|Any CPU
		{894136EE-5383-42CC-AE46-345418A474F2}.Debug|iPhoneSimulator.ActiveCfg = Debug|Any CPU
		{894136EE-5383-42CC-AE46-345418A474F2}.Debug|iPhoneSimulator.Build.0 = Debug|Any CPU
		{894136EE-5383-42CC-AE46-345418A474F2}.Debug|x64.ActiveCfg = Debug|Any CPU
		{894136EE-5383-42CC-AE46-345418A474F2}.Debug|x64.Build.0 = Debug|Any CPU
		{894136EE-5383-42CC-AE46-345418A474F2}.Debug|x86.ActiveCfg = Debug|Any CPU
		{894136EE-5383-42CC-AE46-345418A474F2}.Debug|x86.Build.0 = Debug|Any CPU
		{894136EE-5383-42CC-AE46-345418A474F2}.Release|Any CPU.ActiveCfg = Release|Any CPU
		{894136EE-5383-42CC-AE46-345418A474F2}.Release|Any CPU.Build.0 = Release|Any CPU
		{894136EE-5383-42CC-AE46-345418A474F2}.Release|iPhone.ActiveCfg = Release|Any CPU
		{894136EE-5383-42CC-AE46-345418A474F2}.Release|iPhone.Build.0 = Release|Any CPU
		{894136EE-5383-42CC-AE46-345418A474F2}.Release|iPhoneSimulator.ActiveCfg = Release|Any CPU
		{894136EE-5383-42CC-AE46-345418A474F2}.Release|iPhoneSimulator.Build.0 = Release|Any CPU
		{894136EE-5383-42CC-AE46-345418A474F2}.Release|x64.ActiveCfg = Release|Any CPU
		{894136EE-5383-42CC-AE46-345418A474F2}.Release|x64.Build.0 = Release|Any CPU
		{894136EE-5383-42CC-AE46-345418A474F2}.Release|x86.ActiveCfg = Release|Any CPU
		{894136EE-5383-42CC-AE46-345418A474F2}.Release|x86.Build.0 = Release|Any CPU
		{820024D2-10D8-4CD7-9C4A-42F38EEBCC55}.Debug|Any CPU.ActiveCfg = Debug|Any CPU
		{820024D2-10D8-4CD7-9C4A-42F38EEBCC55}.Debug|Any CPU.Build.0 = Debug|Any CPU
		{820024D2-10D8-4CD7-9C4A-42F38EEBCC55}.Debug|iPhone.ActiveCfg = Debug|Any CPU
		{820024D2-10D8-4CD7-9C4A-42F38EEBCC55}.Debug|iPhone.Build.0 = Debug|Any CPU
		{820024D2-10D8-4CD7-9C4A-42F38EEBCC55}.Debug|iPhoneSimulator.ActiveCfg = Debug|Any CPU
		{820024D2-10D8-4CD7-9C4A-42F38EEBCC55}.Debug|iPhoneSimulator.Build.0 = Debug|Any CPU
		{820024D2-10D8-4CD7-9C4A-42F38EEBCC55}.Debug|x64.ActiveCfg = Debug|Any CPU
		{820024D2-10D8-4CD7-9C4A-42F38EEBCC55}.Debug|x64.Build.0 = Debug|Any CPU
		{820024D2-10D8-4CD7-9C4A-42F38EEBCC55}.Debug|x86.ActiveCfg = Debug|Any CPU
		{820024D2-10D8-4CD7-9C4A-42F38EEBCC55}.Debug|x86.Build.0 = Debug|Any CPU
		{820024D2-10D8-4CD7-9C4A-42F38EEBCC55}.Release|Any CPU.ActiveCfg = Release|Any CPU
		{820024D2-10D8-4CD7-9C4A-42F38EEBCC55}.Release|Any CPU.Build.0 = Release|Any CPU
		{820024D2-10D8-4CD7-9C4A-42F38EEBCC55}.Release|iPhone.ActiveCfg = Release|Any CPU
		{820024D2-10D8-4CD7-9C4A-42F38EEBCC55}.Release|iPhone.Build.0 = Release|Any CPU
		{820024D2-10D8-4CD7-9C4A-42F38EEBCC55}.Release|iPhoneSimulator.ActiveCfg = Release|Any CPU
		{820024D2-10D8-4CD7-9C4A-42F38EEBCC55}.Release|iPhoneSimulator.Build.0 = Release|Any CPU
		{820024D2-10D8-4CD7-9C4A-42F38EEBCC55}.Release|x64.ActiveCfg = Release|Any CPU
		{820024D2-10D8-4CD7-9C4A-42F38EEBCC55}.Release|x64.Build.0 = Release|Any CPU
		{820024D2-10D8-4CD7-9C4A-42F38EEBCC55}.Release|x86.ActiveCfg = Release|Any CPU
		{820024D2-10D8-4CD7-9C4A-42F38EEBCC55}.Release|x86.Build.0 = Release|Any CPU
		{14FC5792-4F56-483B-A575-637CC74069FD}.Debug|Any CPU.ActiveCfg = Debug|Any CPU
		{14FC5792-4F56-483B-A575-637CC74069FD}.Debug|Any CPU.Build.0 = Debug|Any CPU
		{14FC5792-4F56-483B-A575-637CC74069FD}.Debug|iPhone.ActiveCfg = Debug|Any CPU
		{14FC5792-4F56-483B-A575-637CC74069FD}.Debug|iPhone.Build.0 = Debug|Any CPU
		{14FC5792-4F56-483B-A575-637CC74069FD}.Debug|iPhoneSimulator.ActiveCfg = Debug|Any CPU
		{14FC5792-4F56-483B-A575-637CC74069FD}.Debug|iPhoneSimulator.Build.0 = Debug|Any CPU
		{14FC5792-4F56-483B-A575-637CC74069FD}.Debug|x64.ActiveCfg = Debug|Any CPU
		{14FC5792-4F56-483B-A575-637CC74069FD}.Debug|x64.Build.0 = Debug|Any CPU
		{14FC5792-4F56-483B-A575-637CC74069FD}.Debug|x86.ActiveCfg = Debug|Any CPU
		{14FC5792-4F56-483B-A575-637CC74069FD}.Debug|x86.Build.0 = Debug|Any CPU
		{14FC5792-4F56-483B-A575-637CC74069FD}.Release|Any CPU.ActiveCfg = Release|Any CPU
		{14FC5792-4F56-483B-A575-637CC74069FD}.Release|Any CPU.Build.0 = Release|Any CPU
		{14FC5792-4F56-483B-A575-637CC74069FD}.Release|iPhone.ActiveCfg = Release|Any CPU
		{14FC5792-4F56-483B-A575-637CC74069FD}.Release|iPhone.Build.0 = Release|Any CPU
		{14FC5792-4F56-483B-A575-637CC74069FD}.Release|iPhoneSimulator.ActiveCfg = Release|Any CPU
		{14FC5792-4F56-483B-A575-637CC74069FD}.Release|iPhoneSimulator.Build.0 = Release|Any CPU
		{14FC5792-4F56-483B-A575-637CC74069FD}.Release|x64.ActiveCfg = Release|Any CPU
		{14FC5792-4F56-483B-A575-637CC74069FD}.Release|x64.Build.0 = Release|Any CPU
		{14FC5792-4F56-483B-A575-637CC74069FD}.Release|x86.ActiveCfg = Release|Any CPU
		{14FC5792-4F56-483B-A575-637CC74069FD}.Release|x86.Build.0 = Release|Any CPU
	EndGlobalSection
	GlobalSection(SolutionProperties) = preSolution
		HideSolutionNode = FALSE
	EndGlobalSection
	GlobalSection(NestedProjects) = preSolution
		{90459635-8633-482F-9A01-AD07AC033B99} = {0EB8B659-FE79-46B6-A87A-3EAC7A5AE321}
		{F23B7419-BFD6-4DD5-98EB-B5240978D94D} = {90459635-8633-482F-9A01-AD07AC033B99}
		{BCBD77AD-74D1-4F5F-9673-C68D593B4DDD} = {90459635-8633-482F-9A01-AD07AC033B99}
		{8312F98B-4B14-40C2-BDC7-BD217B96EC67} = {90459635-8633-482F-9A01-AD07AC033B99}
		{894136EE-5383-42CC-AE46-345418A474F2} = {0EB8B659-FE79-46B6-A87A-3EAC7A5AE321}
		{820024D2-10D8-4CD7-9C4A-42F38EEBCC55} = {0EB8B659-FE79-46B6-A87A-3EAC7A5AE321}
		{14FC5792-4F56-483B-A575-637CC74069FD} = {90459635-8633-482F-9A01-AD07AC033B99}
	EndGlobalSection
	GlobalSection(ExtensibilityGlobals) = postSolution
		SolutionGuid = {DA107107-478F-477A-872B-787CEA7DD9B8}
	EndGlobalSection
EndGlobal
