
Microsoft Visual Studio Solution File, Format Version 12.00
# Visual Studio Version 17
VisualStudioVersion = 17.0.31808.319
MinimumVisualStudioVersion = 10.0.40219.1
Project("{2150E333-8FDC-42A3-9474-1A3956D46DE8}") = ".Solution Items", ".Solution Items", "{7B24BEC3-93BA-4789-B009-71A778ADA56F}"
	ProjectSection(SolutionItems) = preProject
		..\.editorconfig = ..\.editorconfig
		..\..\.gitignore = ..\..\.gitignore
		..\Bit.Build.props = ..\Bit.Build.props
		..\global.json = ..\global.json
		README.md = README.md
	EndProjectSection
EndProject
Project("{2150E333-8FDC-42A3-9474-1A3956D46DE8}") = "Demo", "Demo", "{23426B1A-CC46-4D11-B233-208A57B2BCA2}"
	ProjectSection(SolutionItems) = preProject
		Demo\Directory.Build.props = Demo\Directory.Build.props
		Demo\README.md = Demo\README.md
	EndProjectSection
EndProject
Project("{9A19103F-16F7-4668-BE54-9A1E7A4F7556}") = "Bit.BlazorUI", "Bit.BlazorUI\Bit.BlazorUI.csproj", "{F37D7E88-89A9-4D4D-A551-86F04E75F92A}"
EndProject
Project("{9A19103F-16F7-4668-BE54-9A1E7A4F7556}") = "Bit.BlazorUI.Tests", "Bit.BlazorUI.Tests\Bit.BlazorUI.Tests.csproj", "{E7688DE8-19F7-42A4-BCE4-C5FBA0D53626}"
EndProject
Project("{9A19103F-16F7-4668-BE54-9A1E7A4F7556}") = "Bit.BlazorUI.SourceGenerators", "Bit.BlazorUI.SourceGenerators\Bit.BlazorUI.SourceGenerators.csproj", "{050CE6DE-ECAF-4C7E-A7C8-DB8D977C98C8}"
EndProject
Project("{2150E333-8FDC-42A3-9474-1A3956D46DE8}") = ".github", ".github", "{04FCC31B-45F7-4DBF-B9B3-2DCC8168759E}"
	ProjectSection(SolutionItems) = preProject
		..\..\.github\workflows\Bit.ci.yml = ..\..\.github\workflows\Bit.ci.yml
		..\..\.github\workflows\nuget.org.yml = ..\..\.github\workflows\nuget.org.yml
		..\..\.github\workflows\Prerelease.nuget.org.yml = ..\..\.github\workflows\Prerelease.nuget.org.yml
	EndProjectSection
EndProject
Project("{9A19103F-16F7-4668-BE54-9A1E7A4F7556}") = "Bit.BlazorUI.Charts", "Bit.BlazorUI.Charts\Bit.BlazorUI.Charts.csproj", "{422177A3-DE29-4726-8DF2-3CFD2798B7D7}"
EndProject
Project("{9A19103F-16F7-4668-BE54-9A1E7A4F7556}") = "Bit.BlazorUI.Demo.Api", "Demo\Api\Bit.BlazorUI.Demo.Api.csproj", "{7C739E22-5357-4DBD-A406-505E14C537EE}"
EndProject
Project("{9A19103F-16F7-4668-BE54-9A1E7A4F7556}") = "Bit.BlazorUI.Demo.App", "Demo\App\Bit.BlazorUI.Demo.App.csproj", "{A2A68BDD-1E3C-4262-8F6B-8431AA3CD399}"
EndProject
Project("{9A19103F-16F7-4668-BE54-9A1E7A4F7556}") = "Bit.BlazorUI.Demo.Shared", "Demo\Shared\Bit.BlazorUI.Demo.Shared.csproj", "{B4F51875-B1A8-4DC6-AE23-AC1F7EAEBCEA}"
EndProject
Project("{9A19103F-16F7-4668-BE54-9A1E7A4F7556}") = "Bit.BlazorUI.Demo.Web", "Demo\Web\Bit.BlazorUI.Demo.Web.csproj", "{6A82D58A-CE61-43EF-9838-EF6F4D56C152}"
EndProject
Global
	GlobalSection(SolutionConfigurationPlatforms) = preSolution
		Debug|Any CPU = Debug|Any CPU
		Debug|iPhone = Debug|iPhone
		Debug|iPhoneSimulator = Debug|iPhoneSimulator
		Debug|x64 = Debug|x64
		Debug|x86 = Debug|x86
		Release|Any CPU = Release|Any CPU
		Release|iPhone = Release|iPhone
		Release|iPhoneSimulator = Release|iPhoneSimulator
		Release|x64 = Release|x64
		Release|x86 = Release|x86
	EndGlobalSection
	GlobalSection(ProjectConfigurationPlatforms) = postSolution
		{F37D7E88-89A9-4D4D-A551-86F04E75F92A}.Debug|Any CPU.ActiveCfg = Debug|Any CPU
		{F37D7E88-89A9-4D4D-A551-86F04E75F92A}.Debug|Any CPU.Build.0 = Debug|Any CPU
		{F37D7E88-89A9-4D4D-A551-86F04E75F92A}.Debug|iPhone.ActiveCfg = Debug|Any CPU
		{F37D7E88-89A9-4D4D-A551-86F04E75F92A}.Debug|iPhone.Build.0 = Debug|Any CPU
		{F37D7E88-89A9-4D4D-A551-86F04E75F92A}.Debug|iPhoneSimulator.ActiveCfg = Debug|Any CPU
		{F37D7E88-89A9-4D4D-A551-86F04E75F92A}.Debug|iPhoneSimulator.Build.0 = Debug|Any CPU
		{F37D7E88-89A9-4D4D-A551-86F04E75F92A}.Debug|x64.ActiveCfg = Debug|Any CPU
		{F37D7E88-89A9-4D4D-A551-86F04E75F92A}.Debug|x64.Build.0 = Debug|Any CPU
		{F37D7E88-89A9-4D4D-A551-86F04E75F92A}.Debug|x86.ActiveCfg = Debug|Any CPU
		{F37D7E88-89A9-4D4D-A551-86F04E75F92A}.Debug|x86.Build.0 = Debug|Any CPU
		{F37D7E88-89A9-4D4D-A551-86F04E75F92A}.Release|Any CPU.ActiveCfg = Release|Any CPU
		{F37D7E88-89A9-4D4D-A551-86F04E75F92A}.Release|Any CPU.Build.0 = Release|Any CPU
		{F37D7E88-89A9-4D4D-A551-86F04E75F92A}.Release|iPhone.ActiveCfg = Release|Any CPU
		{F37D7E88-89A9-4D4D-A551-86F04E75F92A}.Release|iPhone.Build.0 = Release|Any CPU
		{F37D7E88-89A9-4D4D-A551-86F04E75F92A}.Release|iPhoneSimulator.ActiveCfg = Release|Any CPU
		{F37D7E88-89A9-4D4D-A551-86F04E75F92A}.Release|iPhoneSimulator.Build.0 = Release|Any CPU
		{F37D7E88-89A9-4D4D-A551-86F04E75F92A}.Release|x64.ActiveCfg = Release|Any CPU
		{F37D7E88-89A9-4D4D-A551-86F04E75F92A}.Release|x64.Build.0 = Release|Any CPU
		{F37D7E88-89A9-4D4D-A551-86F04E75F92A}.Release|x86.ActiveCfg = Release|Any CPU
		{F37D7E88-89A9-4D4D-A551-86F04E75F92A}.Release|x86.Build.0 = Release|Any CPU
		{E7688DE8-19F7-42A4-BCE4-C5FBA0D53626}.Debug|Any CPU.ActiveCfg = Debug|Any CPU
		{E7688DE8-19F7-42A4-BCE4-C5FBA0D53626}.Debug|Any CPU.Build.0 = Debug|Any CPU
		{E7688DE8-19F7-42A4-BCE4-C5FBA0D53626}.Debug|iPhone.ActiveCfg = Debug|Any CPU
		{E7688DE8-19F7-42A4-BCE4-C5FBA0D53626}.Debug|iPhone.Build.0 = Debug|Any CPU
		{E7688DE8-19F7-42A4-BCE4-C5FBA0D53626}.Debug|iPhoneSimulator.ActiveCfg = Debug|Any CPU
		{E7688DE8-19F7-42A4-BCE4-C5FBA0D53626}.Debug|iPhoneSimulator.Build.0 = Debug|Any CPU
		{E7688DE8-19F7-42A4-BCE4-C5FBA0D53626}.Debug|x64.ActiveCfg = Debug|Any CPU
		{E7688DE8-19F7-42A4-BCE4-C5FBA0D53626}.Debug|x64.Build.0 = Debug|Any CPU
		{E7688DE8-19F7-42A4-BCE4-C5FBA0D53626}.Debug|x86.ActiveCfg = Debug|Any CPU
		{E7688DE8-19F7-42A4-BCE4-C5FBA0D53626}.Debug|x86.Build.0 = Debug|Any CPU
		{E7688DE8-19F7-42A4-BCE4-C5FBA0D53626}.Release|Any CPU.ActiveCfg = Release|Any CPU
		{E7688DE8-19F7-42A4-BCE4-C5FBA0D53626}.Release|Any CPU.Build.0 = Release|Any CPU
		{E7688DE8-19F7-42A4-BCE4-C5FBA0D53626}.Release|iPhone.ActiveCfg = Release|Any CPU
		{E7688DE8-19F7-42A4-BCE4-C5FBA0D53626}.Release|iPhone.Build.0 = Release|Any CPU
		{E7688DE8-19F7-42A4-BCE4-C5FBA0D53626}.Release|iPhoneSimulator.ActiveCfg = Release|Any CPU
		{E7688DE8-19F7-42A4-BCE4-C5FBA0D53626}.Release|iPhoneSimulator.Build.0 = Release|Any CPU
		{E7688DE8-19F7-42A4-BCE4-C5FBA0D53626}.Release|x64.ActiveCfg = Release|Any CPU
		{E7688DE8-19F7-42A4-BCE4-C5FBA0D53626}.Release|x64.Build.0 = Release|Any CPU
		{E7688DE8-19F7-42A4-BCE4-C5FBA0D53626}.Release|x86.ActiveCfg = Release|Any CPU
		{E7688DE8-19F7-42A4-BCE4-C5FBA0D53626}.Release|x86.Build.0 = Release|Any CPU
		{050CE6DE-ECAF-4C7E-A7C8-DB8D977C98C8}.Debug|Any CPU.ActiveCfg = Debug|Any CPU
		{050CE6DE-ECAF-4C7E-A7C8-DB8D977C98C8}.Debug|Any CPU.Build.0 = Debug|Any CPU
		{050CE6DE-ECAF-4C7E-A7C8-DB8D977C98C8}.Debug|iPhone.ActiveCfg = Debug|Any CPU
		{050CE6DE-ECAF-4C7E-A7C8-DB8D977C98C8}.Debug|iPhone.Build.0 = Debug|Any CPU
		{050CE6DE-ECAF-4C7E-A7C8-DB8D977C98C8}.Debug|iPhoneSimulator.ActiveCfg = Debug|Any CPU
		{050CE6DE-ECAF-4C7E-A7C8-DB8D977C98C8}.Debug|iPhoneSimulator.Build.0 = Debug|Any CPU
		{050CE6DE-ECAF-4C7E-A7C8-DB8D977C98C8}.Debug|x64.ActiveCfg = Debug|Any CPU
		{050CE6DE-ECAF-4C7E-A7C8-DB8D977C98C8}.Debug|x64.Build.0 = Debug|Any CPU
		{050CE6DE-ECAF-4C7E-A7C8-DB8D977C98C8}.Debug|x86.ActiveCfg = Debug|Any CPU
		{050CE6DE-ECAF-4C7E-A7C8-DB8D977C98C8}.Debug|x86.Build.0 = Debug|Any CPU
		{050CE6DE-ECAF-4C7E-A7C8-DB8D977C98C8}.Release|Any CPU.ActiveCfg = Release|Any CPU
		{050CE6DE-ECAF-4C7E-A7C8-DB8D977C98C8}.Release|Any CPU.Build.0 = Release|Any CPU
		{050CE6DE-ECAF-4C7E-A7C8-DB8D977C98C8}.Release|iPhone.ActiveCfg = Release|Any CPU
		{050CE6DE-ECAF-4C7E-A7C8-DB8D977C98C8}.Release|iPhone.Build.0 = Release|Any CPU
		{050CE6DE-ECAF-4C7E-A7C8-DB8D977C98C8}.Release|iPhoneSimulator.ActiveCfg = Release|Any CPU
		{050CE6DE-ECAF-4C7E-A7C8-DB8D977C98C8}.Release|iPhoneSimulator.Build.0 = Release|Any CPU
		{050CE6DE-ECAF-4C7E-A7C8-DB8D977C98C8}.Release|x64.ActiveCfg = Release|Any CPU
		{050CE6DE-ECAF-4C7E-A7C8-DB8D977C98C8}.Release|x64.Build.0 = Release|Any CPU
		{050CE6DE-ECAF-4C7E-A7C8-DB8D977C98C8}.Release|x86.ActiveCfg = Release|Any CPU
		{050CE6DE-ECAF-4C7E-A7C8-DB8D977C98C8}.Release|x86.Build.0 = Release|Any CPU
		{422177A3-DE29-4726-8DF2-3CFD2798B7D7}.Debug|Any CPU.ActiveCfg = Debug|Any CPU
		{422177A3-DE29-4726-8DF2-3CFD2798B7D7}.Debug|Any CPU.Build.0 = Debug|Any CPU
		{422177A3-DE29-4726-8DF2-3CFD2798B7D7}.Debug|iPhone.ActiveCfg = Debug|Any CPU
		{422177A3-DE29-4726-8DF2-3CFD2798B7D7}.Debug|iPhone.Build.0 = Debug|Any CPU
		{422177A3-DE29-4726-8DF2-3CFD2798B7D7}.Debug|iPhoneSimulator.ActiveCfg = Debug|Any CPU
		{422177A3-DE29-4726-8DF2-3CFD2798B7D7}.Debug|iPhoneSimulator.Build.0 = Debug|Any CPU
		{422177A3-DE29-4726-8DF2-3CFD2798B7D7}.Debug|x64.ActiveCfg = Debug|Any CPU
		{422177A3-DE29-4726-8DF2-3CFD2798B7D7}.Debug|x64.Build.0 = Debug|Any CPU
		{422177A3-DE29-4726-8DF2-3CFD2798B7D7}.Debug|x86.ActiveCfg = Debug|Any CPU
		{422177A3-DE29-4726-8DF2-3CFD2798B7D7}.Debug|x86.Build.0 = Debug|Any CPU
		{422177A3-DE29-4726-8DF2-3CFD2798B7D7}.Release|Any CPU.ActiveCfg = Release|Any CPU
		{422177A3-DE29-4726-8DF2-3CFD2798B7D7}.Release|Any CPU.Build.0 = Release|Any CPU
		{422177A3-DE29-4726-8DF2-3CFD2798B7D7}.Release|iPhone.ActiveCfg = Release|Any CPU
		{422177A3-DE29-4726-8DF2-3CFD2798B7D7}.Release|iPhone.Build.0 = Release|Any CPU
		{422177A3-DE29-4726-8DF2-3CFD2798B7D7}.Release|iPhoneSimulator.ActiveCfg = Release|Any CPU
		{422177A3-DE29-4726-8DF2-3CFD2798B7D7}.Release|iPhoneSimulator.Build.0 = Release|Any CPU
		{422177A3-DE29-4726-8DF2-3CFD2798B7D7}.Release|x64.ActiveCfg = Release|Any CPU
		{422177A3-DE29-4726-8DF2-3CFD2798B7D7}.Release|x64.Build.0 = Release|Any CPU
		{422177A3-DE29-4726-8DF2-3CFD2798B7D7}.Release|x86.ActiveCfg = Release|Any CPU
		{422177A3-DE29-4726-8DF2-3CFD2798B7D7}.Release|x86.Build.0 = Release|Any CPU
		{7C739E22-5357-4DBD-A406-505E14C537EE}.Debug|Any CPU.ActiveCfg = Debug|Any CPU
		{7C739E22-5357-4DBD-A406-505E14C537EE}.Debug|Any CPU.Build.0 = Debug|Any CPU
		{7C739E22-5357-4DBD-A406-505E14C537EE}.Debug|iPhone.ActiveCfg = Debug|Any CPU
		{7C739E22-5357-4DBD-A406-505E14C537EE}.Debug|iPhone.Build.0 = Debug|Any CPU
		{7C739E22-5357-4DBD-A406-505E14C537EE}.Debug|iPhoneSimulator.ActiveCfg = Debug|Any CPU
		{7C739E22-5357-4DBD-A406-505E14C537EE}.Debug|iPhoneSimulator.Build.0 = Debug|Any CPU
		{7C739E22-5357-4DBD-A406-505E14C537EE}.Debug|x64.ActiveCfg = Debug|Any CPU
		{7C739E22-5357-4DBD-A406-505E14C537EE}.Debug|x64.Build.0 = Debug|Any CPU
		{7C739E22-5357-4DBD-A406-505E14C537EE}.Debug|x86.ActiveCfg = Debug|Any CPU
		{7C739E22-5357-4DBD-A406-505E14C537EE}.Debug|x86.Build.0 = Debug|Any CPU
		{7C739E22-5357-4DBD-A406-505E14C537EE}.Release|Any CPU.ActiveCfg = Release|Any CPU
		{7C739E22-5357-4DBD-A406-505E14C537EE}.Release|Any CPU.Build.0 = Release|Any CPU
		{7C739E22-5357-4DBD-A406-505E14C537EE}.Release|iPhone.ActiveCfg = Release|Any CPU
		{7C739E22-5357-4DBD-A406-505E14C537EE}.Release|iPhone.Build.0 = Release|Any CPU
		{7C739E22-5357-4DBD-A406-505E14C537EE}.Release|iPhoneSimulator.ActiveCfg = Release|Any CPU
		{7C739E22-5357-4DBD-A406-505E14C537EE}.Release|iPhoneSimulator.Build.0 = Release|Any CPU
		{7C739E22-5357-4DBD-A406-505E14C537EE}.Release|x64.ActiveCfg = Release|Any CPU
		{7C739E22-5357-4DBD-A406-505E14C537EE}.Release|x64.Build.0 = Release|Any CPU
		{7C739E22-5357-4DBD-A406-505E14C537EE}.Release|x86.ActiveCfg = Release|Any CPU
		{7C739E22-5357-4DBD-A406-505E14C537EE}.Release|x86.Build.0 = Release|Any CPU
		{A2A68BDD-1E3C-4262-8F6B-8431AA3CD399}.Debug|Any CPU.ActiveCfg = Debug|Any CPU
		{A2A68BDD-1E3C-4262-8F6B-8431AA3CD399}.Debug|Any CPU.Build.0 = Debug|Any CPU
		{A2A68BDD-1E3C-4262-8F6B-8431AA3CD399}.Debug|iPhone.ActiveCfg = Debug|Any CPU
		{A2A68BDD-1E3C-4262-8F6B-8431AA3CD399}.Debug|iPhone.Build.0 = Debug|Any CPU
		{A2A68BDD-1E3C-4262-8F6B-8431AA3CD399}.Debug|iPhoneSimulator.ActiveCfg = Debug|Any CPU
		{A2A68BDD-1E3C-4262-8F6B-8431AA3CD399}.Debug|iPhoneSimulator.Build.0 = Debug|Any CPU
		{A2A68BDD-1E3C-4262-8F6B-8431AA3CD399}.Debug|x64.ActiveCfg = Debug|Any CPU
		{A2A68BDD-1E3C-4262-8F6B-8431AA3CD399}.Debug|x64.Build.0 = Debug|Any CPU
		{A2A68BDD-1E3C-4262-8F6B-8431AA3CD399}.Debug|x86.ActiveCfg = Debug|Any CPU
		{A2A68BDD-1E3C-4262-8F6B-8431AA3CD399}.Debug|x86.Build.0 = Debug|Any CPU
		{A2A68BDD-1E3C-4262-8F6B-8431AA3CD399}.Release|Any CPU.ActiveCfg = Release|Any CPU
		{A2A68BDD-1E3C-4262-8F6B-8431AA3CD399}.Release|Any CPU.Build.0 = Release|Any CPU
		{A2A68BDD-1E3C-4262-8F6B-8431AA3CD399}.Release|iPhone.ActiveCfg = Release|Any CPU
		{A2A68BDD-1E3C-4262-8F6B-8431AA3CD399}.Release|iPhone.Build.0 = Release|Any CPU
		{A2A68BDD-1E3C-4262-8F6B-8431AA3CD399}.Release|iPhoneSimulator.ActiveCfg = Release|Any CPU
		{A2A68BDD-1E3C-4262-8F6B-8431AA3CD399}.Release|iPhoneSimulator.Build.0 = Release|Any CPU
		{A2A68BDD-1E3C-4262-8F6B-8431AA3CD399}.Release|x64.ActiveCfg = Release|Any CPU
		{A2A68BDD-1E3C-4262-8F6B-8431AA3CD399}.Release|x64.Build.0 = Release|Any CPU
		{A2A68BDD-1E3C-4262-8F6B-8431AA3CD399}.Release|x86.ActiveCfg = Release|Any CPU
		{A2A68BDD-1E3C-4262-8F6B-8431AA3CD399}.Release|x86.Build.0 = Release|Any CPU
		{B4F51875-B1A8-4DC6-AE23-AC1F7EAEBCEA}.Debug|Any CPU.ActiveCfg = Debug|Any CPU
		{B4F51875-B1A8-4DC6-AE23-AC1F7EAEBCEA}.Debug|Any CPU.Build.0 = Debug|Any CPU
		{B4F51875-B1A8-4DC6-AE23-AC1F7EAEBCEA}.Debug|iPhone.ActiveCfg = Debug|Any CPU
		{B4F51875-B1A8-4DC6-AE23-AC1F7EAEBCEA}.Debug|iPhone.Build.0 = Debug|Any CPU
		{B4F51875-B1A8-4DC6-AE23-AC1F7EAEBCEA}.Debug|iPhoneSimulator.ActiveCfg = Debug|Any CPU
		{B4F51875-B1A8-4DC6-AE23-AC1F7EAEBCEA}.Debug|iPhoneSimulator.Build.0 = Debug|Any CPU
		{B4F51875-B1A8-4DC6-AE23-AC1F7EAEBCEA}.Debug|x64.ActiveCfg = Debug|Any CPU
		{B4F51875-B1A8-4DC6-AE23-AC1F7EAEBCEA}.Debug|x64.Build.0 = Debug|Any CPU
		{B4F51875-B1A8-4DC6-AE23-AC1F7EAEBCEA}.Debug|x86.ActiveCfg = Debug|Any CPU
		{B4F51875-B1A8-4DC6-AE23-AC1F7EAEBCEA}.Debug|x86.Build.0 = Debug|Any CPU
		{B4F51875-B1A8-4DC6-AE23-AC1F7EAEBCEA}.Release|Any CPU.ActiveCfg = Release|Any CPU
		{B4F51875-B1A8-4DC6-AE23-AC1F7EAEBCEA}.Release|Any CPU.Build.0 = Release|Any CPU
		{B4F51875-B1A8-4DC6-AE23-AC1F7EAEBCEA}.Release|iPhone.ActiveCfg = Release|Any CPU
		{B4F51875-B1A8-4DC6-AE23-AC1F7EAEBCEA}.Release|iPhone.Build.0 = Release|Any CPU
		{B4F51875-B1A8-4DC6-AE23-AC1F7EAEBCEA}.Release|iPhoneSimulator.ActiveCfg = Release|Any CPU
		{B4F51875-B1A8-4DC6-AE23-AC1F7EAEBCEA}.Release|iPhoneSimulator.Build.0 = Release|Any CPU
		{B4F51875-B1A8-4DC6-AE23-AC1F7EAEBCEA}.Release|x64.ActiveCfg = Release|Any CPU
		{B4F51875-B1A8-4DC6-AE23-AC1F7EAEBCEA}.Release|x64.Build.0 = Release|Any CPU
		{B4F51875-B1A8-4DC6-AE23-AC1F7EAEBCEA}.Release|x86.ActiveCfg = Release|Any CPU
		{B4F51875-B1A8-4DC6-AE23-AC1F7EAEBCEA}.Release|x86.Build.0 = Release|Any CPU
		{6A82D58A-CE61-43EF-9838-EF6F4D56C152}.Debug|Any CPU.ActiveCfg = Debug|Any CPU
		{6A82D58A-CE61-43EF-9838-EF6F4D56C152}.Debug|Any CPU.Build.0 = Debug|Any CPU
		{6A82D58A-CE61-43EF-9838-EF6F4D56C152}.Debug|iPhone.ActiveCfg = Debug|Any CPU
		{6A82D58A-CE61-43EF-9838-EF6F4D56C152}.Debug|iPhone.Build.0 = Debug|Any CPU
		{6A82D58A-CE61-43EF-9838-EF6F4D56C152}.Debug|iPhoneSimulator.ActiveCfg = Debug|Any CPU
		{6A82D58A-CE61-43EF-9838-EF6F4D56C152}.Debug|iPhoneSimulator.Build.0 = Debug|Any CPU
		{6A82D58A-CE61-43EF-9838-EF6F4D56C152}.Debug|x64.ActiveCfg = Debug|Any CPU
		{6A82D58A-CE61-43EF-9838-EF6F4D56C152}.Debug|x64.Build.0 = Debug|Any CPU
		{6A82D58A-CE61-43EF-9838-EF6F4D56C152}.Debug|x86.ActiveCfg = Debug|Any CPU
		{6A82D58A-CE61-43EF-9838-EF6F4D56C152}.Debug|x86.Build.0 = Debug|Any CPU
		{6A82D58A-CE61-43EF-9838-EF6F4D56C152}.Release|Any CPU.ActiveCfg = Release|Any CPU
		{6A82D58A-CE61-43EF-9838-EF6F4D56C152}.Release|Any CPU.Build.0 = Release|Any CPU
		{6A82D58A-CE61-43EF-9838-EF6F4D56C152}.Release|iPhone.ActiveCfg = Release|Any CPU
		{6A82D58A-CE61-43EF-9838-EF6F4D56C152}.Release|iPhone.Build.0 = Release|Any CPU
		{6A82D58A-CE61-43EF-9838-EF6F4D56C152}.Release|iPhoneSimulator.ActiveCfg = Release|Any CPU
		{6A82D58A-CE61-43EF-9838-EF6F4D56C152}.Release|iPhoneSimulator.Build.0 = Release|Any CPU
		{6A82D58A-CE61-43EF-9838-EF6F4D56C152}.Release|x64.ActiveCfg = Release|Any CPU
		{6A82D58A-CE61-43EF-9838-EF6F4D56C152}.Release|x64.Build.0 = Release|Any CPU
		{6A82D58A-CE61-43EF-9838-EF6F4D56C152}.Release|x86.ActiveCfg = Release|Any CPU
		{6A82D58A-CE61-43EF-9838-EF6F4D56C152}.Release|x86.Build.0 = Release|Any CPU
	EndGlobalSection
	GlobalSection(SolutionProperties) = preSolution
		HideSolutionNode = FALSE
	EndGlobalSection
	GlobalSection(NestedProjects) = preSolution
		{04FCC31B-45F7-4DBF-B9B3-2DCC8168759E} = {7B24BEC3-93BA-4789-B009-71A778ADA56F}
		{7C739E22-5357-4DBD-A406-505E14C537EE} = {23426B1A-CC46-4D11-B233-208A57B2BCA2}
		{A2A68BDD-1E3C-4262-8F6B-8431AA3CD399} = {23426B1A-CC46-4D11-B233-208A57B2BCA2}
		{B4F51875-B1A8-4DC6-AE23-AC1F7EAEBCEA} = {23426B1A-CC46-4D11-B233-208A57B2BCA2}
		{6A82D58A-CE61-43EF-9838-EF6F4D56C152} = {23426B1A-CC46-4D11-B233-208A57B2BCA2}
	EndGlobalSection
	GlobalSection(ExtensibilityGlobals) = postSolution
		SolutionGuid = {DA107107-478F-477A-872B-787CEA7DD9B8}
	EndGlobalSection
EndGlobal
