{
  "name": "bit.ng.test",
  "requires": true,
  "lockfileVersion": 1,
  "dependencies": {
    "@types/angular": {
      "version": "1.6.49",
      "resolved": "https://registry.npmjs.org/@types/angular/-/angular-1.6.49.tgz",
      "integrity": "sha512-XR9i6dygixVFqMRIQCJAMdPNAJJXExSBapFiAdzyPfiGhmalDaqh/yo1VFOgFicuqlcKa6PEkNxEnUjsrxjqLQ==",
      "dev": true
    },
    "@types/angular-ui-router": {
      "version": "1.1.40",
      "resolved": "https://registry.npmjs.org/@types/angular-ui-router/-/angular-ui-router-1.1.40.tgz",
      "integrity": "sha512-4xMwNeSNrRHj2uaLAbeACVjgTCLCDHqwMQOKE0lq6MIXngVuvc0zucGKg2WYd4i+goxl9R3agH3w4qnEseIbxw==",
      "dev": true,
      "requires": {
        "@types/angular": "*"
      }
    },
    "@uirouter/angularjs": {
      "version": "1.0.24",
      "resolved": "https://registry.npmjs.org/@uirouter/angularjs/-/angularjs-1.0.24.tgz",
      "integrity": "sha512-Q+gR5eskbOwK5DlzSOOXx3MGWbKq5xQrcF0T4csHXOHUBuGO26n6QTPFYsPwg0AfpC5yNou3jrDonI+UR8wDEg==",
      "requires": {
        "@uirouter/core": "6.0.3"
      }
    },
    "@uirouter/core": {
      "version": "6.0.3",
      "resolved": "https://registry.npmjs.org/@uirouter/core/-/core-6.0.3.tgz",
      "integrity": "sha512-ftAQw9czKUSgLFC3LwOeJP97PDQ6naHcEK0NrbWw3X/r49oQJBMRFAsz9oEKqPFPD2vUDqkvG18BZXglLp8k+Q=="
    }
  }
}
