Microsoft Visual Studio Solution File, Format Version 12.00
# Visual Studio Version 17
VisualStudioVersion = 17.0.31611.283
MinimumVisualStudioVersion = 10.0.40219.1
Project("{2150E333-8FDC-42A3-9474-1A3956D46DE8}") = ".SolutionItems", ".SolutionItems", "{5CF43F76-BB71-4B5B-B4DF-1C753E042A8F}"
	ProjectSection(SolutionItems) = preProject
		.gitignore = .gitignore
		src\Directory.Build.props = src\Directory.Build.props
		global.json = global.json
		README.md = README.md
	EndProjectSection
EndProject
Project("{9A19103F-16F7-4668-BE54-9A1E7A4F7556}") = "Bit.Websites.Sales.Api", "src\Bit.Websites.Sales.Api\Bit.Websites.Sales.Api.csproj", "{DD0474BE-082F-4BE2-92C6-BD454D0A0020}"
EndProject
Project("{9A19103F-16F7-4668-BE54-9A1E7A4F7556}") = "Bit.Websites.Sales.Shared", "src\Bit.Websites.Sales.Shared\Bit.Websites.Sales.Shared.csproj", "{2A240C93-0116-43D3-8409-E9167F655C7E}"
EndProject
Project("{9A19103F-16F7-4668-BE54-9A1E7A4F7556}") = "Bit.Websites.Sales.Web", "src\Bit.Websites.Sales.Web\Bit.Websites.Sales.Web.csproj", "{F41B194E-C7F8-42CD-ADCA-BEABBFD2AB2C}"
EndProject
Global
	GlobalSection(SolutionConfigurationPlatforms) = preSolution
		Debug|Any CPU = Debug|Any CPU
		Release|Any CPU = Release|Any CPU
	EndGlobalSection
	GlobalSection(ProjectConfigurationPlatforms) = postSolution
		{DD0474BE-082F-4BE2-92C6-BD454D0A0020}.Debug|Any CPU.ActiveCfg = Debug|Any CPU
		{DD0474BE-082F-4BE2-92C6-BD454D0A0020}.Debug|Any CPU.Build.0 = Debug|Any CPU
		{DD0474BE-082F-4BE2-92C6-BD454D0A0020}.Release|Any CPU.ActiveCfg = Release|Any CPU
		{DD0474BE-082F-4BE2-92C6-BD454D0A0020}.Release|Any CPU.Build.0 = Release|Any CPU
		{2A240C93-0116-43D3-8409-E9167F655C7E}.Debug|Any CPU.ActiveCfg = Debug|Any CPU
		{2A240C93-0116-43D3-8409-E9167F655C7E}.Debug|Any CPU.Build.0 = Debug|Any CPU
		{2A240C93-0116-43D3-8409-E9167F655C7E}.Release|Any CPU.ActiveCfg = Release|Any CPU
		{2A240C93-0116-43D3-8409-E9167F655C7E}.Release|Any CPU.Build.0 = Release|Any CPU
		{F41B194E-C7F8-42CD-ADCA-BEABBFD2AB2C}.Debug|Any CPU.ActiveCfg = Debug|Any CPU
		{F41B194E-C7F8-42CD-ADCA-BEABBFD2AB2C}.Debug|Any CPU.Build.0 = Debug|Any CPU
		{F41B194E-C7F8-42CD-ADCA-BEABBFD2AB2C}.Release|Any CPU.ActiveCfg = Release|Any CPU
		{F41B194E-C7F8-42CD-ADCA-BEABBFD2AB2C}.Release|Any CPU.Build.0 = Release|Any CPU
	EndGlobalSection
	GlobalSection(SolutionProperties) = preSolution
		HideSolutionNode = FALSE
	EndGlobalSection
	GlobalSection(ExtensibilityGlobals) = postSolution
		SolutionGuid = {61F7FB11-1E47-470C-91E2-47F8143E1572}
	EndGlobalSection
EndGlobal
