
Microsoft Visual Studio Solution File, Format Version 12.00
# Visual Studio Version 16
VisualStudioVersion = 16.0.30011.22
MinimumVisualStudioVersion = 10.0.40219.1
Project("{2150E333-8FDC-42A3-9474-1A3956D46DE8}") = "Client", "Client", "{DC165533-038F-4D71-9BA1-44CF254E116F}"
EndProject
Project("{2150E333-8FDC-42A3-9474-1A3956D46DE8}") = "Universal", "Universal", "{3D5204AD-4778-4823-90B2-DA7B3798AD95}"
EndProject
Project("{2150E333-8FDC-42A3-9474-1A3956D46DE8}") = "Xamarin", "Xamarin", "{22A07EB2-22C5-4E59-BD74-4822C5B627B4}"
EndProject
Project("{9A19103F-16F7-4668-BE54-9A1E7A4F7556}") = "Bit.Universal.Core", "Universal\Bit.Universal.Core\Bit.Universal.Core.csproj", "{4FFC2EC0-FC61-4DAB-93A1-6E13BCF6F8F4}"
EndProject
Project("{2150E333-8FDC-42A3-9474-1A3956D46DE8}") = "Solution Items", "Solution Items", "{7B24BEC3-93BA-4789-B009-71A778ADA56F}"
	ProjectSection(SolutionItems) = preProject
		Bit.Build.props = Bit.Build.props
		BitConfig.json = BitConfig.json
	EndProjectSection
EndProject
Project("{9A19103F-16F7-4668-BE54-9A1E7A4F7556}") = "Bit.Universal.Model", "Universal\Bit.Universal.Model\Bit.Universal.Model.csproj", "{C4F6CBDA-14C4-4B31-9DED-7D9451F38592}"
EndProject
Project("{9A19103F-16F7-4668-BE54-9A1E7A4F7556}") = "Bit.Universal.Data", "Universal\Bit.Universal.Data\Bit.Universal.Data.csproj", "{D955E77B-4D09-4DB2-9105-845C6B0945E9}"
EndProject
Project("{9A19103F-16F7-4668-BE54-9A1E7A4F7556}") = "Bit.Universal.Data.EntityFrameworkCore", "Universal\Bit.Universal.Data.EntityFrameworkCore\Bit.Universal.Data.EntityFrameworkCore.csproj", "{2E3B9832-A18F-4E10-BC3B-0688989CA3D5}"
EndProject
Project("{2150E333-8FDC-42A3-9474-1A3956D46DE8}") = "Extensions", "Extensions", "{76F40ACE-3904-4B95-870A-CAC503B39211}"
EndProject
Project("{9A19103F-16F7-4668-BE54-9A1E7A4F7556}") = "Bit.System.Diagnostics.CodeAnalysis", "Extensions\Bit.System.Diagnostics.CodeAnalysis\Bit.System.Diagnostics.CodeAnalysis.csproj", "{B904EE63-8524-44E7-8E6D-DC61D51B8F81}"
EndProject
Project("{9A19103F-16F7-4668-BE54-9A1E7A4F7556}") = "Bit.Universal.Http", "Universal\Bit.Universal.Http\Bit.Universal.Http.csproj", "{9A9EC980-AD32-47AE-BD57-FD4F81AAEC3F}"
EndProject
Project("{9A19103F-16F7-4668-BE54-9A1E7A4F7556}") = "Bit.Universal.OData", "Universal\Bit.Universal.OData\Bit.Universal.OData.csproj", "{A537A381-4F21-479F-AF57-0C039B7FCB04}"
EndProject
Project("{9A19103F-16F7-4668-BE54-9A1E7A4F7556}") = "Bit.Universal.SignalR", "Universal\Bit.Universal.SignalR\Bit.Universal.SignalR.csproj", "{C9ED619E-4A85-47B7-B1E6-0DF18E6A57A3}"
EndProject
Project("{9A19103F-16F7-4668-BE54-9A1E7A4F7556}") = "Bit.Universal.Sync.ODataEntityFrameworkCore", "Universal\Bit.Universal.Sync.ODataEntityFrameworkCore\Bit.Universal.Sync.ODataEntityFrameworkCore.csproj", "{42519FB7-A66F-4610-BC49-32FD2872BBD7}"
EndProject
Project("{9A19103F-16F7-4668-BE54-9A1E7A4F7556}") = "Bit.Client.Xamarin.Controls", "Client\Xamarin\Bit.Client.Xamarin.Controls\Bit.Client.Xamarin.Controls.csproj", "{0197E422-24D7-4B8F-80AF-A6C9EEE32C0D}"
EndProject
Project("{9A19103F-16F7-4668-BE54-9A1E7A4F7556}") = "Bit.Client.Xamarin.Prism", "Client\Xamarin\Bit.Client.Xamarin.Prism\Bit.Client.Xamarin.Prism.csproj", "{E05D071F-BBCB-41C6-A858-C0419E7FB4E7}"
EndProject
Project("{2150E333-8FDC-42A3-9474-1A3956D46DE8}") = "Sample", "Sample", "{6588A8C5-266B-47EE-ABCF-B6EC6892C6C3}"
EndProject
Project("{9A19103F-16F7-4668-BE54-9A1E7A4F7556}") = "Bit.Client.Data.EntityFrameworkCore", "Client\Bit.Client.Data.EntityFrameworkCore\Bit.Client.Data.EntityFrameworkCore.csproj", "{5D498602-F6DD-4A0E-8F4F-EFD9AFAFC085}"
EndProject
Project("{9A19103F-16F7-4668-BE54-9A1E7A4F7556}") = "Bit.CSharpClientSample", "Client\Xamarin\Sample\Bit.CSharpClientSample\Bit.CSharpClientSample.csproj", "{7ACBBFFF-CD89-4598-8512-2740A9FB0BFA}"
EndProject
Project("{FAE04EC0-301F-11D3-BF4B-00C04F79EFBC}") = "Bit.CSharpClientSample.iOS", "Client\Xamarin\Sample\Bit.CSharpClientSample.iOS\Bit.CSharpClientSample.iOS.csproj", "{D2A10299-5CCB-483D-83BE-258A7327454B}"
EndProject
Project("{9A19103F-16F7-4668-BE54-9A1E7A4F7556}") = "Bit.Universal.AutoMapper.Legacy", "Universal\Bit.Universal.AutoMapper.Legacy\Bit.Universal.AutoMapper.Legacy.csproj", "{2B5C5B98-9717-4FB4-90E3-568B5AE65C9F}"
EndProject
Project("{9A19103F-16F7-4668-BE54-9A1E7A4F7556}") = "Bit.Universal.AutoMapper", "Universal\Bit.Universal.AutoMapper\Bit.Universal.AutoMapper.csproj", "{46ECC6B2-E351-49CB-9094-B9F81E65D62B}"
EndProject
Global
	GlobalSection(SolutionConfigurationPlatforms) = preSolution
		Debug|Any CPU = Debug|Any CPU
		Debug|iPhone = Debug|iPhone
		Debug|iPhoneSimulator = Debug|iPhoneSimulator
		Debug|x64 = Debug|x64
		Debug|x86 = Debug|x86
		Release|Any CPU = Release|Any CPU
		Release|iPhone = Release|iPhone
		Release|iPhoneSimulator = Release|iPhoneSimulator
		Release|x64 = Release|x64
		Release|x86 = Release|x86
	EndGlobalSection
	GlobalSection(ProjectConfigurationPlatforms) = postSolution
		{4FFC2EC0-FC61-4DAB-93A1-6E13BCF6F8F4}.Debug|Any CPU.ActiveCfg = Debug|Any CPU
		{4FFC2EC0-FC61-4DAB-93A1-6E13BCF6F8F4}.Debug|Any CPU.Build.0 = Debug|Any CPU
		{4FFC2EC0-FC61-4DAB-93A1-6E13BCF6F8F4}.Debug|iPhone.ActiveCfg = Debug|Any CPU
		{4FFC2EC0-FC61-4DAB-93A1-6E13BCF6F8F4}.Debug|iPhone.Build.0 = Debug|Any CPU
		{4FFC2EC0-FC61-4DAB-93A1-6E13BCF6F8F4}.Debug|iPhoneSimulator.ActiveCfg = Debug|Any CPU
		{4FFC2EC0-FC61-4DAB-93A1-6E13BCF6F8F4}.Debug|iPhoneSimulator.Build.0 = Debug|Any CPU
		{4FFC2EC0-FC61-4DAB-93A1-6E13BCF6F8F4}.Debug|x64.ActiveCfg = Debug|Any CPU
		{4FFC2EC0-FC61-4DAB-93A1-6E13BCF6F8F4}.Debug|x64.Build.0 = Debug|Any CPU
		{4FFC2EC0-FC61-4DAB-93A1-6E13BCF6F8F4}.Debug|x86.ActiveCfg = Debug|Any CPU
		{4FFC2EC0-FC61-4DAB-93A1-6E13BCF6F8F4}.Debug|x86.Build.0 = Debug|Any CPU
		{4FFC2EC0-FC61-4DAB-93A1-6E13BCF6F8F4}.Release|Any CPU.ActiveCfg = Release|Any CPU
		{4FFC2EC0-FC61-4DAB-93A1-6E13BCF6F8F4}.Release|Any CPU.Build.0 = Release|Any CPU
		{4FFC2EC0-FC61-4DAB-93A1-6E13BCF6F8F4}.Release|iPhone.ActiveCfg = Release|Any CPU
		{4FFC2EC0-FC61-4DAB-93A1-6E13BCF6F8F4}.Release|iPhone.Build.0 = Release|Any CPU
		{4FFC2EC0-FC61-4DAB-93A1-6E13BCF6F8F4}.Release|iPhoneSimulator.ActiveCfg = Release|Any CPU
		{4FFC2EC0-FC61-4DAB-93A1-6E13BCF6F8F4}.Release|iPhoneSimulator.Build.0 = Release|Any CPU
		{4FFC2EC0-FC61-4DAB-93A1-6E13BCF6F8F4}.Release|x64.ActiveCfg = Release|Any CPU
		{4FFC2EC0-FC61-4DAB-93A1-6E13BCF6F8F4}.Release|x64.Build.0 = Release|Any CPU
		{4FFC2EC0-FC61-4DAB-93A1-6E13BCF6F8F4}.Release|x86.ActiveCfg = Release|Any CPU
		{4FFC2EC0-FC61-4DAB-93A1-6E13BCF6F8F4}.Release|x86.Build.0 = Release|Any CPU
		{C4F6CBDA-14C4-4B31-9DED-7D9451F38592}.Debug|Any CPU.ActiveCfg = Debug|Any CPU
		{C4F6CBDA-14C4-4B31-9DED-7D9451F38592}.Debug|Any CPU.Build.0 = Debug|Any CPU
		{C4F6CBDA-14C4-4B31-9DED-7D9451F38592}.Debug|iPhone.ActiveCfg = Debug|Any CPU
		{C4F6CBDA-14C4-4B31-9DED-7D9451F38592}.Debug|iPhone.Build.0 = Debug|Any CPU
		{C4F6CBDA-14C4-4B31-9DED-7D9451F38592}.Debug|iPhoneSimulator.ActiveCfg = Debug|Any CPU
		{C4F6CBDA-14C4-4B31-9DED-7D9451F38592}.Debug|iPhoneSimulator.Build.0 = Debug|Any CPU
		{C4F6CBDA-14C4-4B31-9DED-7D9451F38592}.Debug|x64.ActiveCfg = Debug|Any CPU
		{C4F6CBDA-14C4-4B31-9DED-7D9451F38592}.Debug|x64.Build.0 = Debug|Any CPU
		{C4F6CBDA-14C4-4B31-9DED-7D9451F38592}.Debug|x86.ActiveCfg = Debug|Any CPU
		{C4F6CBDA-14C4-4B31-9DED-7D9451F38592}.Debug|x86.Build.0 = Debug|Any CPU
		{C4F6CBDA-14C4-4B31-9DED-7D9451F38592}.Release|Any CPU.ActiveCfg = Release|Any CPU
		{C4F6CBDA-14C4-4B31-9DED-7D9451F38592}.Release|Any CPU.Build.0 = Release|Any CPU
		{C4F6CBDA-14C4-4B31-9DED-7D9451F38592}.Release|iPhone.ActiveCfg = Release|Any CPU
		{C4F6CBDA-14C4-4B31-9DED-7D9451F38592}.Release|iPhone.Build.0 = Release|Any CPU
		{C4F6CBDA-14C4-4B31-9DED-7D9451F38592}.Release|iPhoneSimulator.ActiveCfg = Release|Any CPU
		{C4F6CBDA-14C4-4B31-9DED-7D9451F38592}.Release|iPhoneSimulator.Build.0 = Release|Any CPU
		{C4F6CBDA-14C4-4B31-9DED-7D9451F38592}.Release|x64.ActiveCfg = Release|Any CPU
		{C4F6CBDA-14C4-4B31-9DED-7D9451F38592}.Release|x64.Build.0 = Release|Any CPU
		{C4F6CBDA-14C4-4B31-9DED-7D9451F38592}.Release|x86.ActiveCfg = Release|Any CPU
		{C4F6CBDA-14C4-4B31-9DED-7D9451F38592}.Release|x86.Build.0 = Release|Any CPU
		{D955E77B-4D09-4DB2-9105-845C6B0945E9}.Debug|Any CPU.ActiveCfg = Debug|Any CPU
		{D955E77B-4D09-4DB2-9105-845C6B0945E9}.Debug|Any CPU.Build.0 = Debug|Any CPU
		{D955E77B-4D09-4DB2-9105-845C6B0945E9}.Debug|iPhone.ActiveCfg = Debug|Any CPU
		{D955E77B-4D09-4DB2-9105-845C6B0945E9}.Debug|iPhone.Build.0 = Debug|Any CPU
		{D955E77B-4D09-4DB2-9105-845C6B0945E9}.Debug|iPhoneSimulator.ActiveCfg = Debug|Any CPU
		{D955E77B-4D09-4DB2-9105-845C6B0945E9}.Debug|iPhoneSimulator.Build.0 = Debug|Any CPU
		{D955E77B-4D09-4DB2-9105-845C6B0945E9}.Debug|x64.ActiveCfg = Debug|Any CPU
		{D955E77B-4D09-4DB2-9105-845C6B0945E9}.Debug|x64.Build.0 = Debug|Any CPU
		{D955E77B-4D09-4DB2-9105-845C6B0945E9}.Debug|x86.ActiveCfg = Debug|Any CPU
		{D955E77B-4D09-4DB2-9105-845C6B0945E9}.Debug|x86.Build.0 = Debug|Any CPU
		{D955E77B-4D09-4DB2-9105-845C6B0945E9}.Release|Any CPU.ActiveCfg = Release|Any CPU
		{D955E77B-4D09-4DB2-9105-845C6B0945E9}.Release|Any CPU.Build.0 = Release|Any CPU
		{D955E77B-4D09-4DB2-9105-845C6B0945E9}.Release|iPhone.ActiveCfg = Release|Any CPU
		{D955E77B-4D09-4DB2-9105-845C6B0945E9}.Release|iPhone.Build.0 = Release|Any CPU
		{D955E77B-4D09-4DB2-9105-845C6B0945E9}.Release|iPhoneSimulator.ActiveCfg = Release|Any CPU
		{D955E77B-4D09-4DB2-9105-845C6B0945E9}.Release|iPhoneSimulator.Build.0 = Release|Any CPU
		{D955E77B-4D09-4DB2-9105-845C6B0945E9}.Release|x64.ActiveCfg = Release|Any CPU
		{D955E77B-4D09-4DB2-9105-845C6B0945E9}.Release|x64.Build.0 = Release|Any CPU
		{D955E77B-4D09-4DB2-9105-845C6B0945E9}.Release|x86.ActiveCfg = Release|Any CPU
		{D955E77B-4D09-4DB2-9105-845C6B0945E9}.Release|x86.Build.0 = Release|Any CPU
		{2E3B9832-A18F-4E10-BC3B-0688989CA3D5}.Debug|Any CPU.ActiveCfg = Debug|Any CPU
		{2E3B9832-A18F-4E10-BC3B-0688989CA3D5}.Debug|Any CPU.Build.0 = Debug|Any CPU
		{2E3B9832-A18F-4E10-BC3B-0688989CA3D5}.Debug|iPhone.ActiveCfg = Debug|Any CPU
		{2E3B9832-A18F-4E10-BC3B-0688989CA3D5}.Debug|iPhone.Build.0 = Debug|Any CPU
		{2E3B9832-A18F-4E10-BC3B-0688989CA3D5}.Debug|iPhoneSimulator.ActiveCfg = Debug|Any CPU
		{2E3B9832-A18F-4E10-BC3B-0688989CA3D5}.Debug|iPhoneSimulator.Build.0 = Debug|Any CPU
		{2E3B9832-A18F-4E10-BC3B-0688989CA3D5}.Debug|x64.ActiveCfg = Debug|Any CPU
		{2E3B9832-A18F-4E10-BC3B-0688989CA3D5}.Debug|x64.Build.0 = Debug|Any CPU
		{2E3B9832-A18F-4E10-BC3B-0688989CA3D5}.Debug|x86.ActiveCfg = Debug|Any CPU
		{2E3B9832-A18F-4E10-BC3B-0688989CA3D5}.Debug|x86.Build.0 = Debug|Any CPU
		{2E3B9832-A18F-4E10-BC3B-0688989CA3D5}.Release|Any CPU.ActiveCfg = Release|Any CPU
		{2E3B9832-A18F-4E10-BC3B-0688989CA3D5}.Release|Any CPU.Build.0 = Release|Any CPU
		{2E3B9832-A18F-4E10-BC3B-0688989CA3D5}.Release|iPhone.ActiveCfg = Release|Any CPU
		{2E3B9832-A18F-4E10-BC3B-0688989CA3D5}.Release|iPhone.Build.0 = Release|Any CPU
		{2E3B9832-A18F-4E10-BC3B-0688989CA3D5}.Release|iPhoneSimulator.ActiveCfg = Release|Any CPU
		{2E3B9832-A18F-4E10-BC3B-0688989CA3D5}.Release|iPhoneSimulator.Build.0 = Release|Any CPU
		{2E3B9832-A18F-4E10-BC3B-0688989CA3D5}.Release|x64.ActiveCfg = Release|Any CPU
		{2E3B9832-A18F-4E10-BC3B-0688989CA3D5}.Release|x64.Build.0 = Release|Any CPU
		{2E3B9832-A18F-4E10-BC3B-0688989CA3D5}.Release|x86.ActiveCfg = Release|Any CPU
		{2E3B9832-A18F-4E10-BC3B-0688989CA3D5}.Release|x86.Build.0 = Release|Any CPU
		{B904EE63-8524-44E7-8E6D-DC61D51B8F81}.Debug|Any CPU.ActiveCfg = Debug|Any CPU
		{B904EE63-8524-44E7-8E6D-DC61D51B8F81}.Debug|Any CPU.Build.0 = Debug|Any CPU
		{B904EE63-8524-44E7-8E6D-DC61D51B8F81}.Debug|iPhone.ActiveCfg = Debug|Any CPU
		{B904EE63-8524-44E7-8E6D-DC61D51B8F81}.Debug|iPhone.Build.0 = Debug|Any CPU
		{B904EE63-8524-44E7-8E6D-DC61D51B8F81}.Debug|iPhoneSimulator.ActiveCfg = Debug|Any CPU
		{B904EE63-8524-44E7-8E6D-DC61D51B8F81}.Debug|iPhoneSimulator.Build.0 = Debug|Any CPU
		{B904EE63-8524-44E7-8E6D-DC61D51B8F81}.Debug|x64.ActiveCfg = Debug|Any CPU
		{B904EE63-8524-44E7-8E6D-DC61D51B8F81}.Debug|x64.Build.0 = Debug|Any CPU
		{B904EE63-8524-44E7-8E6D-DC61D51B8F81}.Debug|x86.ActiveCfg = Debug|Any CPU
		{B904EE63-8524-44E7-8E6D-DC61D51B8F81}.Debug|x86.Build.0 = Debug|Any CPU
		{B904EE63-8524-44E7-8E6D-DC61D51B8F81}.Release|Any CPU.ActiveCfg = Release|Any CPU
		{B904EE63-8524-44E7-8E6D-DC61D51B8F81}.Release|Any CPU.Build.0 = Release|Any CPU
		{B904EE63-8524-44E7-8E6D-DC61D51B8F81}.Release|iPhone.ActiveCfg = Release|Any CPU
		{B904EE63-8524-44E7-8E6D-DC61D51B8F81}.Release|iPhone.Build.0 = Release|Any CPU
		{B904EE63-8524-44E7-8E6D-DC61D51B8F81}.Release|iPhoneSimulator.ActiveCfg = Release|Any CPU
		{B904EE63-8524-44E7-8E6D-DC61D51B8F81}.Release|iPhoneSimulator.Build.0 = Release|Any CPU
		{B904EE63-8524-44E7-8E6D-DC61D51B8F81}.Release|x64.ActiveCfg = Release|Any CPU
		{B904EE63-8524-44E7-8E6D-DC61D51B8F81}.Release|x64.Build.0 = Release|Any CPU
		{B904EE63-8524-44E7-8E6D-DC61D51B8F81}.Release|x86.ActiveCfg = Release|Any CPU
		{B904EE63-8524-44E7-8E6D-DC61D51B8F81}.Release|x86.Build.0 = Release|Any CPU
		{9A9EC980-AD32-47AE-BD57-FD4F81AAEC3F}.Debug|Any CPU.ActiveCfg = Debug|Any CPU
		{9A9EC980-AD32-47AE-BD57-FD4F81AAEC3F}.Debug|Any CPU.Build.0 = Debug|Any CPU
		{9A9EC980-AD32-47AE-BD57-FD4F81AAEC3F}.Debug|iPhone.ActiveCfg = Debug|Any CPU
		{9A9EC980-AD32-47AE-BD57-FD4F81AAEC3F}.Debug|iPhone.Build.0 = Debug|Any CPU
		{9A9EC980-AD32-47AE-BD57-FD4F81AAEC3F}.Debug|iPhoneSimulator.ActiveCfg = Debug|Any CPU
		{9A9EC980-AD32-47AE-BD57-FD4F81AAEC3F}.Debug|iPhoneSimulator.Build.0 = Debug|Any CPU
		{9A9EC980-AD32-47AE-BD57-FD4F81AAEC3F}.Debug|x64.ActiveCfg = Debug|Any CPU
		{9A9EC980-AD32-47AE-BD57-FD4F81AAEC3F}.Debug|x64.Build.0 = Debug|Any CPU
		{9A9EC980-AD32-47AE-BD57-FD4F81AAEC3F}.Debug|x86.ActiveCfg = Debug|Any CPU
		{9A9EC980-AD32-47AE-BD57-FD4F81AAEC3F}.Debug|x86.Build.0 = Debug|Any CPU
		{9A9EC980-AD32-47AE-BD57-FD4F81AAEC3F}.Release|Any CPU.ActiveCfg = Release|Any CPU
		{9A9EC980-AD32-47AE-BD57-FD4F81AAEC3F}.Release|Any CPU.Build.0 = Release|Any CPU
		{9A9EC980-AD32-47AE-BD57-FD4F81AAEC3F}.Release|iPhone.ActiveCfg = Release|Any CPU
		{9A9EC980-AD32-47AE-BD57-FD4F81AAEC3F}.Release|iPhone.Build.0 = Release|Any CPU
		{9A9EC980-AD32-47AE-BD57-FD4F81AAEC3F}.Release|iPhoneSimulator.ActiveCfg = Release|Any CPU
		{9A9EC980-AD32-47AE-BD57-FD4F81AAEC3F}.Release|iPhoneSimulator.Build.0 = Release|Any CPU
		{9A9EC980-AD32-47AE-BD57-FD4F81AAEC3F}.Release|x64.ActiveCfg = Release|Any CPU
		{9A9EC980-AD32-47AE-BD57-FD4F81AAEC3F}.Release|x64.Build.0 = Release|Any CPU
		{9A9EC980-AD32-47AE-BD57-FD4F81AAEC3F}.Release|x86.ActiveCfg = Release|Any CPU
		{9A9EC980-AD32-47AE-BD57-FD4F81AAEC3F}.Release|x86.Build.0 = Release|Any CPU
		{A537A381-4F21-479F-AF57-0C039B7FCB04}.Debug|Any CPU.ActiveCfg = Debug|Any CPU
		{A537A381-4F21-479F-AF57-0C039B7FCB04}.Debug|Any CPU.Build.0 = Debug|Any CPU
		{A537A381-4F21-479F-AF57-0C039B7FCB04}.Debug|iPhone.ActiveCfg = Debug|Any CPU
		{A537A381-4F21-479F-AF57-0C039B7FCB04}.Debug|iPhone.Build.0 = Debug|Any CPU
		{A537A381-4F21-479F-AF57-0C039B7FCB04}.Debug|iPhoneSimulator.ActiveCfg = Debug|Any CPU
		{A537A381-4F21-479F-AF57-0C039B7FCB04}.Debug|iPhoneSimulator.Build.0 = Debug|Any CPU
		{A537A381-4F21-479F-AF57-0C039B7FCB04}.Debug|x64.ActiveCfg = Debug|Any CPU
		{A537A381-4F21-479F-AF57-0C039B7FCB04}.Debug|x64.Build.0 = Debug|Any CPU
		{A537A381-4F21-479F-AF57-0C039B7FCB04}.Debug|x86.ActiveCfg = Debug|Any CPU
		{A537A381-4F21-479F-AF57-0C039B7FCB04}.Debug|x86.Build.0 = Debug|Any CPU
		{A537A381-4F21-479F-AF57-0C039B7FCB04}.Release|Any CPU.ActiveCfg = Release|Any CPU
		{A537A381-4F21-479F-AF57-0C039B7FCB04}.Release|Any CPU.Build.0 = Release|Any CPU
		{A537A381-4F21-479F-AF57-0C039B7FCB04}.Release|iPhone.ActiveCfg = Release|Any CPU
		{A537A381-4F21-479F-AF57-0C039B7FCB04}.Release|iPhone.Build.0 = Release|Any CPU
		{A537A381-4F21-479F-AF57-0C039B7FCB04}.Release|iPhoneSimulator.ActiveCfg = Release|Any CPU
		{A537A381-4F21-479F-AF57-0C039B7FCB04}.Release|iPhoneSimulator.Build.0 = Release|Any CPU
		{A537A381-4F21-479F-AF57-0C039B7FCB04}.Release|x64.ActiveCfg = Release|Any CPU
		{A537A381-4F21-479F-AF57-0C039B7FCB04}.Release|x64.Build.0 = Release|Any CPU
		{A537A381-4F21-479F-AF57-0C039B7FCB04}.Release|x86.ActiveCfg = Release|Any CPU
		{A537A381-4F21-479F-AF57-0C039B7FCB04}.Release|x86.Build.0 = Release|Any CPU
		{C9ED619E-4A85-47B7-B1E6-0DF18E6A57A3}.Debug|Any CPU.ActiveCfg = Debug|Any CPU
		{C9ED619E-4A85-47B7-B1E6-0DF18E6A57A3}.Debug|Any CPU.Build.0 = Debug|Any CPU
		{C9ED619E-4A85-47B7-B1E6-0DF18E6A57A3}.Debug|iPhone.ActiveCfg = Debug|Any CPU
		{C9ED619E-4A85-47B7-B1E6-0DF18E6A57A3}.Debug|iPhone.Build.0 = Debug|Any CPU
		{C9ED619E-4A85-47B7-B1E6-0DF18E6A57A3}.Debug|iPhoneSimulator.ActiveCfg = Debug|Any CPU
		{C9ED619E-4A85-47B7-B1E6-0DF18E6A57A3}.Debug|iPhoneSimulator.Build.0 = Debug|Any CPU
		{C9ED619E-4A85-47B7-B1E6-0DF18E6A57A3}.Debug|x64.ActiveCfg = Debug|Any CPU
		{C9ED619E-4A85-47B7-B1E6-0DF18E6A57A3}.Debug|x64.Build.0 = Debug|Any CPU
		{C9ED619E-4A85-47B7-B1E6-0DF18E6A57A3}.Debug|x86.ActiveCfg = Debug|Any CPU
		{C9ED619E-4A85-47B7-B1E6-0DF18E6A57A3}.Debug|x86.Build.0 = Debug|Any CPU
		{C9ED619E-4A85-47B7-B1E6-0DF18E6A57A3}.Release|Any CPU.ActiveCfg = Release|Any CPU
		{C9ED619E-4A85-47B7-B1E6-0DF18E6A57A3}.Release|Any CPU.Build.0 = Release|Any CPU
		{C9ED619E-4A85-47B7-B1E6-0DF18E6A57A3}.Release|iPhone.ActiveCfg = Release|Any CPU
		{C9ED619E-4A85-47B7-B1E6-0DF18E6A57A3}.Release|iPhone.Build.0 = Release|Any CPU
		{C9ED619E-4A85-47B7-B1E6-0DF18E6A57A3}.Release|iPhoneSimulator.ActiveCfg = Release|Any CPU
		{C9ED619E-4A85-47B7-B1E6-0DF18E6A57A3}.Release|iPhoneSimulator.Build.0 = Release|Any CPU
		{C9ED619E-4A85-47B7-B1E6-0DF18E6A57A3}.Release|x64.ActiveCfg = Release|Any CPU
		{C9ED619E-4A85-47B7-B1E6-0DF18E6A57A3}.Release|x64.Build.0 = Release|Any CPU
		{C9ED619E-4A85-47B7-B1E6-0DF18E6A57A3}.Release|x86.ActiveCfg = Release|Any CPU
		{C9ED619E-4A85-47B7-B1E6-0DF18E6A57A3}.Release|x86.Build.0 = Release|Any CPU
		{42519FB7-A66F-4610-BC49-32FD2872BBD7}.Debug|Any CPU.ActiveCfg = Debug|Any CPU
		{42519FB7-A66F-4610-BC49-32FD2872BBD7}.Debug|Any CPU.Build.0 = Debug|Any CPU
		{42519FB7-A66F-4610-BC49-32FD2872BBD7}.Debug|iPhone.ActiveCfg = Debug|Any CPU
		{42519FB7-A66F-4610-BC49-32FD2872BBD7}.Debug|iPhone.Build.0 = Debug|Any CPU
		{42519FB7-A66F-4610-BC49-32FD2872BBD7}.Debug|iPhoneSimulator.ActiveCfg = Debug|Any CPU
		{42519FB7-A66F-4610-BC49-32FD2872BBD7}.Debug|iPhoneSimulator.Build.0 = Debug|Any CPU
		{42519FB7-A66F-4610-BC49-32FD2872BBD7}.Debug|x64.ActiveCfg = Debug|Any CPU
		{42519FB7-A66F-4610-BC49-32FD2872BBD7}.Debug|x64.Build.0 = Debug|Any CPU
		{42519FB7-A66F-4610-BC49-32FD2872BBD7}.Debug|x86.ActiveCfg = Debug|Any CPU
		{42519FB7-A66F-4610-BC49-32FD2872BBD7}.Debug|x86.Build.0 = Debug|Any CPU
		{42519FB7-A66F-4610-BC49-32FD2872BBD7}.Release|Any CPU.ActiveCfg = Release|Any CPU
		{42519FB7-A66F-4610-BC49-32FD2872BBD7}.Release|Any CPU.Build.0 = Release|Any CPU
		{42519FB7-A66F-4610-BC49-32FD2872BBD7}.Release|iPhone.ActiveCfg = Release|Any CPU
		{42519FB7-A66F-4610-BC49-32FD2872BBD7}.Release|iPhone.Build.0 = Release|Any CPU
		{42519FB7-A66F-4610-BC49-32FD2872BBD7}.Release|iPhoneSimulator.ActiveCfg = Release|Any CPU
		{42519FB7-A66F-4610-BC49-32FD2872BBD7}.Release|iPhoneSimulator.Build.0 = Release|Any CPU
		{42519FB7-A66F-4610-BC49-32FD2872BBD7}.Release|x64.ActiveCfg = Release|Any CPU
		{42519FB7-A66F-4610-BC49-32FD2872BBD7}.Release|x64.Build.0 = Release|Any CPU
		{42519FB7-A66F-4610-BC49-32FD2872BBD7}.Release|x86.ActiveCfg = Release|Any CPU
		{42519FB7-A66F-4610-BC49-32FD2872BBD7}.Release|x86.Build.0 = Release|Any CPU
		{0197E422-24D7-4B8F-80AF-A6C9EEE32C0D}.Debug|Any CPU.ActiveCfg = Debug|Any CPU
		{0197E422-24D7-4B8F-80AF-A6C9EEE32C0D}.Debug|Any CPU.Build.0 = Debug|Any CPU
		{0197E422-24D7-4B8F-80AF-A6C9EEE32C0D}.Debug|iPhone.ActiveCfg = Debug|Any CPU
		{0197E422-24D7-4B8F-80AF-A6C9EEE32C0D}.Debug|iPhone.Build.0 = Debug|Any CPU
		{0197E422-24D7-4B8F-80AF-A6C9EEE32C0D}.Debug|iPhoneSimulator.ActiveCfg = Debug|Any CPU
		{0197E422-24D7-4B8F-80AF-A6C9EEE32C0D}.Debug|iPhoneSimulator.Build.0 = Debug|Any CPU
		{0197E422-24D7-4B8F-80AF-A6C9EEE32C0D}.Debug|x64.ActiveCfg = Debug|Any CPU
		{0197E422-24D7-4B8F-80AF-A6C9EEE32C0D}.Debug|x64.Build.0 = Debug|Any CPU
		{0197E422-24D7-4B8F-80AF-A6C9EEE32C0D}.Debug|x86.ActiveCfg = Debug|Any CPU
		{0197E422-24D7-4B8F-80AF-A6C9EEE32C0D}.Debug|x86.Build.0 = Debug|Any CPU
		{0197E422-24D7-4B8F-80AF-A6C9EEE32C0D}.Release|Any CPU.ActiveCfg = Release|Any CPU
		{0197E422-24D7-4B8F-80AF-A6C9EEE32C0D}.Release|Any CPU.Build.0 = Release|Any CPU
		{0197E422-24D7-4B8F-80AF-A6C9EEE32C0D}.Release|iPhone.ActiveCfg = Release|Any CPU
		{0197E422-24D7-4B8F-80AF-A6C9EEE32C0D}.Release|iPhone.Build.0 = Release|Any CPU
		{0197E422-24D7-4B8F-80AF-A6C9EEE32C0D}.Release|iPhoneSimulator.ActiveCfg = Release|Any CPU
		{0197E422-24D7-4B8F-80AF-A6C9EEE32C0D}.Release|iPhoneSimulator.Build.0 = Release|Any CPU
		{0197E422-24D7-4B8F-80AF-A6C9EEE32C0D}.Release|x64.ActiveCfg = Release|Any CPU
		{0197E422-24D7-4B8F-80AF-A6C9EEE32C0D}.Release|x64.Build.0 = Release|Any CPU
		{0197E422-24D7-4B8F-80AF-A6C9EEE32C0D}.Release|x86.ActiveCfg = Release|Any CPU
		{0197E422-24D7-4B8F-80AF-A6C9EEE32C0D}.Release|x86.Build.0 = Release|Any CPU
		{E05D071F-BBCB-41C6-A858-C0419E7FB4E7}.Debug|Any CPU.ActiveCfg = Debug|Any CPU
		{E05D071F-BBCB-41C6-A858-C0419E7FB4E7}.Debug|Any CPU.Build.0 = Debug|Any CPU
		{E05D071F-BBCB-41C6-A858-C0419E7FB4E7}.Debug|iPhone.ActiveCfg = Debug|Any CPU
		{E05D071F-BBCB-41C6-A858-C0419E7FB4E7}.Debug|iPhone.Build.0 = Debug|Any CPU
		{E05D071F-BBCB-41C6-A858-C0419E7FB4E7}.Debug|iPhoneSimulator.ActiveCfg = Debug|Any CPU
		{E05D071F-BBCB-41C6-A858-C0419E7FB4E7}.Debug|iPhoneSimulator.Build.0 = Debug|Any CPU
		{E05D071F-BBCB-41C6-A858-C0419E7FB4E7}.Debug|x64.ActiveCfg = Debug|Any CPU
		{E05D071F-BBCB-41C6-A858-C0419E7FB4E7}.Debug|x64.Build.0 = Debug|Any CPU
		{E05D071F-BBCB-41C6-A858-C0419E7FB4E7}.Debug|x86.ActiveCfg = Debug|Any CPU
		{E05D071F-BBCB-41C6-A858-C0419E7FB4E7}.Debug|x86.Build.0 = Debug|Any CPU
		{E05D071F-BBCB-41C6-A858-C0419E7FB4E7}.Release|Any CPU.ActiveCfg = Release|Any CPU
		{E05D071F-BBCB-41C6-A858-C0419E7FB4E7}.Release|Any CPU.Build.0 = Release|Any CPU
		{E05D071F-BBCB-41C6-A858-C0419E7FB4E7}.Release|iPhone.ActiveCfg = Release|Any CPU
		{E05D071F-BBCB-41C6-A858-C0419E7FB4E7}.Release|iPhone.Build.0 = Release|Any CPU
		{E05D071F-BBCB-41C6-A858-C0419E7FB4E7}.Release|iPhoneSimulator.ActiveCfg = Release|Any CPU
		{E05D071F-BBCB-41C6-A858-C0419E7FB4E7}.Release|iPhoneSimulator.Build.0 = Release|Any CPU
		{E05D071F-BBCB-41C6-A858-C0419E7FB4E7}.Release|x64.ActiveCfg = Release|Any CPU
		{E05D071F-BBCB-41C6-A858-C0419E7FB4E7}.Release|x64.Build.0 = Release|Any CPU
		{E05D071F-BBCB-41C6-A858-C0419E7FB4E7}.Release|x86.ActiveCfg = Release|Any CPU
		{E05D071F-BBCB-41C6-A858-C0419E7FB4E7}.Release|x86.Build.0 = Release|Any CPU
		{5D498602-F6DD-4A0E-8F4F-EFD9AFAFC085}.Debug|Any CPU.ActiveCfg = Debug|Any CPU
		{5D498602-F6DD-4A0E-8F4F-EFD9AFAFC085}.Debug|Any CPU.Build.0 = Debug|Any CPU
		{5D498602-F6DD-4A0E-8F4F-EFD9AFAFC085}.Debug|iPhone.ActiveCfg = Debug|Any CPU
		{5D498602-F6DD-4A0E-8F4F-EFD9AFAFC085}.Debug|iPhone.Build.0 = Debug|Any CPU
		{5D498602-F6DD-4A0E-8F4F-EFD9AFAFC085}.Debug|iPhoneSimulator.ActiveCfg = Debug|Any CPU
		{5D498602-F6DD-4A0E-8F4F-EFD9AFAFC085}.Debug|iPhoneSimulator.Build.0 = Debug|Any CPU
		{5D498602-F6DD-4A0E-8F4F-EFD9AFAFC085}.Debug|x64.ActiveCfg = Debug|Any CPU
		{5D498602-F6DD-4A0E-8F4F-EFD9AFAFC085}.Debug|x64.Build.0 = Debug|Any CPU
		{5D498602-F6DD-4A0E-8F4F-EFD9AFAFC085}.Debug|x86.ActiveCfg = Debug|Any CPU
		{5D498602-F6DD-4A0E-8F4F-EFD9AFAFC085}.Debug|x86.Build.0 = Debug|Any CPU
		{5D498602-F6DD-4A0E-8F4F-EFD9AFAFC085}.Release|Any CPU.ActiveCfg = Release|Any CPU
		{5D498602-F6DD-4A0E-8F4F-EFD9AFAFC085}.Release|Any CPU.Build.0 = Release|Any CPU
		{5D498602-F6DD-4A0E-8F4F-EFD9AFAFC085}.Release|iPhone.ActiveCfg = Release|Any CPU
		{5D498602-F6DD-4A0E-8F4F-EFD9AFAFC085}.Release|iPhone.Build.0 = Release|Any CPU
		{5D498602-F6DD-4A0E-8F4F-EFD9AFAFC085}.Release|iPhoneSimulator.ActiveCfg = Release|Any CPU
		{5D498602-F6DD-4A0E-8F4F-EFD9AFAFC085}.Release|iPhoneSimulator.Build.0 = Release|Any CPU
		{5D498602-F6DD-4A0E-8F4F-EFD9AFAFC085}.Release|x64.ActiveCfg = Release|Any CPU
		{5D498602-F6DD-4A0E-8F4F-EFD9AFAFC085}.Release|x64.Build.0 = Release|Any CPU
		{5D498602-F6DD-4A0E-8F4F-EFD9AFAFC085}.Release|x86.ActiveCfg = Release|Any CPU
		{5D498602-F6DD-4A0E-8F4F-EFD9AFAFC085}.Release|x86.Build.0 = Release|Any CPU
		{7ACBBFFF-CD89-4598-8512-2740A9FB0BFA}.Debug|Any CPU.ActiveCfg = Debug|Any CPU
		{7ACBBFFF-CD89-4598-8512-2740A9FB0BFA}.Debug|Any CPU.Build.0 = Debug|Any CPU
		{7ACBBFFF-CD89-4598-8512-2740A9FB0BFA}.Debug|iPhone.ActiveCfg = Debug|Any CPU
		{7ACBBFFF-CD89-4598-8512-2740A9FB0BFA}.Debug|iPhone.Build.0 = Debug|Any CPU
		{7ACBBFFF-CD89-4598-8512-2740A9FB0BFA}.Debug|iPhoneSimulator.ActiveCfg = Debug|Any CPU
		{7ACBBFFF-CD89-4598-8512-2740A9FB0BFA}.Debug|iPhoneSimulator.Build.0 = Debug|Any CPU
		{7ACBBFFF-CD89-4598-8512-2740A9FB0BFA}.Debug|x64.ActiveCfg = Debug|Any CPU
		{7ACBBFFF-CD89-4598-8512-2740A9FB0BFA}.Debug|x64.Build.0 = Debug|Any CPU
		{7ACBBFFF-CD89-4598-8512-2740A9FB0BFA}.Debug|x86.ActiveCfg = Debug|Any CPU
		{7ACBBFFF-CD89-4598-8512-2740A9FB0BFA}.Debug|x86.Build.0 = Debug|Any CPU
		{7ACBBFFF-CD89-4598-8512-2740A9FB0BFA}.Release|Any CPU.ActiveCfg = Release|Any CPU
		{7ACBBFFF-CD89-4598-8512-2740A9FB0BFA}.Release|Any CPU.Build.0 = Release|Any CPU
		{7ACBBFFF-CD89-4598-8512-2740A9FB0BFA}.Release|iPhone.ActiveCfg = Release|Any CPU
		{7ACBBFFF-CD89-4598-8512-2740A9FB0BFA}.Release|iPhone.Build.0 = Release|Any CPU
		{7ACBBFFF-CD89-4598-8512-2740A9FB0BFA}.Release|iPhoneSimulator.ActiveCfg = Release|Any CPU
		{7ACBBFFF-CD89-4598-8512-2740A9FB0BFA}.Release|iPhoneSimulator.Build.0 = Release|Any CPU
		{7ACBBFFF-CD89-4598-8512-2740A9FB0BFA}.Release|x64.ActiveCfg = Release|Any CPU
		{7ACBBFFF-CD89-4598-8512-2740A9FB0BFA}.Release|x64.Build.0 = Release|Any CPU
		{7ACBBFFF-CD89-4598-8512-2740A9FB0BFA}.Release|x86.ActiveCfg = Release|Any CPU
		{7ACBBFFF-CD89-4598-8512-2740A9FB0BFA}.Release|x86.Build.0 = Release|Any CPU
		{D2A10299-5CCB-483D-83BE-258A7327454B}.Debug|Any CPU.ActiveCfg = Debug|iPhone
		{D2A10299-5CCB-483D-83BE-258A7327454B}.Debug|Any CPU.Build.0 = Debug|iPhone
		{D2A10299-5CCB-483D-83BE-258A7327454B}.Debug|Any CPU.Deploy.0 = Debug|iPhone
		{D2A10299-5CCB-483D-83BE-258A7327454B}.Debug|iPhone.ActiveCfg = Debug|iPhone
		{D2A10299-5CCB-483D-83BE-258A7327454B}.Debug|iPhone.Build.0 = Debug|iPhone
		{D2A10299-5CCB-483D-83BE-258A7327454B}.Debug|iPhone.Deploy.0 = Debug|iPhone
		{D2A10299-5CCB-483D-83BE-258A7327454B}.Debug|iPhoneSimulator.ActiveCfg = Debug|iPhoneSimulator
		{D2A10299-5CCB-483D-83BE-258A7327454B}.Debug|iPhoneSimulator.Build.0 = Debug|iPhoneSimulator
		{D2A10299-5CCB-483D-83BE-258A7327454B}.Debug|x64.ActiveCfg = Debug|iPhone
		{D2A10299-5CCB-483D-83BE-258A7327454B}.Debug|x86.ActiveCfg = Debug|iPhone
		{D2A10299-5CCB-483D-83BE-258A7327454B}.Release|Any CPU.ActiveCfg = Release|iPhone
		{D2A10299-5CCB-483D-83BE-258A7327454B}.Release|iPhone.ActiveCfg = Release|iPhone
		{D2A10299-5CCB-483D-83BE-258A7327454B}.Release|iPhone.Build.0 = Release|iPhone
		{D2A10299-5CCB-483D-83BE-258A7327454B}.Release|iPhoneSimulator.ActiveCfg = Release|iPhoneSimulator
		{D2A10299-5CCB-483D-83BE-258A7327454B}.Release|iPhoneSimulator.Build.0 = Release|iPhoneSimulator
		{D2A10299-5CCB-483D-83BE-258A7327454B}.Release|x64.ActiveCfg = Release|iPhone
		{D2A10299-5CCB-483D-83BE-258A7327454B}.Release|x86.ActiveCfg = Release|iPhone
		{2B5C5B98-9717-4FB4-90E3-568B5AE65C9F}.Debug|Any CPU.ActiveCfg = Debug|Any CPU
		{2B5C5B98-9717-4FB4-90E3-568B5AE65C9F}.Debug|Any CPU.Build.0 = Debug|Any CPU
		{2B5C5B98-9717-4FB4-90E3-568B5AE65C9F}.Debug|iPhone.ActiveCfg = Debug|Any CPU
		{2B5C5B98-9717-4FB4-90E3-568B5AE65C9F}.Debug|iPhone.Build.0 = Debug|Any CPU
		{2B5C5B98-9717-4FB4-90E3-568B5AE65C9F}.Debug|iPhoneSimulator.ActiveCfg = Debug|Any CPU
		{2B5C5B98-9717-4FB4-90E3-568B5AE65C9F}.Debug|iPhoneSimulator.Build.0 = Debug|Any CPU
		{2B5C5B98-9717-4FB4-90E3-568B5AE65C9F}.Debug|x64.ActiveCfg = Debug|Any CPU
		{2B5C5B98-9717-4FB4-90E3-568B5AE65C9F}.Debug|x64.Build.0 = Debug|Any CPU
		{2B5C5B98-9717-4FB4-90E3-568B5AE65C9F}.Debug|x86.ActiveCfg = Debug|Any CPU
		{2B5C5B98-9717-4FB4-90E3-568B5AE65C9F}.Debug|x86.Build.0 = Debug|Any CPU
		{2B5C5B98-9717-4FB4-90E3-568B5AE65C9F}.Release|Any CPU.ActiveCfg = Release|Any CPU
		{2B5C5B98-9717-4FB4-90E3-568B5AE65C9F}.Release|Any CPU.Build.0 = Release|Any CPU
		{2B5C5B98-9717-4FB4-90E3-568B5AE65C9F}.Release|iPhone.ActiveCfg = Release|Any CPU
		{2B5C5B98-9717-4FB4-90E3-568B5AE65C9F}.Release|iPhone.Build.0 = Release|Any CPU
		{2B5C5B98-9717-4FB4-90E3-568B5AE65C9F}.Release|iPhoneSimulator.ActiveCfg = Release|Any CPU
		{2B5C5B98-9717-4FB4-90E3-568B5AE65C9F}.Release|iPhoneSimulator.Build.0 = Release|Any CPU
		{2B5C5B98-9717-4FB4-90E3-568B5AE65C9F}.Release|x64.ActiveCfg = Release|Any CPU
		{2B5C5B98-9717-4FB4-90E3-568B5AE65C9F}.Release|x64.Build.0 = Release|Any CPU
		{2B5C5B98-9717-4FB4-90E3-568B5AE65C9F}.Release|x86.ActiveCfg = Release|Any CPU
		{2B5C5B98-9717-4FB4-90E3-568B5AE65C9F}.Release|x86.Build.0 = Release|Any CPU
		{46ECC6B2-E351-49CB-9094-B9F81E65D62B}.Debug|Any CPU.ActiveCfg = Debug|Any CPU
		{46ECC6B2-E351-49CB-9094-B9F81E65D62B}.Debug|Any CPU.Build.0 = Debug|Any CPU
		{46ECC6B2-E351-49CB-9094-B9F81E65D62B}.Debug|iPhone.ActiveCfg = Debug|Any CPU
		{46ECC6B2-E351-49CB-9094-B9F81E65D62B}.Debug|iPhone.Build.0 = Debug|Any CPU
		{46ECC6B2-E351-49CB-9094-B9F81E65D62B}.Debug|iPhoneSimulator.ActiveCfg = Debug|Any CPU
		{46ECC6B2-E351-49CB-9094-B9F81E65D62B}.Debug|iPhoneSimulator.Build.0 = Debug|Any CPU
		{46ECC6B2-E351-49CB-9094-B9F81E65D62B}.Debug|x64.ActiveCfg = Debug|Any CPU
		{46ECC6B2-E351-49CB-9094-B9F81E65D62B}.Debug|x64.Build.0 = Debug|Any CPU
		{46ECC6B2-E351-49CB-9094-B9F81E65D62B}.Debug|x86.ActiveCfg = Debug|Any CPU
		{46ECC6B2-E351-49CB-9094-B9F81E65D62B}.Debug|x86.Build.0 = Debug|Any CPU
		{46ECC6B2-E351-49CB-9094-B9F81E65D62B}.Release|Any CPU.ActiveCfg = Release|Any CPU
		{46ECC6B2-E351-49CB-9094-B9F81E65D62B}.Release|Any CPU.Build.0 = Release|Any CPU
		{46ECC6B2-E351-49CB-9094-B9F81E65D62B}.Release|iPhone.ActiveCfg = Release|Any CPU
		{46ECC6B2-E351-49CB-9094-B9F81E65D62B}.Release|iPhone.Build.0 = Release|Any CPU
		{46ECC6B2-E351-49CB-9094-B9F81E65D62B}.Release|iPhoneSimulator.ActiveCfg = Release|Any CPU
		{46ECC6B2-E351-49CB-9094-B9F81E65D62B}.Release|iPhoneSimulator.Build.0 = Release|Any CPU
		{46ECC6B2-E351-49CB-9094-B9F81E65D62B}.Release|x64.ActiveCfg = Release|Any CPU
		{46ECC6B2-E351-49CB-9094-B9F81E65D62B}.Release|x64.Build.0 = Release|Any CPU
		{46ECC6B2-E351-49CB-9094-B9F81E65D62B}.Release|x86.ActiveCfg = Release|Any CPU
		{46ECC6B2-E351-49CB-9094-B9F81E65D62B}.Release|x86.Build.0 = Release|Any CPU
	EndGlobalSection
	GlobalSection(SolutionProperties) = preSolution
		HideSolutionNode = FALSE
	EndGlobalSection
	GlobalSection(NestedProjects) = preSolution
		{22A07EB2-22C5-4E59-BD74-4822C5B627B4} = {DC165533-038F-4D71-9BA1-44CF254E116F}
		{4FFC2EC0-FC61-4DAB-93A1-6E13BCF6F8F4} = {3D5204AD-4778-4823-90B2-DA7B3798AD95}
		{C4F6CBDA-14C4-4B31-9DED-7D9451F38592} = {3D5204AD-4778-4823-90B2-DA7B3798AD95}
		{D955E77B-4D09-4DB2-9105-845C6B0945E9} = {3D5204AD-4778-4823-90B2-DA7B3798AD95}
		{2E3B9832-A18F-4E10-BC3B-0688989CA3D5} = {3D5204AD-4778-4823-90B2-DA7B3798AD95}
		{B904EE63-8524-44E7-8E6D-DC61D51B8F81} = {76F40ACE-3904-4B95-870A-CAC503B39211}
		{9A9EC980-AD32-47AE-BD57-FD4F81AAEC3F} = {3D5204AD-4778-4823-90B2-DA7B3798AD95}
		{A537A381-4F21-479F-AF57-0C039B7FCB04} = {3D5204AD-4778-4823-90B2-DA7B3798AD95}
		{C9ED619E-4A85-47B7-B1E6-0DF18E6A57A3} = {3D5204AD-4778-4823-90B2-DA7B3798AD95}
		{42519FB7-A66F-4610-BC49-32FD2872BBD7} = {3D5204AD-4778-4823-90B2-DA7B3798AD95}
		{0197E422-24D7-4B8F-80AF-A6C9EEE32C0D} = {22A07EB2-22C5-4E59-BD74-4822C5B627B4}
		{E05D071F-BBCB-41C6-A858-C0419E7FB4E7} = {22A07EB2-22C5-4E59-BD74-4822C5B627B4}
		{6588A8C5-266B-47EE-ABCF-B6EC6892C6C3} = {22A07EB2-22C5-4E59-BD74-4822C5B627B4}
		{5D498602-F6DD-4A0E-8F4F-EFD9AFAFC085} = {DC165533-038F-4D71-9BA1-44CF254E116F}
		{7ACBBFFF-CD89-4598-8512-2740A9FB0BFA} = {6588A8C5-266B-47EE-ABCF-B6EC6892C6C3}
		{D2A10299-5CCB-483D-83BE-258A7327454B} = {6588A8C5-266B-47EE-ABCF-B6EC6892C6C3}
		{2B5C5B98-9717-4FB4-90E3-568B5AE65C9F} = {3D5204AD-4778-4823-90B2-DA7B3798AD95}
		{46ECC6B2-E351-49CB-9094-B9F81E65D62B} = {3D5204AD-4778-4823-90B2-DA7B3798AD95}
	EndGlobalSection
	GlobalSection(ExtensibilityGlobals) = postSolution
		SolutionGuid = {DA107107-478F-477A-872B-787CEA7DD9B8}
	EndGlobalSection
EndGlobal
