<Solution>
  <Configurations>
    <Platform Name="Any CPU" />
    <Platform Name="iPhone" />
    <Platform Name="iPhoneSimulator" />
    <Platform Name="x64" />
    <Platform Name="x86" />
  </Configurations>
  <Folder Name="/.Solution Items/">
    <File Path="../.gitignore" />
    <File Path="../CODE_OF_CONDUCT.md" />
    <File Path="../CONTRIBUTING.md" />
    <File Path="../ISSUE_TEMPLATE.md" />
    <File Path="../LICENSE" />
    <File Path="../README.md" />
    <File Path=".editorconfig" />
    <File Path="Bit.Build.props" />
    <File Path="Clean.bat" />
    <File Path="global.json" />
  </Folder>
  <Folder Name="/Besql/">
    <Project Path="Besql/Bit.Besql/Bit.Besql.csproj" />
  </Folder>
  <Folder Name="/Besql/Demo/">
    <Project Path="Besql/Demo/Bit.Besql.Demo.Client/Bit.Besql.Demo.Client.csproj" />
    <Project Path="Besql/Demo/Bit.Besql.Demo/Bit.Besql.Demo.csproj" />
  </Folder>
  <Folder Name="/Bmotion/">
    <File Path="Bmotion/README.md" />
    <Project Path="Bmotion/Bit.Bmotion.Demo/Client/Bit.Bmotion.Demo.Client.csproj" />
    <Project Path="Bmotion/Bit.Bmotion.Demo/Server/Bit.Bmotion.Demo.Server.csproj" />
    <Project Path="Bmotion/Bit.Bmotion/Bit.Bmotion.csproj" />
    <Project Path="Bmotion/Tests/Bit.Bmotion.Tests/Bit.Bmotion.Tests.csproj" />
  </Folder>
  <Folder Name="/BlazorES2019/">
    <Project Path="BlazorES2019/Bit.BlazorES2019/Bit.BlazorES2019.csproj" />
  </Folder>
  <Folder Name="/BlazorUI/">
    <File Path="BlazorUI/Clean.bat" />
    <File Path="BlazorUI/README.md" />
    <Project Path="BlazorUI/Bit.BlazorUI/Bit.BlazorUI.csproj" />
    <Project Path="BlazorUI/Bit.BlazorUI.Assets/Bit.BlazorUI.Assets.csproj" />
    <Project Path="BlazorUI/Bit.BlazorUI.Extras/Bit.BlazorUI.Extras.csproj" />
    <Project Path="BlazorUI/Bit.BlazorUI.Icons/Bit.BlazorUI.Icons.csproj" />
    <Project Path="BlazorUI/Bit.BlazorUI.Legacy/Bit.BlazorUI.Legacy.csproj" />
    <Project Path="BlazorUI/Bit.BlazorUI.SourceGenerators/Bit.BlazorUI.SourceGenerators.csproj" />
    <Project Path="BlazorUI/Tests/Bit.BlazorUI.Tests/Bit.BlazorUI.Tests.csproj" />
  </Folder>
  <Folder Name="/Bswup/">
    <File Path="Bswup/README.md" />
    <Project Path="Bswup/Bit.Bswup/Bit.Bswup.csproj" />
  </Folder>
  <Folder Name="/Bswup/Bit.Bswup.Demo/">
    <Project Path="Bswup/Bit.Bswup.Demo/Client/Bit.Bswup.Demo.Client.csproj" />
    <Project Path="Bswup/Bit.Bswup.Demo/Server/Bit.Bswup.Demo.Server.csproj" />
  </Folder>
  <Folder Name="/Bswup/Samples/">
    <Project Path="Bswup/Samples/BasicSample/Bit.Bswup.BasicSample.csproj" />
  </Folder>
  <Folder Name="/Bswup/Samples/FullSample/">
    <Project Path="Bswup/Samples/FullSample/Client/Bit.Bswup.FullSample.Client.csproj" />
    <Project Path="Bswup/Samples/FullSample/Server/Bit.Bswup.FullSample.Server.csproj" />
  </Folder>
  <Folder Name="/Brouter/">
    <Project Path="Brouter/Bit.Brouter/Bit.Brouter.csproj" />
    <Project Path="Brouter/Tests/Bit.Brouter.Tests/Bit.Brouter.Tests.csproj" />
  </Folder>
  <Folder Name="/Brouter/Samples/" />
  <Folder Name="/Brouter/Samples/Auto/">
    <Project Path="Brouter/Samples/Auto/Bit.Brouter.Samples.Auto/Bit.Brouter.Samples.Auto.csproj" />
    <Project Path="Brouter/Samples/Auto/Bit.Brouter.Samples.Auto.Client/Bit.Brouter.Samples.Auto.Client.csproj" />
  </Folder>
  <Folder Name="/Brouter/Samples/Core/">
    <Project Path="Brouter/Samples/Core/Bit.Brouter.Samples.Core.csproj" />
  </Folder>
  <Folder Name="/Brouter/Samples/Server/">
    <Project Path="Brouter/Samples/Server/Bit.Brouter.Samples.Server.csproj" />
  </Folder>
  <Folder Name="/Brouter/Samples/Wasm/">
    <Project Path="Brouter/Samples/Wasm/Bit.Brouter.Samples.Wasm/Bit.Brouter.Samples.Wasm.csproj" />
    <Project Path="Brouter/Samples/Wasm/Bit.Brouter.Samples.Wasm.Client/Bit.Brouter.Samples.Wasm.Client.csproj" />
  </Folder>
  <Folder Name="/Butil/">
    <File Path="Butil/README.md" />
    <Project Path="Butil/Bit.Butil/Bit.Butil.csproj" />
    <Project Path="Butil/Bit.Butil.Build/Bit.Butil.Build.csproj" />
  </Folder>
  <Folder Name="/Butil/Samples/">
    <Project Path="Butil/Samples/Bit.Butil.Samples.Core/Bit.Butil.Samples.Core.csproj" />
    <Project Path="Butil/Samples/Bit.Butil.Samples.Web/Bit.Butil.Samples.Web.csproj" />
  </Folder>
  <Folder Name="/CodeAnalyzers/">
    <File Path="CodeAnalyzers/README.md" />
    <Project Path="CodeAnalyzers/Bit.CodeAnalyzers/Bit.CodeAnalyzers.csproj" />
  </Folder>
  <Folder Name="/ResxTranslator/">
    <Project Path="ResxTranslator/Bit.ResxTranslator/Bit.ResxTranslator.csproj" />
  </Folder>
  <Folder Name="/SourceGenerators/">
    <File Path="SourceGenerators/README.md" />
    <Project Path="SourceGenerators/Bit.SourceGenerators/Bit.SourceGenerators.csproj" />
  </Folder>
</Solution>
