
Microsoft Visual Studio Solution File, Format Version 12.00
# Visual Studio Version 16
VisualStudioVersion = 16.0.30011.22
MinimumVisualStudioVersion = 10.0.40219.1
Project("{2150E333-8FDC-42A3-9474-1A3956D46DE8}") = "Client", "Client", "{DC165533-038F-4D71-9BA1-44CF254E116F}"
EndProject
Project("{2150E333-8FDC-42A3-9474-1A3956D46DE8}") = "Web", "Web", "{D241E16D-FC40-46BB-8B85-41E367DA135E}"
EndProject
Project("{2150E333-8FDC-42A3-9474-1A3956D46DE8}") = "Solution Items", "Solution Items", "{7B24BEC3-93BA-4789-B009-71A778ADA56F}"
	ProjectSection(SolutionItems) = preProject
		Bit.Build.props = Bit.Build.props
	EndProjectSection
EndProject
Project("{9A19103F-16F7-4668-BE54-9A1E7A4F7556}") = "Bit.Client.Web.BlazorUI", "Client\Web\Bit.Client.Web.BlazorUI\Bit.Client.Web.BlazorUI.csproj", "{1DEF8AD9-9FA7-4FB7-9161-639C82FA0732}"
EndProject
Project("{2150E333-8FDC-42A3-9474-1A3956D46DE8}") = "Playground", "Playground", "{23426B1A-CC46-4D11-B233-208A57B2BCA2}"
	ProjectSection(SolutionItems) = preProject
		Client\Web\Playground\Directory.build.props = Client\Web\Playground\Directory.build.props
		Client\Web\Playground\README.md = Client\Web\Playground\README.md
	EndProjectSection
EndProject
Project("{9A19103F-16F7-4668-BE54-9A1E7A4F7556}") = "Bit.Client.Web.BlazorUIPlayground.Api", "Client\Web\Playground\Bit.Client.Web.BlazorUIPlayground\Api\Bit.Client.Web.BlazorUIPlayground.Api.csproj", "{37563036-94C7-449B-BF26-DACB031230C1}"
EndProject
Project("{9A19103F-16F7-4668-BE54-9A1E7A4F7556}") = "Bit.Client.Web.BlazorUIPlayground.Shared", "Client\Web\Playground\Bit.Client.Web.BlazorUIPlayground\Shared\Bit.Client.Web.BlazorUIPlayground.Shared.csproj", "{DCD6EAC1-2F25-47AA-A787-979055401BBA}"
EndProject
Project("{9A19103F-16F7-4668-BE54-9A1E7A4F7556}") = "Bit.Client.Web.BlazorUIPlayground.Web", "Client\Web\Playground\Bit.Client.Web.BlazorUIPlayground\Web\Bit.Client.Web.BlazorUIPlayground.Web.csproj", "{0DEBFE06-16DD-4DE3-AFA5-2FE254F63BFC}"
EndProject
Project("{FAE04EC0-301F-11D3-BF4B-00C04F79EFBC}") = "Bit.Client.Web.BlazorUI.Tests", "Client\Web\Bit.Client.Web.BlazorUI.Tests\Bit.Client.Web.BlazorUI.Tests.csproj", "{32793226-C45A-4E30-A077-394FC3C58E3E}"
EndProject
Global
	GlobalSection(SolutionConfigurationPlatforms) = preSolution
		Debug|Any CPU = Debug|Any CPU
		Debug|iPhone = Debug|iPhone
		Debug|iPhoneSimulator = Debug|iPhoneSimulator
		Debug|x64 = Debug|x64
		Debug|x86 = Debug|x86
		Release|Any CPU = Release|Any CPU
		Release|iPhone = Release|iPhone
		Release|iPhoneSimulator = Release|iPhoneSimulator
		Release|x64 = Release|x64
		Release|x86 = Release|x86
	EndGlobalSection
	GlobalSection(ProjectConfigurationPlatforms) = postSolution
		{1DEF8AD9-9FA7-4FB7-9161-639C82FA0732}.Debug|Any CPU.ActiveCfg = Debug|Any CPU
		{1DEF8AD9-9FA7-4FB7-9161-639C82FA0732}.Debug|Any CPU.Build.0 = Debug|Any CPU
		{1DEF8AD9-9FA7-4FB7-9161-639C82FA0732}.Debug|iPhone.ActiveCfg = Debug|Any CPU
		{1DEF8AD9-9FA7-4FB7-9161-639C82FA0732}.Debug|iPhone.Build.0 = Debug|Any CPU
		{1DEF8AD9-9FA7-4FB7-9161-639C82FA0732}.Debug|iPhoneSimulator.ActiveCfg = Debug|Any CPU
		{1DEF8AD9-9FA7-4FB7-9161-639C82FA0732}.Debug|iPhoneSimulator.Build.0 = Debug|Any CPU
		{1DEF8AD9-9FA7-4FB7-9161-639C82FA0732}.Debug|x64.ActiveCfg = Debug|Any CPU
		{1DEF8AD9-9FA7-4FB7-9161-639C82FA0732}.Debug|x64.Build.0 = Debug|Any CPU
		{1DEF8AD9-9FA7-4FB7-9161-639C82FA0732}.Debug|x86.ActiveCfg = Debug|Any CPU
		{1DEF8AD9-9FA7-4FB7-9161-639C82FA0732}.Debug|x86.Build.0 = Debug|Any CPU
		{1DEF8AD9-9FA7-4FB7-9161-639C82FA0732}.Release|Any CPU.ActiveCfg = Release|Any CPU
		{1DEF8AD9-9FA7-4FB7-9161-639C82FA0732}.Release|Any CPU.Build.0 = Release|Any CPU
		{1DEF8AD9-9FA7-4FB7-9161-639C82FA0732}.Release|iPhone.ActiveCfg = Release|Any CPU
		{1DEF8AD9-9FA7-4FB7-9161-639C82FA0732}.Release|iPhone.Build.0 = Release|Any CPU
		{1DEF8AD9-9FA7-4FB7-9161-639C82FA0732}.Release|iPhoneSimulator.ActiveCfg = Release|Any CPU
		{1DEF8AD9-9FA7-4FB7-9161-639C82FA0732}.Release|iPhoneSimulator.Build.0 = Release|Any CPU
		{1DEF8AD9-9FA7-4FB7-9161-639C82FA0732}.Release|x64.ActiveCfg = Release|Any CPU
		{1DEF8AD9-9FA7-4FB7-9161-639C82FA0732}.Release|x64.Build.0 = Release|Any CPU
		{1DEF8AD9-9FA7-4FB7-9161-639C82FA0732}.Release|x86.ActiveCfg = Release|Any CPU
		{1DEF8AD9-9FA7-4FB7-9161-639C82FA0732}.Release|x86.Build.0 = Release|Any CPU
		{37563036-94C7-449B-BF26-DACB031230C1}.Debug|Any CPU.ActiveCfg = Debug|Any CPU
		{37563036-94C7-449B-BF26-DACB031230C1}.Debug|Any CPU.Build.0 = Debug|Any CPU
		{37563036-94C7-449B-BF26-DACB031230C1}.Debug|iPhone.ActiveCfg = Debug|Any CPU
		{37563036-94C7-449B-BF26-DACB031230C1}.Debug|iPhone.Build.0 = Debug|Any CPU
		{37563036-94C7-449B-BF26-DACB031230C1}.Debug|iPhoneSimulator.ActiveCfg = Debug|Any CPU
		{37563036-94C7-449B-BF26-DACB031230C1}.Debug|iPhoneSimulator.Build.0 = Debug|Any CPU
		{37563036-94C7-449B-BF26-DACB031230C1}.Debug|x64.ActiveCfg = Debug|Any CPU
		{37563036-94C7-449B-BF26-DACB031230C1}.Debug|x64.Build.0 = Debug|Any CPU
		{37563036-94C7-449B-BF26-DACB031230C1}.Debug|x86.ActiveCfg = Debug|Any CPU
		{37563036-94C7-449B-BF26-DACB031230C1}.Debug|x86.Build.0 = Debug|Any CPU
		{37563036-94C7-449B-BF26-DACB031230C1}.Release|Any CPU.ActiveCfg = Release|Any CPU
		{37563036-94C7-449B-BF26-DACB031230C1}.Release|Any CPU.Build.0 = Release|Any CPU
		{37563036-94C7-449B-BF26-DACB031230C1}.Release|iPhone.ActiveCfg = Release|Any CPU
		{37563036-94C7-449B-BF26-DACB031230C1}.Release|iPhone.Build.0 = Release|Any CPU
		{37563036-94C7-449B-BF26-DACB031230C1}.Release|iPhoneSimulator.ActiveCfg = Release|Any CPU
		{37563036-94C7-449B-BF26-DACB031230C1}.Release|iPhoneSimulator.Build.0 = Release|Any CPU
		{37563036-94C7-449B-BF26-DACB031230C1}.Release|x64.ActiveCfg = Release|Any CPU
		{37563036-94C7-449B-BF26-DACB031230C1}.Release|x64.Build.0 = Release|Any CPU
		{37563036-94C7-449B-BF26-DACB031230C1}.Release|x86.ActiveCfg = Release|Any CPU
		{37563036-94C7-449B-BF26-DACB031230C1}.Release|x86.Build.0 = Release|Any CPU
		{DCD6EAC1-2F25-47AA-A787-979055401BBA}.Debug|Any CPU.ActiveCfg = Debug|Any CPU
		{DCD6EAC1-2F25-47AA-A787-979055401BBA}.Debug|Any CPU.Build.0 = Debug|Any CPU
		{DCD6EAC1-2F25-47AA-A787-979055401BBA}.Debug|iPhone.ActiveCfg = Debug|Any CPU
		{DCD6EAC1-2F25-47AA-A787-979055401BBA}.Debug|iPhone.Build.0 = Debug|Any CPU
		{DCD6EAC1-2F25-47AA-A787-979055401BBA}.Debug|iPhoneSimulator.ActiveCfg = Debug|Any CPU
		{DCD6EAC1-2F25-47AA-A787-979055401BBA}.Debug|iPhoneSimulator.Build.0 = Debug|Any CPU
		{DCD6EAC1-2F25-47AA-A787-979055401BBA}.Debug|x64.ActiveCfg = Debug|Any CPU
		{DCD6EAC1-2F25-47AA-A787-979055401BBA}.Debug|x64.Build.0 = Debug|Any CPU
		{DCD6EAC1-2F25-47AA-A787-979055401BBA}.Debug|x86.ActiveCfg = Debug|Any CPU
		{DCD6EAC1-2F25-47AA-A787-979055401BBA}.Debug|x86.Build.0 = Debug|Any CPU
		{DCD6EAC1-2F25-47AA-A787-979055401BBA}.Release|Any CPU.ActiveCfg = Release|Any CPU
		{DCD6EAC1-2F25-47AA-A787-979055401BBA}.Release|Any CPU.Build.0 = Release|Any CPU
		{DCD6EAC1-2F25-47AA-A787-979055401BBA}.Release|iPhone.ActiveCfg = Release|Any CPU
		{DCD6EAC1-2F25-47AA-A787-979055401BBA}.Release|iPhone.Build.0 = Release|Any CPU
		{DCD6EAC1-2F25-47AA-A787-979055401BBA}.Release|iPhoneSimulator.ActiveCfg = Release|Any CPU
		{DCD6EAC1-2F25-47AA-A787-979055401BBA}.Release|iPhoneSimulator.Build.0 = Release|Any CPU
		{DCD6EAC1-2F25-47AA-A787-979055401BBA}.Release|x64.ActiveCfg = Release|Any CPU
		{DCD6EAC1-2F25-47AA-A787-979055401BBA}.Release|x64.Build.0 = Release|Any CPU
		{DCD6EAC1-2F25-47AA-A787-979055401BBA}.Release|x86.ActiveCfg = Release|Any CPU
		{DCD6EAC1-2F25-47AA-A787-979055401BBA}.Release|x86.Build.0 = Release|Any CPU
		{0DEBFE06-16DD-4DE3-AFA5-2FE254F63BFC}.Debug|Any CPU.ActiveCfg = Debug|Any CPU
		{0DEBFE06-16DD-4DE3-AFA5-2FE254F63BFC}.Debug|Any CPU.Build.0 = Debug|Any CPU
		{0DEBFE06-16DD-4DE3-AFA5-2FE254F63BFC}.Debug|iPhone.ActiveCfg = Debug|Any CPU
		{0DEBFE06-16DD-4DE3-AFA5-2FE254F63BFC}.Debug|iPhone.Build.0 = Debug|Any CPU
		{0DEBFE06-16DD-4DE3-AFA5-2FE254F63BFC}.Debug|iPhoneSimulator.ActiveCfg = Debug|Any CPU
		{0DEBFE06-16DD-4DE3-AFA5-2FE254F63BFC}.Debug|iPhoneSimulator.Build.0 = Debug|Any CPU
		{0DEBFE06-16DD-4DE3-AFA5-2FE254F63BFC}.Debug|x64.ActiveCfg = Debug|Any CPU
		{0DEBFE06-16DD-4DE3-AFA5-2FE254F63BFC}.Debug|x64.Build.0 = Debug|Any CPU
		{0DEBFE06-16DD-4DE3-AFA5-2FE254F63BFC}.Debug|x86.ActiveCfg = Debug|Any CPU
		{0DEBFE06-16DD-4DE3-AFA5-2FE254F63BFC}.Debug|x86.Build.0 = Debug|Any CPU
		{0DEBFE06-16DD-4DE3-AFA5-2FE254F63BFC}.Release|Any CPU.ActiveCfg = Release|Any CPU
		{0DEBFE06-16DD-4DE3-AFA5-2FE254F63BFC}.Release|Any CPU.Build.0 = Release|Any CPU
		{0DEBFE06-16DD-4DE3-AFA5-2FE254F63BFC}.Release|iPhone.ActiveCfg = Release|Any CPU
		{0DEBFE06-16DD-4DE3-AFA5-2FE254F63BFC}.Release|iPhone.Build.0 = Release|Any CPU
		{0DEBFE06-16DD-4DE3-AFA5-2FE254F63BFC}.Release|iPhoneSimulator.ActiveCfg = Release|Any CPU
		{0DEBFE06-16DD-4DE3-AFA5-2FE254F63BFC}.Release|iPhoneSimulator.Build.0 = Release|Any CPU
		{0DEBFE06-16DD-4DE3-AFA5-2FE254F63BFC}.Release|x64.ActiveCfg = Release|Any CPU
		{0DEBFE06-16DD-4DE3-AFA5-2FE254F63BFC}.Release|x64.Build.0 = Release|Any CPU
		{0DEBFE06-16DD-4DE3-AFA5-2FE254F63BFC}.Release|x86.ActiveCfg = Release|Any CPU
		{0DEBFE06-16DD-4DE3-AFA5-2FE254F63BFC}.Release|x86.Build.0 = Release|Any CPU
		{32793226-C45A-4E30-A077-394FC3C58E3E}.Debug|Any CPU.ActiveCfg = Debug|Any CPU
		{32793226-C45A-4E30-A077-394FC3C58E3E}.Debug|Any CPU.Build.0 = Debug|Any CPU
		{32793226-C45A-4E30-A077-394FC3C58E3E}.Debug|iPhone.ActiveCfg = Debug|Any CPU
		{32793226-C45A-4E30-A077-394FC3C58E3E}.Debug|iPhone.Build.0 = Debug|Any CPU
		{32793226-C45A-4E30-A077-394FC3C58E3E}.Debug|iPhoneSimulator.ActiveCfg = Debug|Any CPU
		{32793226-C45A-4E30-A077-394FC3C58E3E}.Debug|iPhoneSimulator.Build.0 = Debug|Any CPU
		{32793226-C45A-4E30-A077-394FC3C58E3E}.Debug|x64.ActiveCfg = Debug|Any CPU
		{32793226-C45A-4E30-A077-394FC3C58E3E}.Debug|x64.Build.0 = Debug|Any CPU
		{32793226-C45A-4E30-A077-394FC3C58E3E}.Debug|x86.ActiveCfg = Debug|Any CPU
		{32793226-C45A-4E30-A077-394FC3C58E3E}.Debug|x86.Build.0 = Debug|Any CPU
		{32793226-C45A-4E30-A077-394FC3C58E3E}.Release|Any CPU.ActiveCfg = Release|Any CPU
		{32793226-C45A-4E30-A077-394FC3C58E3E}.Release|Any CPU.Build.0 = Release|Any CPU
		{32793226-C45A-4E30-A077-394FC3C58E3E}.Release|iPhone.ActiveCfg = Release|Any CPU
		{32793226-C45A-4E30-A077-394FC3C58E3E}.Release|iPhone.Build.0 = Release|Any CPU
		{32793226-C45A-4E30-A077-394FC3C58E3E}.Release|iPhoneSimulator.ActiveCfg = Release|Any CPU
		{32793226-C45A-4E30-A077-394FC3C58E3E}.Release|iPhoneSimulator.Build.0 = Release|Any CPU
		{32793226-C45A-4E30-A077-394FC3C58E3E}.Release|x64.ActiveCfg = Release|Any CPU
		{32793226-C45A-4E30-A077-394FC3C58E3E}.Release|x64.Build.0 = Release|Any CPU
		{32793226-C45A-4E30-A077-394FC3C58E3E}.Release|x86.ActiveCfg = Release|Any CPU
		{32793226-C45A-4E30-A077-394FC3C58E3E}.Release|x86.Build.0 = Release|Any CPU
	EndGlobalSection
	GlobalSection(SolutionProperties) = preSolution
		HideSolutionNode = FALSE
	EndGlobalSection
	GlobalSection(NestedProjects) = preSolution
		{D241E16D-FC40-46BB-8B85-41E367DA135E} = {DC165533-038F-4D71-9BA1-44CF254E116F}
		{1DEF8AD9-9FA7-4FB7-9161-639C82FA0732} = {D241E16D-FC40-46BB-8B85-41E367DA135E}
		{23426B1A-CC46-4D11-B233-208A57B2BCA2} = {D241E16D-FC40-46BB-8B85-41E367DA135E}
		{37563036-94C7-449B-BF26-DACB031230C1} = {23426B1A-CC46-4D11-B233-208A57B2BCA2}
		{DCD6EAC1-2F25-47AA-A787-979055401BBA} = {23426B1A-CC46-4D11-B233-208A57B2BCA2}
		{0DEBFE06-16DD-4DE3-AFA5-2FE254F63BFC} = {23426B1A-CC46-4D11-B233-208A57B2BCA2}
		{32793226-C45A-4E30-A077-394FC3C58E3E} = {D241E16D-FC40-46BB-8B85-41E367DA135E}
	EndGlobalSection
	GlobalSection(ExtensibilityGlobals) = postSolution
		SolutionGuid = {DA107107-478F-477A-872B-787CEA7DD9B8}
	EndGlobalSection
EndGlobal
