
Microsoft Visual Studio Solution File, Format Version 12.00
# Visual Studio Version 17
VisualStudioVersion = 17.5.002.0
MinimumVisualStudioVersion = 10.0.40219.1
Project("{9A19103F-16F7-4668-BE54-9A1E7A4F7556}") = "Bit.BlazorUI.Extras", "Bit.BlazorUI.Extras.csproj", "{7D13173F-3174-4212-BE5D-545C02EA05CF}"
EndProject
Global
	GlobalSection(SolutionConfigurationPlatforms) = preSolution
		Debug|Any CPU = Debug|Any CPU
		Release|Any CPU = Release|Any CPU
	EndGlobalSection
	GlobalSection(ProjectConfigurationPlatforms) = postSolution
		{7D13173F-3174-4212-BE5D-545C02EA05CF}.Debug|Any CPU.ActiveCfg = Debug|Any CPU
		{7D13173F-3174-4212-BE5D-545C02EA05CF}.Debug|Any CPU.Build.0 = Debug|Any CPU
		{7D13173F-3174-4212-BE5D-545C02EA05CF}.Release|Any CPU.ActiveCfg = Release|Any CPU
		{7D13173F-3174-4212-BE5D-545C02EA05CF}.Release|Any CPU.Build.0 = Release|Any CPU
	EndGlobalSection
	GlobalSection(SolutionProperties) = preSolution
		HideSolutionNode = FALSE
	EndGlobalSection
	GlobalSection(ExtensibilityGlobals) = postSolution
		SolutionGuid = {9982703E-368F-4256-98E4-532473341315}
	EndGlobalSection
EndGlobal
