<Solution>
  <Folder Name="/.Solution Items/">
    <File Path="../../.gitignore" />
    <File Path="../.editorconfig" />
    <File Path="../Bit.Build.props" />
    <File Path="../global.json" />
    <File Path="README.md" />
  </Folder>
  <Folder Name="/Samples/">
    <Project Path="Samples/Bit.Butil.Samples.Core/Bit.Butil.Samples.Core.csproj" />
    <Project Path="Samples/Bit.Butil.Samples.Maui/Bit.Butil.Samples.Maui.csproj">
      <Deploy />
    </Project>
    <Project Path="Samples/Bit.Butil.Samples.Web/Bit.Butil.Samples.Web.csproj" />
  </Folder>
  <Folder Name="/Bit.Butil.Demo/">
    <Project Path="Bit.Butil.Demo/Client/Bit.Butil.Demo.Client.csproj" />
    <Project Path="Bit.Butil.Demo/Server/Bit.Butil.Demo.Server.csproj" />
  </Folder>
  <Project Path="Bit.Butil/Bit.Butil.csproj" />
</Solution>
